// !$*UTF8*$!
{
	archiveVersion = 1;
	classes = {
	};
	objectVersion = 56;
	objects = {

/* Begin PBXBuildFile section */
		651218BC298AE30D000CEE52 /* ForgotPasswordVerificationViewController.swift in Sources */ = {isa = PBXBuildFile; fileRef = 651218BB298AE30D000CEE52 /* ForgotPasswordVerificationViewController.swift */; };
		65313CDE298B08630016BE11 /* NoNavBarViewController.swift in Sources */ = {isa = PBXBuildFile; fileRef = 65313CDD298B08630016BE11 /* NoNavBarViewController.swift */; };
		653F2401298CBE7A0053C5E1 /* UIImage+.swift in Sources */ = {isa = PBXBuildFile; fileRef = 653F2400298CBE7A0053C5E1 /* UIImage+.swift */; };
		6568E0FF2988AACF001482AB /* AppDelegate.swift in Sources */ = {isa = PBXBuildFile; fileRef = 6568E0FE2988AACF001482AB /* AppDelegate.swift */; };
		6568E1012988AACF001482AB /* SceneDelegate.swift in Sources */ = {isa = PBXBuildFile; fileRef = 6568E1002988AACF001482AB /* SceneDelegate.swift */; };
		6568E1082988AACF001482AB /* Assets.xcassets in Resources */ = {isa = PBXBuildFile; fileRef = 6568E1072988AACF001482AB /* Assets.xcassets */; };
		6568E10B2988AACF001482AB /* LaunchScreen.storyboard in Resources */ = {isa = PBXBuildFile; fileRef = 6568E1092988AACF001482AB /* LaunchScreen.storyboard */; };
		6568E1142988AF50001482AB /* UIColor+.swift in Sources */ = {isa = PBXBuildFile; fileRef = 6568E1132988AF50001482AB /* UIColor+.swift */; };
		6568E1172988B860001482AB /* Login.storyboard in Resources */ = {isa = PBXBuildFile; fileRef = 6568E1162988B860001482AB /* Login.storyboard */; };
		658145A52991B13000BC9067 /* CustomTextField.swift in Sources */ = {isa = PBXBuildFile; fileRef = 658145A42991B13000BC9067 /* CustomTextField.swift */; };
		658145A72991B13C00BC9067 /* CustomTextField.xib in Resources */ = {isa = PBXBuildFile; fileRef = 658145A62991B13C00BC9067 /* CustomTextField.xib */; };
		658145AA2991B27B00BC9067 /* LPView.swift in Sources */ = {isa = PBXBuildFile; fileRef = 658145A92991B27B00BC9067 /* LPView.swift */; };
		658145AE299201C100BC9067 /* MainViewController.swift in Sources */ = {isa = PBXBuildFile; fileRef = 658145AD299201C100BC9067 /* MainViewController.swift */; };
		658145B22992047100BC9067 /* Main.storyboard in Resources */ = {isa = PBXBuildFile; fileRef = 658145B12992047100BC9067 /* Main.storyboard */; };
		6587F35B298AF37200EF5100 /* LoadingConfirmationViewController.swift in Sources */ = {isa = PBXBuildFile; fileRef = 6587F35A298AF37200EF5100 /* LoadingConfirmationViewController.swift */; };
		6587F35E298AFAB500EF5100 /* MainNavigationController.swift in Sources */ = {isa = PBXBuildFile; fileRef = 6587F35D298AFAB500EF5100 /* MainNavigationController.swift */; };
		65C28FC72988BA1D00A3BBEE /* LoginViewController.swift in Sources */ = {isa = PBXBuildFile; fileRef = 65C28FC62988BA1D00A3BBEE /* LoginViewController.swift */; };
		65C28FCC2988BB6500A3BBEE /* UIViewController+.swift in Sources */ = {isa = PBXBuildFile; fileRef = 65C28FCB2988BB6500A3BBEE /* UIViewController+.swift */; };
		65CE01112991971F00772FCA /* CreateAccountViewController.swift in Sources */ = {isa = PBXBuildFile; fileRef = 65CE01102991971F00772FCA /* CreateAccountViewController.swift */; };
		65E90FEB2988CD8000ACDC0C /* Button.swift in Sources */ = {isa = PBXBuildFile; fileRef = 65E90FEA2988CD8000ACDC0C /* Button.swift */; };
		65EBA0BE298A1E5200202C02 /* ForgotPasswordViewController.swift in Sources */ = {isa = PBXBuildFile; fileRef = 65EBA0BD298A1E5200202C02 /* ForgotPasswordViewController.swift */; };
/* End PBXBuildFile section */

/* Begin PBXFileReference section */
		651218BB298AE30D000CEE52 /* ForgotPasswordVerificationViewController.swift */ = {isa = PBXFileReference; lastKnownFileType = sourcecode.swift; path = ForgotPasswordVerificationViewController.swift; sourceTree = "<group>"; };
		65313CDD298B08630016BE11 /* NoNavBarViewController.swift */ = {isa = PBXFileReference; lastKnownFileType = sourcecode.swift; path = NoNavBarViewController.swift; sourceTree = "<group>"; };
		653F2400298CBE7A0053C5E1 /* UIImage+.swift */ = {isa = PBXFileReference; lastKnownFileType = sourcecode.swift; path = "UIImage+.swift"; sourceTree = "<group>"; };
		6568E0FB2988AACF001482AB /* MKTFY.app */ = {isa = PBXFileReference; explicitFileType = wrapper.application; includeInIndex = 0; path = MKTFY.app; sourceTree = BUILT_PRODUCTS_DIR; };
		6568E0FE2988AACF001482AB /* AppDelegate.swift */ = {isa = PBXFileReference; lastKnownFileType = sourcecode.swift; path = AppDelegate.swift; sourceTree = "<group>"; };
		6568E1002988AACF001482AB /* SceneDelegate.swift */ = {isa = PBXFileReference; lastKnownFileType = sourcecode.swift; path = SceneDelegate.swift; sourceTree = "<group>"; };
		6568E1072988AACF001482AB /* Assets.xcassets */ = {isa = PBXFileReference; lastKnownFileType = folder.assetcatalog; path = Assets.xcassets; sourceTree = "<group>"; };
		6568E10A2988AACF001482AB /* Base */ = {isa = PBXFileReference; lastKnownFileType = file.storyboard; name = Base; path = Base.lproj/LaunchScreen.storyboard; sourceTree = "<group>"; };
		6568E10C2988AACF001482AB /* Info.plist */ = {isa = PBXFileReference; lastKnownFileType = text.plist.xml; path = Info.plist; sourceTree = "<group>"; };
		6568E1132988AF50001482AB /* UIColor+.swift */ = {isa = PBXFileReference; lastKnownFileType = sourcecode.swift; path = "UIColor+.swift"; sourceTree = "<group>"; };
		6568E1162988B860001482AB /* Login.storyboard */ = {isa = PBXFileReference; lastKnownFileType = file.storyboard; path = Login.storyboard; sourceTree = "<group>"; };
		658145A42991B13000BC9067 /* CustomTextField.swift */ = {isa = PBXFileReference; lastKnownFileType = sourcecode.swift; path = CustomTextField.swift; sourceTree = "<group>"; };
		658145A62991B13C00BC9067 /* CustomTextField.xib */ = {isa = PBXFileReference; lastKnownFileType = file.xib; path = CustomTextField.xib; sourceTree = "<group>"; };
		658145A92991B27B00BC9067 /* LPView.swift */ = {isa = PBXFileReference; lastKnownFileType = sourcecode.swift; path = LPView.swift; sourceTree = "<group>"; };
		658145AD299201C100BC9067 /* MainViewController.swift */ = {isa = PBXFileReference; lastKnownFileType = sourcecode.swift; path = MainViewController.swift; sourceTree = "<group>"; };
		658145B12992047100BC9067 /* Main.storyboard */ = {isa = PBXFileReference; lastKnownFileType = file.storyboard; path = Main.storyboard; sourceTree = "<group>"; };
		6587F35A298AF37200EF5100 /* LoadingConfirmationViewController.swift */ = {isa = PBXFileReference; lastKnownFileType = sourcecode.swift; path = LoadingConfirmationViewController.swift; sourceTree = "<group>"; };
		6587F35D298AFAB500EF5100 /* MainNavigationController.swift */ = {isa = PBXFileReference; lastKnownFileType = sourcecode.swift; path = MainNavigationController.swift; sourceTree = "<group>"; };
		65C28FC62988BA1D00A3BBEE /* LoginViewController.swift */ = {isa = PBXFileReference; lastKnownFileType = sourcecode.swift; path = LoginViewController.swift; sourceTree = "<group>"; };
		65C28FCB2988BB6500A3BBEE /* UIViewController+.swift */ = {isa = PBXFileReference; lastKnownFileType = sourcecode.swift; path = "UIViewController+.swift"; sourceTree = "<group>"; };
		65CE01102991971F00772FCA /* CreateAccountViewController.swift */ = {isa = PBXFileReference; lastKnownFileType = sourcecode.swift; path = CreateAccountViewController.swift; sourceTree = "<group>"; };
		65E90FEA2988CD8000ACDC0C /* Button.swift */ = {isa = PBXFileReference; lastKnownFileType = sourcecode.swift; path = Button.swift; sourceTree = "<group>"; };
		65EBA0BD298A1E5200202C02 /* ForgotPasswordViewController.swift */ = {isa = PBXFileReference; lastKnownFileType = sourcecode.swift; path = ForgotPasswordViewController.swift; sourceTree = "<group>"; };
/* End PBXFileReference section */

/* Begin PBXFrameworksBuildPhase section */
		6568E0F82988AACF001482AB /* Frameworks */ = {
			isa = PBXFrameworksBuildPhase;
			buildActionMask = 2147483647;
			files = (
			);
			runOnlyForDeploymentPostprocessing = 0;
		};
/* End PBXFrameworksBuildPhase section */

/* Begin PBXGroup section */
		6568E0F22988AACF001482AB = {
			isa = PBXGroup;
			children = (
				6568E0FD2988AACF001482AB /* MKTFY */,
				6568E0FC2988AACF001482AB /* Products */,
			);
			sourceTree = "<group>";
		};
		6568E0FC2988AACF001482AB /* Products */ = {
			isa = PBXGroup;
			children = (
				6568E0FB2988AACF001482AB /* MKTFY.app */,
			);
			name = Products;
			sourceTree = "<group>";
		};
		6568E0FD2988AACF001482AB /* MKTFY */ = {
			isa = PBXGroup;
			children = (
				6568E1122988AF44001482AB /* Helps */,
				65E90FE92988CD5F00ACDC0C /* Views */,
				65C28FC52988BA0D00A3BBEE /* ViewControllers */,
				6568E1152988B850001482AB /* Interface */,
				6568E0FE2988AACF001482AB /* AppDelegate.swift */,
				6568E1002988AACF001482AB /* SceneDelegate.swift */,
				6568E1072988AACF001482AB /* Assets.xcassets */,
				6568E1092988AACF001482AB /* LaunchScreen.storyboard */,
				6568E10C2988AACF001482AB /* Info.plist */,
			);
			path = MKTFY;
			sourceTree = "<group>";
		};
		6568E1122988AF44001482AB /* Helps */ = {
			isa = PBXGroup;
			children = (
				6568E1132988AF50001482AB /* UIColor+.swift */,
				65C28FCB2988BB6500A3BBEE /* UIViewController+.swift */,
				653F2400298CBE7A0053C5E1 /* UIImage+.swift */,
			);
			path = Helps;
			sourceTree = "<group>";
		};
		6568E1152988B850001482AB /* Interface */ = {
			isa = PBXGroup;
			children = (
				6568E1162988B860001482AB /* Login.storyboard */,
				658145B12992047100BC9067 /* Main.storyboard */,
			);
			path = Interface;
			sourceTree = "<group>";
		};
		658145A32991B12300BC9067 /* CustomTextField */ = {
			isa = PBXGroup;
			children = (
				658145A42991B13000BC9067 /* CustomTextField.swift */,
				658145A62991B13C00BC9067 /* CustomTextField.xib */,
			);
			path = CustomTextField;
			sourceTree = "<group>";
		};
		658145A82991B27300BC9067 /* Base */ = {
			isa = PBXGroup;
			children = (
				658145A92991B27B00BC9067 /* LPView.swift */,
			);
			path = Base;
			sourceTree = "<group>";
		};
		6587F35C298AFA9E00EF5100 /* MainController */ = {
			isa = PBXGroup;
			children = (
				6587F35D298AFAB500EF5100 /* MainNavigationController.swift */,
				658145AD299201C100BC9067 /* MainViewController.swift */,
			);
			path = MainController;
			sourceTree = "<group>";
		};
		65B0F499298C376200BADC72 /* LoadingViewController */ = {
			isa = PBXGroup;
			children = (
				6587F35A298AF37200EF5100 /* LoadingConfirmationViewController.swift */,
			);
			path = LoadingViewController;
			sourceTree = "<group>";
		};
		65C28FC52988BA0D00A3BBEE /* ViewControllers */ = {
			isa = PBXGroup;
			children = (
				65B0F499298C376200BADC72 /* LoadingViewController */,
				6587F35C298AFA9E00EF5100 /* MainController */,
				65C28FC62988BA1D00A3BBEE /* LoginViewController.swift */,
				65EBA0BD298A1E5200202C02 /* ForgotPasswordViewController.swift */,
				651218BB298AE30D000CEE52 /* ForgotPasswordVerificationViewController.swift */,
				65313CDD298B08630016BE11 /* NoNavBarViewController.swift */,
				65CE01102991971F00772FCA /* CreateAccountViewController.swift */,
			);
			path = ViewControllers;
			sourceTree = "<group>";
		};
		65E90FE92988CD5F00ACDC0C /* Views */ = {
			isa = PBXGroup;
			children = (
				658145A82991B27300BC9067 /* Base */,
				658145A32991B12300BC9067 /* CustomTextField */,
				65E90FEA2988CD8000ACDC0C /* Button.swift */,
			);
			path = Views;
			sourceTree = "<group>";
		};
/* End PBXGroup section */

/* Begin PBXNativeTarget section */
		6568E0FA2988AACF001482AB /* MKTFY */ = {
			isa = PBXNativeTarget;
			buildConfigurationList = 6568E10F2988AACF001482AB /* Build configuration list for PBXNativeTarget "MKTFY" */;
			buildPhases = (
				6568E0F72988AACF001482AB /* Sources */,
				6568E0F82988AACF001482AB /* Frameworks */,
				6568E0F92988AACF001482AB /* Resources */,
			);
			buildRules = (
			);
			dependencies = (
			);
			name = MKTFY;
			productName = MKTFY;
			productReference = 6568E0FB2988AACF001482AB /* MKTFY.app */;
			productType = "com.apple.product-type.application";
		};
/* End PBXNativeTarget section */

/* Begin PBXProject section */
		6568E0F32988AACF001482AB /* Project object */ = {
			isa = PBXProject;
			attributes = {
				BuildIndependentTargetsInParallel = 1;
				LastSwiftUpdateCheck = 1420;
				LastUpgradeCheck = 1420;
				TargetAttributes = {
					6568E0FA2988AACF001482AB = {
						CreatedOnToolsVersion = 14.2;
					};
				};
			};
			buildConfigurationList = 6568E0F62988AACF001482AB /* Build configuration list for PBXProject "MKTFY" */;
			compatibilityVersion = "Xcode 14.0";
			developmentRegion = en;
			hasScannedForEncodings = 0;
			knownRegions = (
				en,
				Base,
			);
			mainGroup = 6568E0F22988AACF001482AB;
			productRefGroup = 6568E0FC2988AACF001482AB /* Products */;
			projectDirPath = "";
			projectRoot = "";
			targets = (
				6568E0FA2988AACF001482AB /* MKTFY */,
			);
		};
/* End PBXProject section */

/* Begin PBXResourcesBuildPhase section */
		6568E0F92988AACF001482AB /* Resources */ = {
			isa = PBXResourcesBuildPhase;
			buildActionMask = 2147483647;
			files = (
				658145A72991B13C00BC9067 /* CustomTextField.xib in Resources */,
				658145B22992047100BC9067 /* Main.storyboard in Resources */,
				6568E10B2988AACF001482AB /* LaunchScreen.storyboard in Resources */,
				6568E1082988AACF001482AB /* Assets.xcassets in Resources */,
				6568E1172988B860001482AB /* Login.storyboard in Resources */,
			);
			runOnlyForDeploymentPostprocessing = 0;
		};
/* End PBXResourcesBuildPhase section */

/* Begin PBXSourcesBuildPhase section */
		6568E0F72988AACF001482AB /* Sources */ = {
			isa = PBXSourcesBuildPhase;
			buildActionMask = 2147483647;
			files = (
				658145A52991B13000BC9067 /* CustomTextField.swift in Sources */,
				6587F35E298AFAB500EF5100 /* MainNavigationController.swift in Sources */,
				65C28FCC2988BB6500A3BBEE /* UIViewController+.swift in Sources */,
				651218BC298AE30D000CEE52 /* ForgotPasswordVerificationViewController.swift in Sources */,
				6568E1142988AF50001482AB /* UIColor+.swift in Sources */,
				6587F35B298AF37200EF5100 /* LoadingConfirmationViewController.swift in Sources */,
				65CE01112991971F00772FCA /* CreateAccountViewController.swift in Sources */,
				658145AE299201C100BC9067 /* MainViewController.swift in Sources */,
				65E90FEB2988CD8000ACDC0C /* Button.swift in Sources */,
				6568E0FF2988AACF001482AB /* AppDelegate.swift in Sources */,
				65EBA0BE298A1E5200202C02 /* ForgotPasswordViewController.swift in Sources */,
				65C28FC72988BA1D00A3BBEE /* LoginViewController.swift in Sources */,
				653F2401298CBE7A0053C5E1 /* UIImage+.swift in Sources */,
				658145AA2991B27B00BC9067 /* LPView.swift in Sources */,
				65313CDE298B08630016BE11 /* NoNavBarViewController.swift in Sources */,
				6568E1012988AACF001482AB /* SceneDelegate.swift in Sources */,
			);
			runOnlyForDeploymentPostprocessing = 0;
		};
/* End PBXSourcesBuildPhase section */

/* Begin PBXVariantGroup section */
		6568E1092988AACF001482AB /* LaunchScreen.storyboard */ = {
			isa = PBXVariantGroup;
			children = (
				6568E10A2988AACF001482AB /* Base */,
			);
			name = LaunchScreen.storyboard;
			sourceTree = "<group>";
		};
/* End PBXVariantGroup section */

/* Begin XCBuildConfiguration section */
		6568E10D2988AACF001482AB /* Debug */ = {
			isa = XCBuildConfiguration;
			buildSettings = {
				ALWAYS_SEARCH_USER_PATHS = NO;
				CLANG_ANALYZER_NONNULL = YES;
				CLANG_ANALYZER_NUMBER_OBJECT_CONVERSION = YES_AGGRESSIVE;
				CLANG_CXX_LANGUAGE_STANDARD = "gnu++20";
				CLANG_ENABLE_MODULES = YES;
				CLANG_ENABLE_OBJC_ARC = YES;
				CLANG_ENABLE_OBJC_WEAK = YES;
				CLANG_WARN_BLOCK_CAPTURE_AUTORELEASING = YES;
				CLANG_WARN_BOOL_CONVERSION = YES;
				CLANG_WARN_COMMA = YES;
				CLANG_WARN_CONSTANT_CONVERSION = YES;
				CLANG_WARN_DEPRECATED_OBJC_IMPLEMENTATIONS = YES;
				CLANG_WARN_DIRECT_OBJC_ISA_USAGE = YES_ERROR;
				CLANG_WARN_DOCUMENTATION_COMMENTS = YES;
				CLANG_WARN_EMPTY_BODY = YES;
				CLANG_WARN_ENUM_CONVERSION = YES;
				CLANG_WARN_INFINITE_RECURSION = YES;
				CLANG_WARN_INT_CONVERSION = YES;
				CLANG_WARN_NON_LITERAL_NULL_CONVERSION = YES;
				CLANG_WARN_OBJC_IMPLICIT_RETAIN_SELF = YES;
				CLANG_WARN_OBJC_LITERAL_CONVERSION = YES;
				CLANG_WARN_OBJC_ROOT_CLASS = YES_ERROR;
				CLANG_WARN_QUOTED_INCLUDE_IN_FRAMEWORK_HEADER = YES;
				CLANG_WARN_RANGE_LOOP_ANALYSIS = YES;
				CLANG_WARN_STRICT_PROTOTYPES = YES;
				CLANG_WARN_SUSPICIOUS_MOVE = YES;
				CLANG_WARN_UNGUARDED_AVAILABILITY = YES_AGGRESSIVE;
				CLANG_WARN_UNREACHABLE_CODE = YES;
				CLANG_WARN__DUPLICATE_METHOD_MATCH = YES;
				COPY_PHASE_STRIP = NO;
				DEBUG_INFORMATION_FORMAT = dwarf;
				ENABLE_STRICT_OBJC_MSGSEND = YES;
				ENABLE_TESTABILITY = YES;
				GCC_C_LANGUAGE_STANDARD = gnu11;
				GCC_DYNAMIC_NO_PIC = NO;
				GCC_NO_COMMON_BLOCKS = YES;
				GCC_OPTIMIZATION_LEVEL = 0;
				GCC_PREPROCESSOR_DEFINITIONS = (
					"DEBUG=1",
					"$(inherited)",
				);
				GCC_WARN_64_TO_32_BIT_CONVERSION = YES;
				GCC_WARN_ABOUT_RETURN_TYPE = YES_ERROR;
				GCC_WARN_UNDECLARED_SELECTOR = YES;
				GCC_WARN_UNINITIALIZED_AUTOS = YES_AGGRESSIVE;
				GCC_WARN_UNUSED_FUNCTION = YES;
				GCC_WARN_UNUSED_VARIABLE = YES;
				IPHONEOS_DEPLOYMENT_TARGET = 16.2;
				MTL_ENABLE_DEBUG_INFO = INCLUDE_SOURCE;
				MTL_FAST_MATH = YES;
				ONLY_ACTIVE_ARCH = YES;
				SDKROOT = iphoneos;
				SWIFT_ACTIVE_COMPILATION_CONDITIONS = DEBUG;
				SWIFT_OPTIMIZATION_LEVEL = "-Onone";
			};
			name = Debug;
		};
		6568E10E2988AACF001482AB /* Release */ = {
			isa = XCBuildConfiguration;
			buildSettings = {
				ALWAYS_SEARCH_USER_PATHS = NO;
				CLANG_ANALYZER_NONNULL = YES;
				CLANG_ANALYZER_NUMBER_OBJECT_CONVERSION = YES_AGGRESSIVE;
				CLANG_CXX_LANGUAGE_STANDARD = "gnu++20";
				CLANG_ENABLE_MODULES = YES;
				CLANG_ENABLE_OBJC_ARC = YES;
				CLANG_ENABLE_OBJC_WEAK = YES;
				CLANG_WARN_BLOCK_CAPTURE_AUTORELEASING = YES;
				CLANG_WARN_BOOL_CONVERSION = YES;
				CLANG_WARN_COMMA = YES;
				CLANG_WARN_CONSTANT_CONVERSION = YES;
				CLANG_WARN_DEPRECATED_OBJC_IMPLEMENTATIONS = YES;
				CLANG_WARN_DIRECT_OBJC_ISA_USAGE = YES_ERROR;
				CLANG_WARN_DOCUMENTATION_COMMENTS = YES;
				CLANG_WARN_EMPTY_BODY = YES;
				CLANG_WARN_ENUM_CONVERSION = YES;
				CLANG_WARN_INFINITE_RECURSION = YES;
				CLANG_WARN_INT_CONVERSION = YES;
				CLANG_WARN_NON_LITERAL_NULL_CONVERSION = YES;
				CLANG_WARN_OBJC_IMPLICIT_RETAIN_SELF = YES;
				CLANG_WARN_OBJC_LITERAL_CONVERSION = YES;
				CLANG_WARN_OBJC_ROOT_CLASS = YES_ERROR;
				CLANG_WARN_QUOTED_INCLUDE_IN_FRAMEWORK_HEADER = YES;
				CLANG_WARN_RANGE_LOOP_ANALYSIS = YES;
				CLANG_WARN_STRICT_PROTOTYPES = YES;
				CLANG_WARN_SUSPICIOUS_MOVE = YES;
				CLANG_WARN_UNGUARDED_AVAILABILITY = YES_AGGRESSIVE;
				CLANG_WARN_UNREACHABLE_CODE = YES;
				CLANG_WARN__DUPLICATE_METHOD_MATCH = YES;
				COPY_PHASE_STRIP = NO;
				DEBUG_INFORMATION_FORMAT = "dwarf-with-dsym";
				ENABLE_NS_ASSERTIONS = NO;
				ENABLE_STRICT_OBJC_MSGSEND = YES;
				GCC_C_LANGUAGE_STANDARD = gnu11;
				GCC_NO_COMMON_BLOCKS = YES;
				GCC_WARN_64_TO_32_BIT_CONVERSION = YES;
				GCC_WARN_ABOUT_RETURN_TYPE = YES_ERROR;
				GCC_WARN_UNDECLARED_SELECTOR = YES;
				GCC_WARN_UNINITIALIZED_AUTOS = YES_AGGRESSIVE;
				GCC_WARN_UNUSED_FUNCTION = YES;
				GCC_WARN_UNUSED_VARIABLE = YES;
				IPHONEOS_DEPLOYMENT_TARGET = 16.2;
				MTL_ENABLE_DEBUG_INFO = NO;
				MTL_FAST_MATH = YES;
				SDKROOT = iphoneos;
				SWIFT_COMPILATION_MODE = wholemodule;
				SWIFT_OPTIMIZATION_LEVEL = "-O";
				VALIDATE_PRODUCT = YES;
			};
			name = Release;
		};
		6568E1102988AACF001482AB /* Debug */ = {
			isa = XCBuildConfiguration;
			buildSettings = {
				ASSETCATALOG_COMPILER_APPICON_NAME = AppIcon;
				ASSETCATALOG_COMPILER_GLOBAL_ACCENT_COLOR_NAME = AccentColor;
				CODE_SIGN_STYLE = Automatic;
				CURRENT_PROJECT_VERSION = 1;
				DEVELOPMENT_TEAM = U7J6A6CHGG;
				GENERATE_INFOPLIST_FILE = YES;
				INFOPLIST_FILE = MKTFY/Info.plist;
				INFOPLIST_KEY_UIApplicationSupportsIndirectInputEvents = YES;
				INFOPLIST_KEY_UILaunchStoryboardName = LaunchScreen;
				INFOPLIST_KEY_UIMainStoryboardFile = Main;
				INFOPLIST_KEY_UISupportedInterfaceOrientations_iPad = "UIInterfaceOrientationPortrait UIInterfaceOrientationPortraitUpsideDown UIInterfaceOrientationLandscapeLeft UIInterfaceOrientationLandscapeRight";
				INFOPLIST_KEY_UISupportedInterfaceOrientations_iPhone = "UIInterfaceOrientationPortrait UIInterfaceOrientationLandscapeLeft UIInterfaceOrientationLandscapeRight";
				LD_RUNPATH_SEARCH_PATHS = (
					"$(inherited)",
					"@executable_path/Frameworks",
				);
				MARKETING_VERSION = 1.0;
				PRODUCT_BUNDLE_IDENTIFIER = derekkim.MKTFY;
				PRODUCT_NAME = "$(TARGET_NAME)";
				SWIFT_EMIT_LOC_STRINGS = YES;
				SWIFT_VERSION = 5.0;
				TARGETED_DEVICE_FAMILY = "1,2";
			};
			name = Debug;
		};
		6568E1112988AACF001482AB /* Release */ = {
			isa = XCBuildConfiguration;
			buildSettings = {
				ASSETCATALOG_COMPILER_APPICON_NAME = AppIcon;
				ASSETCATALOG_COMPILER_GLOBAL_ACCENT_COLOR_NAME = AccentColor;
				CODE_SIGN_STYLE = Automatic;
				CURRENT_PROJECT_VERSION = 1;
				DEVELOPMENT_TEAM = U7J6A6CHGG;
				GENERATE_INFOPLIST_FILE = YES;
				INFOPLIST_FILE = MKTFY/Info.plist;
				INFOPLIST_KEY_UIApplicationSupportsIndirectInputEvents = YES;
				INFOPLIST_KEY_UILaunchStoryboardName = LaunchScreen;
				INFOPLIST_KEY_UIMainStoryboardFile = Main;
				INFOPLIST_KEY_UISupportedInterfaceOrientations_iPad = "UIInterfaceOrientationPortrait UIInterfaceOrientationPortraitUpsideDown UIInterfaceOrientationLandscapeLeft UIInterfaceOrientationLandscapeRight";
				INFOPLIST_KEY_UISupportedInterfaceOrientations_iPhone = "UIInterfaceOrientationPortrait UIInterfaceOrientationLandscapeLeft UIInterfaceOrientationLandscapeRight";
				LD_RUNPATH_SEARCH_PATHS = (
					"$(inherited)",
					"@executable_path/Frameworks",
				);
				MARKETING_VERSION = 1.0;
				PRODUCT_BUNDLE_IDENTIFIER = derekkim.MKTFY;
				PRODUCT_NAME = "$(TARGET_NAME)";
				SWIFT_EMIT_LOC_STRINGS = YES;
				SWIFT_VERSION = 5.0;
				TARGETED_DEVICE_FAMILY = "1,2";
			};
			name = Release;
		};
/* End XCBuildConfiguration section */

/* Begin XCConfigurationList section */
		6568E0F62988AACF001482AB /* Build configuration list for PBXProject "MKTFY" */ = {
			isa = XCConfigurationList;
			buildConfigurations = (
				6568E10D2988AACF001482AB /* Debug */,
				6568E10E2988AACF001482AB /* Release */,
			);
			defaultConfigurationIsVisible = 0;
			defaultConfigurationName = Release;
		};
		6568E10F2988AACF001482AB /* Build configuration list for PBXNativeTarget "MKTFY" */ = {
			isa = XCConfigurationList;
			buildConfigurations = (
				6568E1102988AACF001482AB /* Debug */,
				6568E1112988AACF001482AB /* Release */,
			);
			defaultConfigurationIsVisible = 0;
			defaultConfigurationName = Release;
		};
/* End XCConfigurationList section */
	};
	rootObject = 6568E0F32988AACF001482AB /* Project object */;
}
