// !$*UTF8*$!
{
	archiveVersion = 1;
	classes = {
	};
	objectVersion = 56;
	objects = {

/* Begin PBXBuildFile section */
		6500C7ED29AD1963008EBA01 /* SecureTextFieldWithLabel.xib in Resources */ = {isa = PBXBuildFile; fileRef = 6500C7EC29AD1963008EBA01 /* SecureTextFieldWithLabel.xib */; };
		6502B4E529E1372600CFA8C9 /* GetFAQEndpoint.swift in Sources */ = {isa = PBXBuildFile; fileRef = 6502B4E429E1372600CFA8C9 /* GetFAQEndpoint.swift */; };
		6502B4E729E1372F00CFA8C9 /* GetSpecificFAQEndpoint.swift in Sources */ = {isa = PBXBuildFile; fileRef = 6502B4E629E1372F00CFA8C9 /* GetSpecificFAQEndpoint.swift */; };
		6502B4E929E1389A00CFA8C9 /* FAQResponse.swift in Sources */ = {isa = PBXBuildFile; fileRef = 6502B4E829E1389900CFA8C9 /* FAQResponse.swift */; };
		6502B4EB29E13BA000CFA8C9 /* GetAllListingEndpoint.swift in Sources */ = {isa = PBXBuildFile; fileRef = 6502B4EA29E13BA000CFA8C9 /* GetAllListingEndpoint.swift */; };
		6502B4ED29E13DA500CFA8C9 /* GetListingByCategoryEndpoint.swift in Sources */ = {isa = PBXBuildFile; fileRef = 6502B4EC29E13DA500CFA8C9 /* GetListingByCategoryEndpoint.swift */; };
		6506DA7029CA398400038AF8 /* DKFloatingButton.swift in Sources */ = {isa = PBXBuildFile; fileRef = 6506DA6F29CA398400038AF8 /* DKFloatingButton.swift */; };
		6506DA7229CA45F800038AF8 /* Notification.swift in Sources */ = {isa = PBXBuildFile; fileRef = 6506DA7129CA45F800038AF8 /* Notification.swift */; };
		6506DA7529CA54B300038AF8 /* NotificationTableViewCell.swift in Sources */ = {isa = PBXBuildFile; fileRef = 6506DA7329CA54B300038AF8 /* NotificationTableViewCell.swift */; };
		6506DA7629CA54B300038AF8 /* NotificationTableViewCell.xib in Resources */ = {isa = PBXBuildFile; fileRef = 6506DA7429CA54B300038AF8 /* NotificationTableViewCell.xib */; };
		650D634729E471B200F2B0E1 /* ProductDetailsViewController.swift in Sources */ = {isa = PBXBuildFile; fileRef = 650D634629E471B200F2B0E1 /* ProductDetailsViewController.swift */; };
		650D634929E4722200F2B0E1 /* GetListingByIDEndpoint.swift in Sources */ = {isa = PBXBuildFile; fileRef = 650D634829E4722200F2B0E1 /* GetListingByIDEndpoint.swift */; };
		650F3E9F29D9267F00111E8F /* UserListingEndpoint.swift in Sources */ = {isa = PBXBuildFile; fileRef = 650F3E9E29D9267F00111E8F /* UserListingEndpoint.swift */; };
		650F3EA229D9323B00111E8F /* UserPurchasesEndpoint.swift in Sources */ = {isa = PBXBuildFile; fileRef = 650F3EA129D9323B00111E8F /* UserPurchasesEndpoint.swift */; };
		651218BC298AE30D000CEE52 /* ForgotPasswordVerificationViewController.swift in Sources */ = {isa = PBXBuildFile; fileRef = 651218BB298AE30D000CEE52 /* ForgotPasswordVerificationViewController.swift */; };
		6512531D29DE8CA900E592FC /* CreateListingEndpoint.swift in Sources */ = {isa = PBXBuildFile; fileRef = 6512531C29DE8CA900E592FC /* CreateListingEndpoint.swift */; };
		6512531F29DE8D8800E592FC /* ListingResponse.swift in Sources */ = {isa = PBXBuildFile; fileRef = 6512531E29DE8D8800E592FC /* ListingResponse.swift */; };
		6512532229DF425A00E592FC /* DKCustomDropDown.swift in Sources */ = {isa = PBXBuildFile; fileRef = 6512532129DF425A00E592FC /* DKCustomDropDown.swift */; };
		6534471129E47A650056D67B /* ImageCarouselTableViewCell.swift in Sources */ = {isa = PBXBuildFile; fileRef = 6534471029E47A650056D67B /* ImageCarouselTableViewCell.swift */; };
		6534471329E47AE00056D67B /* ImageCollectionViewCell.swift in Sources */ = {isa = PBXBuildFile; fileRef = 6534471229E47AE00056D67B /* ImageCollectionViewCell.swift */; };
		6534471729E516610056D67B /* DropDownHelper.swift in Sources */ = {isa = PBXBuildFile; fileRef = 6534471629E516610056D67B /* DropDownHelper.swift */; };
		6534471A29E533B90056D67B /* ProductNameTableViewCell.swift in Sources */ = {isa = PBXBuildFile; fileRef = 6534471929E533B90056D67B /* ProductNameTableViewCell.swift */; };
		6534471C29E535C20056D67B /* PriceTableViewCell.swift in Sources */ = {isa = PBXBuildFile; fileRef = 6534471B29E535C20056D67B /* PriceTableViewCell.swift */; };
		6534471E29E537E80056D67B /* ButtonTableViewCell.swift in Sources */ = {isa = PBXBuildFile; fileRef = 6534471D29E537E80056D67B /* ButtonTableViewCell.swift */; };
		6534472029E539BD0056D67B /* DetailsLabelTableViewCell.swift in Sources */ = {isa = PBXBuildFile; fileRef = 6534471F29E539BD0056D67B /* DetailsLabelTableViewCell.swift */; };
		6534472229E53DCF0056D67B /* DescriptionTableViewCell.swift in Sources */ = {isa = PBXBuildFile; fileRef = 6534472129E53DCE0056D67B /* DescriptionTableViewCell.swift */; };
		6534472429E628D30056D67B /* ConditionTableViewCell.swift in Sources */ = {isa = PBXBuildFile; fileRef = 6534472329E628D30056D67B /* ConditionTableViewCell.swift */; };
		6534472729E62FE50056D67B /* SellerProfileTableViewCell.swift in Sources */ = {isa = PBXBuildFile; fileRef = 6534472529E62FE50056D67B /* SellerProfileTableViewCell.swift */; };
		6534472829E62FE50056D67B /* SellerProfileTableViewCell.xib in Resources */ = {isa = PBXBuildFile; fileRef = 6534472629E62FE50056D67B /* SellerProfileTableViewCell.xib */; };
		65385B5A29DCBF160030B558 /* PhotoCell.swift in Sources */ = {isa = PBXBuildFile; fileRef = 65385B5929DCBF160030B558 /* PhotoCell.swift */; };
		6538FB7629E0C3390004A152 /* AuthModel.swift in Sources */ = {isa = PBXBuildFile; fileRef = 6538FB7529E0C3390004A152 /* AuthModel.swift */; };
		6538FB7A29E0C3E70004A152 /* ProductModels.swift in Sources */ = {isa = PBXBuildFile; fileRef = 6538FB7929E0C3E70004A152 /* ProductModels.swift */; };
		653F2401298CBE7A0053C5E1 /* UIImage+.swift in Sources */ = {isa = PBXBuildFile; fileRef = 653F2400298CBE7A0053C5E1 /* UIImage+.swift */; };
		6543315129C230D3008D7728 /* DKCustomAlertViewController.swift in Sources */ = {isa = PBXBuildFile; fileRef = 6543314F29C230D3008D7728 /* DKCustomAlertViewController.swift */; };
		654444C129AD5FD500E61F69 /* Coordinator.swift in Sources */ = {isa = PBXBuildFile; fileRef = 654444C029AD5FD500E61F69 /* Coordinator.swift */; };
		654444C329AD60E300E61F69 /* MainCoordinator.swift in Sources */ = {isa = PBXBuildFile; fileRef = 654444C229AD60E300E61F69 /* MainCoordinator.swift */; };
		654444C529AD63C900E61F69 /* LoginStoryboard.swift in Sources */ = {isa = PBXBuildFile; fileRef = 654444C429AD63C900E61F69 /* LoginStoryboard.swift */; };
		654444C729AF07BD00E61F69 /* Constant.swift in Sources */ = {isa = PBXBuildFile; fileRef = 654444C629AF07BD00E61F69 /* Constant.swift */; };
		654444C929AF18DC00E61F69 /* Auth0Error.swift in Sources */ = {isa = PBXBuildFile; fileRef = 654444C829AF18DC00E61F69 /* Auth0Error.swift */; };
		654444CB29AF1F3E00E61F69 /* DashboardStoryboard.swift in Sources */ = {isa = PBXBuildFile; fileRef = 654444CA29AF1F3E00E61F69 /* DashboardStoryboard.swift */; };
		654444D229AFBF5D00E61F69 /* TermsOfServiceViewController.swift in Sources */ = {isa = PBXBuildFile; fileRef = 654444D129AFBF5D00E61F69 /* TermsOfServiceViewController.swift */; };
		654444D429AFBF7700E61F69 /* PrivacyPolicyViewController.swift in Sources */ = {isa = PBXBuildFile; fileRef = 654444D329AFBF7700E61F69 /* PrivacyPolicyViewController.swift */; };
		65449AA829BFB63800E13CF8 /* LPCollectionViewLayout.swift in Sources */ = {isa = PBXBuildFile; fileRef = 65449AA729BFB63800E13CF8 /* LPCollectionViewLayout.swift */; };
		6547D4D42992E0EB00701044 /* SecureTextField.xib in Resources */ = {isa = PBXBuildFile; fileRef = 6547D4D32992E0EB00701044 /* SecureTextField.xib */; };
		6547D4D62992E0F700701044 /* SecureTextField.swift in Sources */ = {isa = PBXBuildFile; fileRef = 6547D4D52992E0F700701044 /* SecureTextField.swift */; };
		6549E05F29E6632100FFE871 /* CheckoutViewController.swift in Sources */ = {isa = PBXBuildFile; fileRef = 6549E05E29E6632100FFE871 /* CheckoutViewController.swift */; };
		6549E06329E665A600FFE871 /* CheckoutTableViewCell.swift in Sources */ = {isa = PBXBuildFile; fileRef = 6549E06129E665A600FFE871 /* CheckoutTableViewCell.swift */; };
		6549E06429E665A600FFE871 /* CheckoutTableViewCell.xib in Resources */ = {isa = PBXBuildFile; fileRef = 6549E06229E665A600FFE871 /* CheckoutTableViewCell.xib */; };
		6549E06929E6785E00FFE871 /* PurchaseListingEndpoint.swift in Sources */ = {isa = PBXBuildFile; fileRef = 6549E06829E6785E00FFE871 /* PurchaseListingEndpoint.swift */; };
		655365C429DCAFAB00D7592D /* CreateListingViewController.swift in Sources */ = {isa = PBXBuildFile; fileRef = 655365C329DCAFAB00D7592D /* CreateListingViewController.swift */; };
		65613AEF29A56DD30002B90F /* DashboardViewController.swift in Sources */ = {isa = PBXBuildFile; fileRef = 65613AEE29A56DD30002B90F /* DashboardViewController.swift */; };
		65613B1129A5E04A0002B90F /* Dashboard.storyboard in Resources */ = {isa = PBXBuildFile; fileRef = 65613B1029A5E04A0002B90F /* Dashboard.storyboard */; };
		65629A4929CAC5E20056F748 /* ListingViewTableViewCell.swift in Sources */ = {isa = PBXBuildFile; fileRef = 65629A4729CAC5E20056F748 /* ListingViewTableViewCell.swift */; };
		65629A4A29CAC5E20056F748 /* ListingViewTableViewCell.xib in Resources */ = {isa = PBXBuildFile; fileRef = 65629A4829CAC5E20056F748 /* ListingViewTableViewCell.xib */; };
		65629A4C29CB6A1E0056F748 /* Purchases.swift in Sources */ = {isa = PBXBuildFile; fileRef = 65629A4B29CB6A1E0056F748 /* Purchases.swift */; };
		6568E0FF2988AACF001482AB /* AppDelegate.swift in Sources */ = {isa = PBXBuildFile; fileRef = 6568E0FE2988AACF001482AB /* AppDelegate.swift */; };
		6568E1012988AACF001482AB /* SceneDelegate.swift in Sources */ = {isa = PBXBuildFile; fileRef = 6568E1002988AACF001482AB /* SceneDelegate.swift */; };
		6568E1082988AACF001482AB /* Assets.xcassets in Resources */ = {isa = PBXBuildFile; fileRef = 6568E1072988AACF001482AB /* Assets.xcassets */; };
		6568E10B2988AACF001482AB /* LaunchScreen.storyboard in Resources */ = {isa = PBXBuildFile; fileRef = 6568E1092988AACF001482AB /* LaunchScreen.storyboard */; };
		6568E1142988AF50001482AB /* UIColor+.swift in Sources */ = {isa = PBXBuildFile; fileRef = 6568E1132988AF50001482AB /* UIColor+.swift */; };
		6568E1172988B860001482AB /* Login.storyboard in Resources */ = {isa = PBXBuildFile; fileRef = 6568E1162988B860001482AB /* Login.storyboard */; };
		656F3C4829C6CB6300DFAAEC /* ContactUsViewController.swift in Sources */ = {isa = PBXBuildFile; fileRef = 656F3C4729C6CB6300DFAAEC /* ContactUsViewController.swift */; };
		656F3C4A29C8282400DFAAEC /* NotificationViewController.swift in Sources */ = {isa = PBXBuildFile; fileRef = 656F3C4929C8282400DFAAEC /* NotificationViewController.swift */; };
		656F3C4C29C8298700DFAAEC /* ChangePasswordViewController.swift in Sources */ = {isa = PBXBuildFile; fileRef = 656F3C4B29C8298700DFAAEC /* ChangePasswordViewController.swift */; };
		656F3C4E29C829B100DFAAEC /* MyPurchasesViewController.swift in Sources */ = {isa = PBXBuildFile; fileRef = 656F3C4D29C829B100DFAAEC /* MyPurchasesViewController.swift */; };
		656F3C5029C829CA00DFAAEC /* MyListingViewController.swift in Sources */ = {isa = PBXBuildFile; fileRef = 656F3C4F29C829CA00DFAAEC /* MyListingViewController.swift */; };
		658145A52991B13000BC9067 /* TextFieldWithError.swift in Sources */ = {isa = PBXBuildFile; fileRef = 658145A42991B13000BC9067 /* TextFieldWithError.swift */; };
		658145A72991B13C00BC9067 /* TextFieldWithError.xib in Resources */ = {isa = PBXBuildFile; fileRef = 658145A62991B13C00BC9067 /* TextFieldWithError.xib */; };
		658145AA2991B27B00BC9067 /* LPView.swift in Sources */ = {isa = PBXBuildFile; fileRef = 658145A92991B27B00BC9067 /* LPView.swift */; };
		658145AE299201C100BC9067 /* MainViewController.swift in Sources */ = {isa = PBXBuildFile; fileRef = 658145AD299201C100BC9067 /* MainViewController.swift */; };
		658145B22992047100BC9067 /* Main.storyboard in Resources */ = {isa = PBXBuildFile; fileRef = 658145B12992047100BC9067 /* Main.storyboard */; };
		6584B28329C6595200E3AD7E /* UserModels.swift in Sources */ = {isa = PBXBuildFile; fileRef = 6584B28229C6595200E3AD7E /* UserModels.swift */; };
		6584B28529C6A48B00E3AD7E /* FAQViewController.swift in Sources */ = {isa = PBXBuildFile; fileRef = 6584B28429C6A48B00E3AD7E /* FAQViewController.swift */; };
		6584B28829C6AB4300E3AD7E /* FAQ1ViewController.swift in Sources */ = {isa = PBXBuildFile; fileRef = 6584B28729C6AB4300E3AD7E /* FAQ1ViewController.swift */; };
		6587F35B298AF37200EF5100 /* LoadingConfirmationViewController.swift in Sources */ = {isa = PBXBuildFile; fileRef = 6587F35A298AF37200EF5100 /* LoadingConfirmationViewController.swift */; };
		6597D0C92992C3AF00485932 /* OpenSans-SemiBold.ttf in Resources */ = {isa = PBXBuildFile; fileRef = 6597D0BD2992C3AF00485932 /* OpenSans-SemiBold.ttf */; };
		6597D0CA2992C3AF00485932 /* OpenSans-Light.ttf in Resources */ = {isa = PBXBuildFile; fileRef = 6597D0BE2992C3AF00485932 /* OpenSans-Light.ttf */; };
		6597D0CB2992C3AF00485932 /* OpenSans-Italic.ttf in Resources */ = {isa = PBXBuildFile; fileRef = 6597D0BF2992C3AF00485932 /* OpenSans-Italic.ttf */; };
		6597D0CC2992C3AF00485932 /* OpenSans-MediumItalic.ttf in Resources */ = {isa = PBXBuildFile; fileRef = 6597D0C02992C3AF00485932 /* OpenSans-MediumItalic.ttf */; };
		6597D0CD2992C3AF00485932 /* OpenSans-ExtraBold.ttf in Resources */ = {isa = PBXBuildFile; fileRef = 6597D0C12992C3AF00485932 /* OpenSans-ExtraBold.ttf */; };
		6597D0CE2992C3AF00485932 /* OpenSans-LightItalic.ttf in Resources */ = {isa = PBXBuildFile; fileRef = 6597D0C22992C3AF00485932 /* OpenSans-LightItalic.ttf */; };
		6597D0CF2992C3AF00485932 /* OpenSans-Bold.ttf in Resources */ = {isa = PBXBuildFile; fileRef = 6597D0C32992C3AF00485932 /* OpenSans-Bold.ttf */; };
		6597D0D02992C3AF00485932 /* OpenSans-SemiBoldItalic.ttf in Resources */ = {isa = PBXBuildFile; fileRef = 6597D0C42992C3AF00485932 /* OpenSans-SemiBoldItalic.ttf */; };
		6597D0D12992C3AF00485932 /* OpenSans-Medium.ttf in Resources */ = {isa = PBXBuildFile; fileRef = 6597D0C52992C3AF00485932 /* OpenSans-Medium.ttf */; };
		6597D0D22992C3AF00485932 /* OpenSans-ExtraBoldItalic.ttf in Resources */ = {isa = PBXBuildFile; fileRef = 6597D0C62992C3AF00485932 /* OpenSans-ExtraBoldItalic.ttf */; };
		6597D0D32992C3AF00485932 /* OpenSans-Regular.ttf in Resources */ = {isa = PBXBuildFile; fileRef = 6597D0C72992C3AF00485932 /* OpenSans-Regular.ttf */; };
		6597D0D42992C3AF00485932 /* OpenSans-BoldItalic.ttf in Resources */ = {isa = PBXBuildFile; fileRef = 6597D0C82992C3AF00485932 /* OpenSans-BoldItalic.ttf */; };
		659DF60D29B6FC1E00FEF0F3 /* AccountInformationViewController.swift in Sources */ = {isa = PBXBuildFile; fileRef = 659DF60C29B6FC1E00FEF0F3 /* AccountInformationViewController.swift */; };
		65A646F6299C1E8000262DB8 /* CheckBox.swift in Sources */ = {isa = PBXBuildFile; fileRef = 65A646F5299C1E8000262DB8 /* CheckBox.swift */; };
		65A646F9299C854D00262DB8 /* Auth0 in Frameworks */ = {isa = PBXBuildFile; productRef = 65A646F8299C854D00262DB8 /* Auth0 */; };
		65A646FB299C85AC00262DB8 /* Auth0.plist in Resources */ = {isa = PBXBuildFile; fileRef = 65A646FA299C85AC00262DB8 /* Auth0.plist */; };
		65A951D729E284BB0007B523 /* UIImageView+.swift in Sources */ = {isa = PBXBuildFile; fileRef = 65A951D629E284BB0007B523 /* UIImageView+.swift */; };
		65AB118929DB3323007E6D05 /* Auth0Manager.swift in Sources */ = {isa = PBXBuildFile; fileRef = 65E7DE1E299D4ADE00926A1F /* Auth0Manager.swift */; };
		65AB2A6329AB083B002B3D1B /* .gitignore in Resources */ = {isa = PBXBuildFile; fileRef = 65AB2A6229AB083B002B3D1B /* .gitignore */; };
		65C28FC72988BA1D00A3BBEE /* LoginViewController.swift in Sources */ = {isa = PBXBuildFile; fileRef = 65C28FC62988BA1D00A3BBEE /* LoginViewController.swift */; };
		65C28FCC2988BB6500A3BBEE /* UIViewController+.swift in Sources */ = {isa = PBXBuildFile; fileRef = 65C28FCB2988BB6500A3BBEE /* UIViewController+.swift */; };
		65CCAFB829D76C200088338B /* NetworkManager.swift in Sources */ = {isa = PBXBuildFile; fileRef = 65CCAFB729D76C200088338B /* NetworkManager.swift */; };
		65CCAFBA29D76CCF0088338B /* HttpMethod.swift in Sources */ = {isa = PBXBuildFile; fileRef = 65CCAFB929D76CCF0088338B /* HttpMethod.swift */; };
		65CCAFBC29D76CED0088338B /* Endpoint.swift in Sources */ = {isa = PBXBuildFile; fileRef = 65CCAFBB29D76CED0088338B /* Endpoint.swift */; };
		65CCAFC229D76FF00088338B /* RegisterUserEndpoint.swift in Sources */ = {isa = PBXBuildFile; fileRef = 65CCAFC129D76FF00088338B /* RegisterUserEndpoint.swift */; };
		65CCAFC429D770530088338B /* GetUserEndpoint.swift in Sources */ = {isa = PBXBuildFile; fileRef = 65CCAFC329D770530088338B /* GetUserEndpoint.swift */; };
		65CCAFC629D770F10088338B /* UpdateUserEndpoint.swift in Sources */ = {isa = PBXBuildFile; fileRef = 65CCAFC529D770F10088338B /* UpdateUserEndpoint.swift */; };
		65CE01112991971F00772FCA /* CreateAccountViewController.swift in Sources */ = {isa = PBXBuildFile; fileRef = 65CE01102991971F00772FCA /* CreateAccountViewController.swift */; };
		65D1AF6529B45D3B00B4581D /* DashboardMenuViewController.swift in Sources */ = {isa = PBXBuildFile; fileRef = 65D1AF6429B45D3B00B4581D /* DashboardMenuViewController.swift */; };
		65D25EBC29B28D00009AA27D /* UITapGestureRecognizer+.swift in Sources */ = {isa = PBXBuildFile; fileRef = 65D25EBB29B28D00009AA27D /* UITapGestureRecognizer+.swift */; };
		65D29D562992F1B300D14140 /* UITextField+.swift in Sources */ = {isa = PBXBuildFile; fileRef = 65D29D552992F1B300D14140 /* UITextField+.swift */; };
		65D8877029DCD96300A7F408 /* DKCustomUploadImageButton.swift in Sources */ = {isa = PBXBuildFile; fileRef = 65D8876F29DCD96300A7F408 /* DKCustomUploadImageButton.swift */; };
		65D8877329DD072F00A7F408 /* CustomViewCollectionViewCell.swift in Sources */ = {isa = PBXBuildFile; fileRef = 65D8877129DD072F00A7F408 /* CustomViewCollectionViewCell.swift */; };
		65D8877629DD07CE00A7F408 /* CustomButtonCollectionViewCell.swift in Sources */ = {isa = PBXBuildFile; fileRef = 65D8877529DD07CE00A7F408 /* CustomButtonCollectionViewCell.swift */; };
		65D8877829DD07F100A7F408 /* CustomTextViewCollectionViewCell.swift in Sources */ = {isa = PBXBuildFile; fileRef = 65D8877729DD07F100A7F408 /* CustomTextViewCollectionViewCell.swift */; };
		65D8877C29DDF8B100A7F408 /* SearchEndpoint.swift in Sources */ = {isa = PBXBuildFile; fileRef = 65D8877B29DDF8B100A7F408 /* SearchEndpoint.swift */; };
		65D8878029DE07E200A7F408 /* UploadImageEndpoint.swift in Sources */ = {isa = PBXBuildFile; fileRef = 65D8877F29DE07E200A7F408 /* UploadImageEndpoint.swift */; };
		65D8878229DE109C00A7F408 /* ImageResponse.swift in Sources */ = {isa = PBXBuildFile; fileRef = 65D8878129DE109C00A7F408 /* ImageResponse.swift */; };
		65D9039829E86E4B009EB7A1 /* ChangePasswordEndpoint.swift in Sources */ = {isa = PBXBuildFile; fileRef = 65D9039729E86E4B009EB7A1 /* ChangePasswordEndpoint.swift */; };
		65DC4A3C29BFADF700DCD554 /* HeaderCollectionReusableView.swift in Sources */ = {isa = PBXBuildFile; fileRef = 65DC4A3A29BFADF700DCD554 /* HeaderCollectionReusableView.swift */; };
		65DC4A3D29BFADF800DCD554 /* HeaderCollectionReusableView.xib in Resources */ = {isa = PBXBuildFile; fileRef = 65DC4A3B29BFADF700DCD554 /* HeaderCollectionReusableView.xib */; };
		65DE1B4929BD887C00C7D3E8 /* CollectionViewItems.swift in Sources */ = {isa = PBXBuildFile; fileRef = 65DE1B4829BD887C00C7D3E8 /* CollectionViewItems.swift */; };
		65DE1B4B29BD891200C7D3E8 /* FlowLayoutViewModel.swift in Sources */ = {isa = PBXBuildFile; fileRef = 65DE1B4A29BD891200C7D3E8 /* FlowLayoutViewModel.swift */; };
		65DE1B5129BD97A900C7D3E8 /* ItemCollectionViewCell.swift in Sources */ = {isa = PBXBuildFile; fileRef = 65DE1B4F29BD97A900C7D3E8 /* ItemCollectionViewCell.swift */; };
		65DE1B5229BD97A900C7D3E8 /* ItemCollectionViewCell.xib in Resources */ = {isa = PBXBuildFile; fileRef = 65DE1B5029BD97A900C7D3E8 /* ItemCollectionViewCell.xib */; };
		65E0B3022996E48000A85CBB /* EmailVerificationSentViewController.swift in Sources */ = {isa = PBXBuildFile; fileRef = 65E0B3012996E48000A85CBB /* EmailVerificationSentViewController.swift */; };
		65E3220C29E72DBB0044C3AE /* GetListingsAndNotificationsCountsEndpoint.swift in Sources */ = {isa = PBXBuildFile; fileRef = 65E3220B29E72DBB0044C3AE /* GetListingsAndNotificationsCountsEndpoint.swift */; };
		65E3220E29E774410044C3AE /* ListingsAndNotificationsCountResponse.swift in Sources */ = {isa = PBXBuildFile; fileRef = 65E3220D29E774410044C3AE /* ListingsAndNotificationsCountResponse.swift */; };
		65E3221029E778EB0044C3AE /* UIUtility.swift in Sources */ = {isa = PBXBuildFile; fileRef = 65E3220F29E778EB0044C3AE /* UIUtility.swift */; };
		65E8A0D4299EA523009D70A0 /* String+.swift in Sources */ = {isa = PBXBuildFile; fileRef = 65E8A0D3299EA523009D70A0 /* String+.swift */; };
		65E90FEB2988CD8000ACDC0C /* LPButton.swift in Sources */ = {isa = PBXBuildFile; fileRef = 65E90FEA2988CD8000ACDC0C /* LPButton.swift */; };
		65EBA0BE298A1E5200202C02 /* ForgotPasswordViewController.swift in Sources */ = {isa = PBXBuildFile; fileRef = 65EBA0BD298A1E5200202C02 /* ForgotPasswordViewController.swift */; };
		65EE2FE129E7C0A100F7EAB2 /* PickupInformationViewController.swift in Sources */ = {isa = PBXBuildFile; fileRef = 65EE2FE029E7C0A100F7EAB2 /* PickupInformationViewController.swift */; };
		65EFDFED29C6C67A000F3E7E /* FAQ2ViewController.swift in Sources */ = {isa = PBXBuildFile; fileRef = 65EFDFEC29C6C67A000F3E7E /* FAQ2ViewController.swift */; };
		65EFDFEF29C6C694000F3E7E /* FAQ3ViewController.swift in Sources */ = {isa = PBXBuildFile; fileRef = 65EFDFEE29C6C694000F3E7E /* FAQ3ViewController.swift */; };
		65EFDFF129C6C6A6000F3E7E /* FAQ4ViewController.swift in Sources */ = {isa = PBXBuildFile; fileRef = 65EFDFF029C6C6A6000F3E7E /* FAQ4ViewController.swift */; };
		65EFDFF329C6C6B5000F3E7E /* FAQ5ViewController.swift in Sources */ = {isa = PBXBuildFile; fileRef = 65EFDFF229C6C6B5000F3E7E /* FAQ5ViewController.swift */; };
		65F102BD29E7269D006295C1 /* UIView+.swift in Sources */ = {isa = PBXBuildFile; fileRef = 65F102BC29E7269D006295C1 /* UIView+.swift */; };
		65F41E0929BBA7D500C1C08A /* CreatePasswordViewController.swift in Sources */ = {isa = PBXBuildFile; fileRef = 65F41E0829BBA7D500C1C08A /* CreatePasswordViewController.swift */; };
		65F9BF8329AD167800FADB2B /* SecureTextFieldWithLabel.swift in Sources */ = {isa = PBXBuildFile; fileRef = 65F9BF8229AD167800FADB2B /* SecureTextFieldWithLabel.swift */; };
/* End PBXBuildFile section */

/* Begin PBXFileReference section */
		6500C7EC29AD1963008EBA01 /* SecureTextFieldWithLabel.xib */ = {isa = PBXFileReference; lastKnownFileType = file.xib; path = SecureTextFieldWithLabel.xib; sourceTree = "<group>"; };
		6502B4E429E1372600CFA8C9 /* GetFAQEndpoint.swift */ = {isa = PBXFileReference; lastKnownFileType = sourcecode.swift; path = GetFAQEndpoint.swift; sourceTree = "<group>"; };
		6502B4E629E1372F00CFA8C9 /* GetSpecificFAQEndpoint.swift */ = {isa = PBXFileReference; lastKnownFileType = sourcecode.swift; path = GetSpecificFAQEndpoint.swift; sourceTree = "<group>"; };
		6502B4E829E1389900CFA8C9 /* FAQResponse.swift */ = {isa = PBXFileReference; lastKnownFileType = sourcecode.swift; path = FAQResponse.swift; sourceTree = "<group>"; };
		6502B4EA29E13BA000CFA8C9 /* GetAllListingEndpoint.swift */ = {isa = PBXFileReference; lastKnownFileType = sourcecode.swift; path = GetAllListingEndpoint.swift; sourceTree = "<group>"; };
		6502B4EC29E13DA500CFA8C9 /* GetListingByCategoryEndpoint.swift */ = {isa = PBXFileReference; lastKnownFileType = sourcecode.swift; path = GetListingByCategoryEndpoint.swift; sourceTree = "<group>"; };
		6506DA6F29CA398400038AF8 /* DKFloatingButton.swift */ = {isa = PBXFileReference; lastKnownFileType = sourcecode.swift; path = DKFloatingButton.swift; sourceTree = "<group>"; };
		6506DA7129CA45F800038AF8 /* Notification.swift */ = {isa = PBXFileReference; lastKnownFileType = sourcecode.swift; path = Notification.swift; sourceTree = "<group>"; };
		6506DA7329CA54B300038AF8 /* NotificationTableViewCell.swift */ = {isa = PBXFileReference; lastKnownFileType = sourcecode.swift; path = NotificationTableViewCell.swift; sourceTree = "<group>"; };
		6506DA7429CA54B300038AF8 /* NotificationTableViewCell.xib */ = {isa = PBXFileReference; lastKnownFileType = file.xib; path = NotificationTableViewCell.xib; sourceTree = "<group>"; };
		650D634629E471B200F2B0E1 /* ProductDetailsViewController.swift */ = {isa = PBXFileReference; lastKnownFileType = sourcecode.swift; path = ProductDetailsViewController.swift; sourceTree = "<group>"; };
		650D634829E4722200F2B0E1 /* GetListingByIDEndpoint.swift */ = {isa = PBXFileReference; lastKnownFileType = sourcecode.swift; path = GetListingByIDEndpoint.swift; sourceTree = "<group>"; };
		650F3E9E29D9267F00111E8F /* UserListingEndpoint.swift */ = {isa = PBXFileReference; lastKnownFileType = sourcecode.swift; path = UserListingEndpoint.swift; sourceTree = "<group>"; };
		650F3EA129D9323B00111E8F /* UserPurchasesEndpoint.swift */ = {isa = PBXFileReference; lastKnownFileType = sourcecode.swift; path = UserPurchasesEndpoint.swift; sourceTree = "<group>"; };
		651218BB298AE30D000CEE52 /* ForgotPasswordVerificationViewController.swift */ = {isa = PBXFileReference; lastKnownFileType = sourcecode.swift; path = ForgotPasswordVerificationViewController.swift; sourceTree = "<group>"; };
		6512531C29DE8CA900E592FC /* CreateListingEndpoint.swift */ = {isa = PBXFileReference; lastKnownFileType = sourcecode.swift; path = CreateListingEndpoint.swift; sourceTree = "<group>"; };
		6512531E29DE8D8800E592FC /* ListingResponse.swift */ = {isa = PBXFileReference; lastKnownFileType = sourcecode.swift; path = ListingResponse.swift; sourceTree = "<group>"; };
		6512532129DF425A00E592FC /* DKCustomDropDown.swift */ = {isa = PBXFileReference; lastKnownFileType = sourcecode.swift; path = DKCustomDropDown.swift; sourceTree = "<group>"; };
		6534471029E47A650056D67B /* ImageCarouselTableViewCell.swift */ = {isa = PBXFileReference; lastKnownFileType = sourcecode.swift; path = ImageCarouselTableViewCell.swift; sourceTree = "<group>"; };
		6534471229E47AE00056D67B /* ImageCollectionViewCell.swift */ = {isa = PBXFileReference; lastKnownFileType = sourcecode.swift; path = ImageCollectionViewCell.swift; sourceTree = "<group>"; };
		6534471629E516610056D67B /* DropDownHelper.swift */ = {isa = PBXFileReference; lastKnownFileType = sourcecode.swift; path = DropDownHelper.swift; sourceTree = "<group>"; };
		6534471929E533B90056D67B /* ProductNameTableViewCell.swift */ = {isa = PBXFileReference; lastKnownFileType = sourcecode.swift; path = ProductNameTableViewCell.swift; sourceTree = "<group>"; };
		6534471B29E535C20056D67B /* PriceTableViewCell.swift */ = {isa = PBXFileReference; lastKnownFileType = sourcecode.swift; path = PriceTableViewCell.swift; sourceTree = "<group>"; };
		6534471D29E537E80056D67B /* ButtonTableViewCell.swift */ = {isa = PBXFileReference; lastKnownFileType = sourcecode.swift; path = ButtonTableViewCell.swift; sourceTree = "<group>"; };
		6534471F29E539BD0056D67B /* DetailsLabelTableViewCell.swift */ = {isa = PBXFileReference; lastKnownFileType = sourcecode.swift; path = DetailsLabelTableViewCell.swift; sourceTree = "<group>"; };
		6534472129E53DCE0056D67B /* DescriptionTableViewCell.swift */ = {isa = PBXFileReference; lastKnownFileType = sourcecode.swift; path = DescriptionTableViewCell.swift; sourceTree = "<group>"; };
		6534472329E628D30056D67B /* ConditionTableViewCell.swift */ = {isa = PBXFileReference; lastKnownFileType = sourcecode.swift; path = ConditionTableViewCell.swift; sourceTree = "<group>"; };
		6534472529E62FE50056D67B /* SellerProfileTableViewCell.swift */ = {isa = PBXFileReference; lastKnownFileType = sourcecode.swift; path = SellerProfileTableViewCell.swift; sourceTree = "<group>"; };
		6534472629E62FE50056D67B /* SellerProfileTableViewCell.xib */ = {isa = PBXFileReference; lastKnownFileType = file.xib; path = SellerProfileTableViewCell.xib; sourceTree = "<group>"; };
		65385B5929DCBF160030B558 /* PhotoCell.swift */ = {isa = PBXFileReference; lastKnownFileType = sourcecode.swift; path = PhotoCell.swift; sourceTree = "<group>"; };
		6538FB7529E0C3390004A152 /* AuthModel.swift */ = {isa = PBXFileReference; lastKnownFileType = sourcecode.swift; path = AuthModel.swift; sourceTree = "<group>"; };
		6538FB7929E0C3E70004A152 /* ProductModels.swift */ = {isa = PBXFileReference; lastKnownFileType = sourcecode.swift; path = ProductModels.swift; sourceTree = "<group>"; };
		653F2400298CBE7A0053C5E1 /* UIImage+.swift */ = {isa = PBXFileReference; lastKnownFileType = sourcecode.swift; path = "UIImage+.swift"; sourceTree = "<group>"; };
		6543314F29C230D3008D7728 /* DKCustomAlertViewController.swift */ = {isa = PBXFileReference; lastKnownFileType = sourcecode.swift; path = DKCustomAlertViewController.swift; sourceTree = "<group>"; };
		654444C029AD5FD500E61F69 /* Coordinator.swift */ = {isa = PBXFileReference; lastKnownFileType = sourcecode.swift; path = Coordinator.swift; sourceTree = "<group>"; };
		654444C229AD60E300E61F69 /* MainCoordinator.swift */ = {isa = PBXFileReference; lastKnownFileType = sourcecode.swift; path = MainCoordinator.swift; sourceTree = "<group>"; };
		654444C429AD63C900E61F69 /* LoginStoryboard.swift */ = {isa = PBXFileReference; lastKnownFileType = sourcecode.swift; path = LoginStoryboard.swift; sourceTree = "<group>"; };
		654444C629AF07BD00E61F69 /* Constant.swift */ = {isa = PBXFileReference; lastKnownFileType = sourcecode.swift; path = Constant.swift; sourceTree = "<group>"; };
		654444C829AF18DC00E61F69 /* Auth0Error.swift */ = {isa = PBXFileReference; lastKnownFileType = sourcecode.swift; path = Auth0Error.swift; sourceTree = "<group>"; };
		654444CA29AF1F3E00E61F69 /* DashboardStoryboard.swift */ = {isa = PBXFileReference; lastKnownFileType = sourcecode.swift; path = DashboardStoryboard.swift; sourceTree = "<group>"; };
		654444D129AFBF5D00E61F69 /* TermsOfServiceViewController.swift */ = {isa = PBXFileReference; lastKnownFileType = sourcecode.swift; path = TermsOfServiceViewController.swift; sourceTree = "<group>"; };
		654444D329AFBF7700E61F69 /* PrivacyPolicyViewController.swift */ = {isa = PBXFileReference; lastKnownFileType = sourcecode.swift; path = PrivacyPolicyViewController.swift; sourceTree = "<group>"; };
		65449AA729BFB63800E13CF8 /* LPCollectionViewLayout.swift */ = {isa = PBXFileReference; lastKnownFileType = sourcecode.swift; path = LPCollectionViewLayout.swift; sourceTree = "<group>"; };
		6547D4D32992E0EB00701044 /* SecureTextField.xib */ = {isa = PBXFileReference; lastKnownFileType = file.xib; path = SecureTextField.xib; sourceTree = "<group>"; };
		6547D4D52992E0F700701044 /* SecureTextField.swift */ = {isa = PBXFileReference; lastKnownFileType = sourcecode.swift; path = SecureTextField.swift; sourceTree = "<group>"; };
		6549E05E29E6632100FFE871 /* CheckoutViewController.swift */ = {isa = PBXFileReference; lastKnownFileType = sourcecode.swift; path = CheckoutViewController.swift; sourceTree = "<group>"; };
		6549E06129E665A600FFE871 /* CheckoutTableViewCell.swift */ = {isa = PBXFileReference; lastKnownFileType = sourcecode.swift; path = CheckoutTableViewCell.swift; sourceTree = "<group>"; };
		6549E06229E665A600FFE871 /* CheckoutTableViewCell.xib */ = {isa = PBXFileReference; lastKnownFileType = file.xib; path = CheckoutTableViewCell.xib; sourceTree = "<group>"; };
		6549E06829E6785E00FFE871 /* PurchaseListingEndpoint.swift */ = {isa = PBXFileReference; lastKnownFileType = sourcecode.swift; path = PurchaseListingEndpoint.swift; sourceTree = "<group>"; };
		655365C329DCAFAB00D7592D /* CreateListingViewController.swift */ = {isa = PBXFileReference; lastKnownFileType = sourcecode.swift; path = CreateListingViewController.swift; sourceTree = "<group>"; };
		65613AEE29A56DD30002B90F /* DashboardViewController.swift */ = {isa = PBXFileReference; lastKnownFileType = sourcecode.swift; path = DashboardViewController.swift; sourceTree = "<group>"; };
		65613B1029A5E04A0002B90F /* Dashboard.storyboard */ = {isa = PBXFileReference; lastKnownFileType = file.storyboard; path = Dashboard.storyboard; sourceTree = "<group>"; };
		65629A4729CAC5E20056F748 /* ListingViewTableViewCell.swift */ = {isa = PBXFileReference; lastKnownFileType = sourcecode.swift; path = ListingViewTableViewCell.swift; sourceTree = "<group>"; };
		65629A4829CAC5E20056F748 /* ListingViewTableViewCell.xib */ = {isa = PBXFileReference; lastKnownFileType = file.xib; path = ListingViewTableViewCell.xib; sourceTree = "<group>"; };
		65629A4B29CB6A1E0056F748 /* Purchases.swift */ = {isa = PBXFileReference; lastKnownFileType = sourcecode.swift; path = Purchases.swift; sourceTree = "<group>"; };
		6568E0FB2988AACF001482AB /* MKTFY.app */ = {isa = PBXFileReference; explicitFileType = wrapper.application; includeInIndex = 0; path = MKTFY.app; sourceTree = BUILT_PRODUCTS_DIR; };
		6568E0FE2988AACF001482AB /* AppDelegate.swift */ = {isa = PBXFileReference; lastKnownFileType = sourcecode.swift; path = AppDelegate.swift; sourceTree = "<group>"; };
		6568E1002988AACF001482AB /* SceneDelegate.swift */ = {isa = PBXFileReference; lastKnownFileType = sourcecode.swift; path = SceneDelegate.swift; sourceTree = "<group>"; };
		6568E1072988AACF001482AB /* Assets.xcassets */ = {isa = PBXFileReference; lastKnownFileType = folder.assetcatalog; path = Assets.xcassets; sourceTree = "<group>"; };
		6568E10A2988AACF001482AB /* Base */ = {isa = PBXFileReference; lastKnownFileType = file.storyboard; name = Base; path = Base.lproj/LaunchScreen.storyboard; sourceTree = "<group>"; };
		6568E10C2988AACF001482AB /* Info.plist */ = {isa = PBXFileReference; lastKnownFileType = text.plist.xml; path = Info.plist; sourceTree = "<group>"; };
		6568E1132988AF50001482AB /* UIColor+.swift */ = {isa = PBXFileReference; lastKnownFileType = sourcecode.swift; path = "UIColor+.swift"; sourceTree = "<group>"; };
		6568E1162988B860001482AB /* Login.storyboard */ = {isa = PBXFileReference; lastKnownFileType = file.storyboard; path = Login.storyboard; sourceTree = "<group>"; };
		656F3C4729C6CB6300DFAAEC /* ContactUsViewController.swift */ = {isa = PBXFileReference; lastKnownFileType = sourcecode.swift; path = ContactUsViewController.swift; sourceTree = "<group>"; };
		656F3C4929C8282400DFAAEC /* NotificationViewController.swift */ = {isa = PBXFileReference; lastKnownFileType = sourcecode.swift; path = NotificationViewController.swift; sourceTree = "<group>"; };
		656F3C4B29C8298700DFAAEC /* ChangePasswordViewController.swift */ = {isa = PBXFileReference; lastKnownFileType = sourcecode.swift; path = ChangePasswordViewController.swift; sourceTree = "<group>"; };
		656F3C4D29C829B100DFAAEC /* MyPurchasesViewController.swift */ = {isa = PBXFileReference; lastKnownFileType = sourcecode.swift; path = MyPurchasesViewController.swift; sourceTree = "<group>"; };
		656F3C4F29C829CA00DFAAEC /* MyListingViewController.swift */ = {isa = PBXFileReference; lastKnownFileType = sourcecode.swift; path = MyListingViewController.swift; sourceTree = "<group>"; };
		658145A42991B13000BC9067 /* TextFieldWithError.swift */ = {isa = PBXFileReference; lastKnownFileType = sourcecode.swift; path = TextFieldWithError.swift; sourceTree = "<group>"; };
		658145A62991B13C00BC9067 /* TextFieldWithError.xib */ = {isa = PBXFileReference; lastKnownFileType = file.xib; path = TextFieldWithError.xib; sourceTree = "<group>"; };
		658145A92991B27B00BC9067 /* LPView.swift */ = {isa = PBXFileReference; lastKnownFileType = sourcecode.swift; path = LPView.swift; sourceTree = "<group>"; };
		658145AD299201C100BC9067 /* MainViewController.swift */ = {isa = PBXFileReference; lastKnownFileType = sourcecode.swift; path = MainViewController.swift; sourceTree = "<group>"; };
		658145B12992047100BC9067 /* Main.storyboard */ = {isa = PBXFileReference; lastKnownFileType = file.storyboard; path = Main.storyboard; sourceTree = "<group>"; };
		6584B28229C6595200E3AD7E /* UserModels.swift */ = {isa = PBXFileReference; lastKnownFileType = sourcecode.swift; path = UserModels.swift; sourceTree = "<group>"; };
		6584B28429C6A48B00E3AD7E /* FAQViewController.swift */ = {isa = PBXFileReference; lastKnownFileType = sourcecode.swift; path = FAQViewController.swift; sourceTree = "<group>"; };
		6584B28729C6AB4300E3AD7E /* FAQ1ViewController.swift */ = {isa = PBXFileReference; lastKnownFileType = sourcecode.swift; path = FAQ1ViewController.swift; sourceTree = "<group>"; };
		6587F35A298AF37200EF5100 /* LoadingConfirmationViewController.swift */ = {isa = PBXFileReference; lastKnownFileType = sourcecode.swift; path = LoadingConfirmationViewController.swift; sourceTree = "<group>"; };
		6597D0BD2992C3AF00485932 /* OpenSans-SemiBold.ttf */ = {isa = PBXFileReference; lastKnownFileType = file; path = "OpenSans-SemiBold.ttf"; sourceTree = "<group>"; };
		6597D0BE2992C3AF00485932 /* OpenSans-Light.ttf */ = {isa = PBXFileReference; lastKnownFileType = file; path = "OpenSans-Light.ttf"; sourceTree = "<group>"; };
		6597D0BF2992C3AF00485932 /* OpenSans-Italic.ttf */ = {isa = PBXFileReference; lastKnownFileType = file; path = "OpenSans-Italic.ttf"; sourceTree = "<group>"; };
		6597D0C02992C3AF00485932 /* OpenSans-MediumItalic.ttf */ = {isa = PBXFileReference; lastKnownFileType = file; path = "OpenSans-MediumItalic.ttf"; sourceTree = "<group>"; };
		6597D0C12992C3AF00485932 /* OpenSans-ExtraBold.ttf */ = {isa = PBXFileReference; lastKnownFileType = file; path = "OpenSans-ExtraBold.ttf"; sourceTree = "<group>"; };
		6597D0C22992C3AF00485932 /* OpenSans-LightItalic.ttf */ = {isa = PBXFileReference; lastKnownFileType = file; path = "OpenSans-LightItalic.ttf"; sourceTree = "<group>"; };
		6597D0C32992C3AF00485932 /* OpenSans-Bold.ttf */ = {isa = PBXFileReference; lastKnownFileType = file; path = "OpenSans-Bold.ttf"; sourceTree = "<group>"; };
		6597D0C42992C3AF00485932 /* OpenSans-SemiBoldItalic.ttf */ = {isa = PBXFileReference; lastKnownFileType = file; path = "OpenSans-SemiBoldItalic.ttf"; sourceTree = "<group>"; };
		6597D0C52992C3AF00485932 /* OpenSans-Medium.ttf */ = {isa = PBXFileReference; lastKnownFileType = file; path = "OpenSans-Medium.ttf"; sourceTree = "<group>"; };
		6597D0C62992C3AF00485932 /* OpenSans-ExtraBoldItalic.ttf */ = {isa = PBXFileReference; lastKnownFileType = file; path = "OpenSans-ExtraBoldItalic.ttf"; sourceTree = "<group>"; };
		6597D0C72992C3AF00485932 /* OpenSans-Regular.ttf */ = {isa = PBXFileReference; lastKnownFileType = file; path = "OpenSans-Regular.ttf"; sourceTree = "<group>"; };
		6597D0C82992C3AF00485932 /* OpenSans-BoldItalic.ttf */ = {isa = PBXFileReference; lastKnownFileType = file; path = "OpenSans-BoldItalic.ttf"; sourceTree = "<group>"; };
		659DF60C29B6FC1E00FEF0F3 /* AccountInformationViewController.swift */ = {isa = PBXFileReference; lastKnownFileType = sourcecode.swift; path = AccountInformationViewController.swift; sourceTree = "<group>"; };
		65A646F5299C1E8000262DB8 /* CheckBox.swift */ = {isa = PBXFileReference; lastKnownFileType = sourcecode.swift; path = CheckBox.swift; sourceTree = "<group>"; };
		65A646FA299C85AC00262DB8 /* Auth0.plist */ = {isa = PBXFileReference; lastKnownFileType = text.plist.xml; path = Auth0.plist; sourceTree = "<group>"; };
		65A951D629E284BB0007B523 /* UIImageView+.swift */ = {isa = PBXFileReference; lastKnownFileType = sourcecode.swift; path = "UIImageView+.swift"; sourceTree = "<group>"; };
		65AB2A6229AB083B002B3D1B /* .gitignore */ = {isa = PBXFileReference; fileEncoding = 4; lastKnownFileType = text; path = .gitignore; sourceTree = "<group>"; };
		65C28FC62988BA1D00A3BBEE /* LoginViewController.swift */ = {isa = PBXFileReference; lastKnownFileType = sourcecode.swift; path = LoginViewController.swift; sourceTree = "<group>"; };
		65C28FCB2988BB6500A3BBEE /* UIViewController+.swift */ = {isa = PBXFileReference; lastKnownFileType = sourcecode.swift; path = "UIViewController+.swift"; sourceTree = "<group>"; };
		65CCAFB729D76C200088338B /* NetworkManager.swift */ = {isa = PBXFileReference; lastKnownFileType = sourcecode.swift; path = NetworkManager.swift; sourceTree = "<group>"; };
		65CCAFB929D76CCF0088338B /* HttpMethod.swift */ = {isa = PBXFileReference; lastKnownFileType = sourcecode.swift; path = HttpMethod.swift; sourceTree = "<group>"; };
		65CCAFBB29D76CED0088338B /* Endpoint.swift */ = {isa = PBXFileReference; lastKnownFileType = sourcecode.swift; path = Endpoint.swift; sourceTree = "<group>"; };
		65CCAFC129D76FF00088338B /* RegisterUserEndpoint.swift */ = {isa = PBXFileReference; lastKnownFileType = sourcecode.swift; path = RegisterUserEndpoint.swift; sourceTree = "<group>"; };
		65CCAFC329D770530088338B /* GetUserEndpoint.swift */ = {isa = PBXFileReference; lastKnownFileType = sourcecode.swift; path = GetUserEndpoint.swift; sourceTree = "<group>"; };
		65CCAFC529D770F10088338B /* UpdateUserEndpoint.swift */ = {isa = PBXFileReference; lastKnownFileType = sourcecode.swift; path = UpdateUserEndpoint.swift; sourceTree = "<group>"; };
		65CE01102991971F00772FCA /* CreateAccountViewController.swift */ = {isa = PBXFileReference; lastKnownFileType = sourcecode.swift; path = CreateAccountViewController.swift; sourceTree = "<group>"; };
		65D1AF6429B45D3B00B4581D /* DashboardMenuViewController.swift */ = {isa = PBXFileReference; lastKnownFileType = sourcecode.swift; path = DashboardMenuViewController.swift; sourceTree = "<group>"; };
		65D25EBB29B28D00009AA27D /* UITapGestureRecognizer+.swift */ = {isa = PBXFileReference; lastKnownFileType = sourcecode.swift; path = "UITapGestureRecognizer+.swift"; sourceTree = "<group>"; };
		65D29D552992F1B300D14140 /* UITextField+.swift */ = {isa = PBXFileReference; lastKnownFileType = sourcecode.swift; path = "UITextField+.swift"; sourceTree = "<group>"; };
		65D8876F29DCD96300A7F408 /* DKCustomUploadImageButton.swift */ = {isa = PBXFileReference; lastKnownFileType = sourcecode.swift; path = DKCustomUploadImageButton.swift; sourceTree = "<group>"; };
		65D8877129DD072F00A7F408 /* CustomViewCollectionViewCell.swift */ = {isa = PBXFileReference; lastKnownFileType = sourcecode.swift; path = CustomViewCollectionViewCell.swift; sourceTree = "<group>"; };
		65D8877529DD07CE00A7F408 /* CustomButtonCollectionViewCell.swift */ = {isa = PBXFileReference; lastKnownFileType = sourcecode.swift; path = CustomButtonCollectionViewCell.swift; sourceTree = "<group>"; };
		65D8877729DD07F100A7F408 /* CustomTextViewCollectionViewCell.swift */ = {isa = PBXFileReference; lastKnownFileType = sourcecode.swift; path = CustomTextViewCollectionViewCell.swift; sourceTree = "<group>"; };
		65D8877B29DDF8B100A7F408 /* SearchEndpoint.swift */ = {isa = PBXFileReference; lastKnownFileType = sourcecode.swift; path = SearchEndpoint.swift; sourceTree = "<group>"; };
		65D8877F29DE07E200A7F408 /* UploadImageEndpoint.swift */ = {isa = PBXFileReference; lastKnownFileType = sourcecode.swift; path = UploadImageEndpoint.swift; sourceTree = "<group>"; };
		65D8878129DE109C00A7F408 /* ImageResponse.swift */ = {isa = PBXFileReference; lastKnownFileType = sourcecode.swift; path = ImageResponse.swift; sourceTree = "<group>"; };
		65D9039729E86E4B009EB7A1 /* ChangePasswordEndpoint.swift */ = {isa = PBXFileReference; lastKnownFileType = sourcecode.swift; path = ChangePasswordEndpoint.swift; sourceTree = "<group>"; };
		65DC4A3A29BFADF700DCD554 /* HeaderCollectionReusableView.swift */ = {isa = PBXFileReference; lastKnownFileType = sourcecode.swift; path = HeaderCollectionReusableView.swift; sourceTree = "<group>"; };
		65DC4A3B29BFADF700DCD554 /* HeaderCollectionReusableView.xib */ = {isa = PBXFileReference; lastKnownFileType = file.xib; path = HeaderCollectionReusableView.xib; sourceTree = "<group>"; };
		65DE1B4829BD887C00C7D3E8 /* CollectionViewItems.swift */ = {isa = PBXFileReference; lastKnownFileType = sourcecode.swift; path = CollectionViewItems.swift; sourceTree = "<group>"; };
		65DE1B4A29BD891200C7D3E8 /* FlowLayoutViewModel.swift */ = {isa = PBXFileReference; lastKnownFileType = sourcecode.swift; path = FlowLayoutViewModel.swift; sourceTree = "<group>"; };
		65DE1B4F29BD97A900C7D3E8 /* ItemCollectionViewCell.swift */ = {isa = PBXFileReference; lastKnownFileType = sourcecode.swift; path = ItemCollectionViewCell.swift; sourceTree = "<group>"; };
		65DE1B5029BD97A900C7D3E8 /* ItemCollectionViewCell.xib */ = {isa = PBXFileReference; lastKnownFileType = file.xib; path = ItemCollectionViewCell.xib; sourceTree = "<group>"; };
		65E0B3012996E48000A85CBB /* EmailVerificationSentViewController.swift */ = {isa = PBXFileReference; lastKnownFileType = sourcecode.swift; path = EmailVerificationSentViewController.swift; sourceTree = "<group>"; };
		65E3220B29E72DBB0044C3AE /* GetListingsAndNotificationsCountsEndpoint.swift */ = {isa = PBXFileReference; lastKnownFileType = sourcecode.swift; path = GetListingsAndNotificationsCountsEndpoint.swift; sourceTree = "<group>"; };
		65E3220D29E774410044C3AE /* ListingsAndNotificationsCountResponse.swift */ = {isa = PBXFileReference; lastKnownFileType = sourcecode.swift; path = ListingsAndNotificationsCountResponse.swift; sourceTree = "<group>"; };
		65E3220F29E778EB0044C3AE /* UIUtility.swift */ = {isa = PBXFileReference; lastKnownFileType = sourcecode.swift; path = UIUtility.swift; sourceTree = "<group>"; };
		65E7DE1E299D4ADE00926A1F /* Auth0Manager.swift */ = {isa = PBXFileReference; lastKnownFileType = sourcecode.swift; path = Auth0Manager.swift; sourceTree = "<group>"; };
		65E8A0D3299EA523009D70A0 /* String+.swift */ = {isa = PBXFileReference; lastKnownFileType = sourcecode.swift; path = "String+.swift"; sourceTree = "<group>"; };
		65E90FEA2988CD8000ACDC0C /* LPButton.swift */ = {isa = PBXFileReference; lastKnownFileType = sourcecode.swift; path = LPButton.swift; sourceTree = "<group>"; };
		65EBA0BD298A1E5200202C02 /* ForgotPasswordViewController.swift */ = {isa = PBXFileReference; lastKnownFileType = sourcecode.swift; path = ForgotPasswordViewController.swift; sourceTree = "<group>"; };
		65EE2FE029E7C0A100F7EAB2 /* PickupInformationViewController.swift */ = {isa = PBXFileReference; lastKnownFileType = sourcecode.swift; path = PickupInformationViewController.swift; sourceTree = "<group>"; };
		65EFDFEC29C6C67A000F3E7E /* FAQ2ViewController.swift */ = {isa = PBXFileReference; lastKnownFileType = sourcecode.swift; path = FAQ2ViewController.swift; sourceTree = "<group>"; };
		65EFDFEE29C6C694000F3E7E /* FAQ3ViewController.swift */ = {isa = PBXFileReference; lastKnownFileType = sourcecode.swift; path = FAQ3ViewController.swift; sourceTree = "<group>"; };
		65EFDFF029C6C6A6000F3E7E /* FAQ4ViewController.swift */ = {isa = PBXFileReference; lastKnownFileType = sourcecode.swift; path = FAQ4ViewController.swift; sourceTree = "<group>"; };
		65EFDFF229C6C6B5000F3E7E /* FAQ5ViewController.swift */ = {isa = PBXFileReference; lastKnownFileType = sourcecode.swift; path = FAQ5ViewController.swift; sourceTree = "<group>"; };
		65F102BC29E7269D006295C1 /* UIView+.swift */ = {isa = PBXFileReference; lastKnownFileType = sourcecode.swift; path = "UIView+.swift"; sourceTree = "<group>"; };
		65F41E0829BBA7D500C1C08A /* CreatePasswordViewController.swift */ = {isa = PBXFileReference; lastKnownFileType = sourcecode.swift; path = CreatePasswordViewController.swift; sourceTree = "<group>"; };
		65F9BF8229AD167800FADB2B /* SecureTextFieldWithLabel.swift */ = {isa = PBXFileReference; lastKnownFileType = sourcecode.swift; path = SecureTextFieldWithLabel.swift; sourceTree = "<group>"; };
/* End PBXFileReference section */

/* Begin PBXFrameworksBuildPhase section */
		6568E0F82988AACF001482AB /* Frameworks */ = {
			isa = PBXFrameworksBuildPhase;
			buildActionMask = 2147483647;
			files = (
				65A646F9299C854D00262DB8 /* Auth0 in Frameworks */,
			);
			runOnlyForDeploymentPostprocessing = 0;
		};
/* End PBXFrameworksBuildPhase section */

/* Begin PBXGroup section */
		6502B4E329E1370E00CFA8C9 /* FAQ */ = {
			isa = PBXGroup;
			children = (
				6502B4E429E1372600CFA8C9 /* GetFAQEndpoint.swift */,
				6502B4E629E1372F00CFA8C9 /* GetSpecificFAQEndpoint.swift */,
			);
			path = FAQ;
			sourceTree = "<group>";
		};
		6506DA6E29CA397400038AF8 /* CustomButton */ = {
			isa = PBXGroup;
			children = (
				6506DA6F29CA398400038AF8 /* DKFloatingButton.swift */,
				65D8876F29DCD96300A7F408 /* DKCustomUploadImageButton.swift */,
			);
			path = CustomButton;
			sourceTree = "<group>";
		};
		650F3E9D29D9266A00111E8F /* Product */ = {
			isa = PBXGroup;
			children = (
				65D8877B29DDF8B100A7F408 /* SearchEndpoint.swift */,
				6512531C29DE8CA900E592FC /* CreateListingEndpoint.swift */,
				6502B4EA29E13BA000CFA8C9 /* GetAllListingEndpoint.swift */,
				6502B4EC29E13DA500CFA8C9 /* GetListingByCategoryEndpoint.swift */,
				650D634829E4722200F2B0E1 /* GetListingByIDEndpoint.swift */,
				6549E06829E6785E00FFE871 /* PurchaseListingEndpoint.swift */,
				65E3220B29E72DBB0044C3AE /* GetListingsAndNotificationsCountsEndpoint.swift */,
			);
			path = Product;
			sourceTree = "<group>";
		};
		650F3EA329D9345100111E8F /* Upload */ = {
			isa = PBXGroup;
			children = (
				65D8877F29DE07E200A7F408 /* UploadImageEndpoint.swift */,
			);
			path = Upload;
			sourceTree = "<group>";
		};
		6512532029DF424400E592FC /* CustomDropDown */ = {
			isa = PBXGroup;
			children = (
				6512532129DF425A00E592FC /* DKCustomDropDown.swift */,
			);
			path = CustomDropDown;
			sourceTree = "<group>";
		};
		6534470F29E47A3F0056D67B /* ImageCarousel */ = {
			isa = PBXGroup;
			children = (
				6534471029E47A650056D67B /* ImageCarouselTableViewCell.swift */,
				6534471229E47AE00056D67B /* ImageCollectionViewCell.swift */,
			);
			path = ImageCarousel;
			sourceTree = "<group>";
		};
		6534471829E5339E0056D67B /* ProductDetailsTableViewCell */ = {
			isa = PBXGroup;
			children = (
				6534470F29E47A3F0056D67B /* ImageCarousel */,
				6534471929E533B90056D67B /* ProductNameTableViewCell.swift */,
				6534471B29E535C20056D67B /* PriceTableViewCell.swift */,
				6534471D29E537E80056D67B /* ButtonTableViewCell.swift */,
				6534471F29E539BD0056D67B /* DetailsLabelTableViewCell.swift */,
				6534472129E53DCE0056D67B /* DescriptionTableViewCell.swift */,
				6534472329E628D30056D67B /* ConditionTableViewCell.swift */,
				6534472529E62FE50056D67B /* SellerProfileTableViewCell.swift */,
				6534472629E62FE50056D67B /* SellerProfileTableViewCell.xib */,
			);
			path = ProductDetailsTableViewCell;
			sourceTree = "<group>";
		};
		65385B5829DCBF070030B558 /* CreateLising */ = {
			isa = PBXGroup;
			children = (
				65385B5929DCBF160030B558 /* PhotoCell.swift */,
				65D8877129DD072F00A7F408 /* CustomViewCollectionViewCell.swift */,
				65D8877529DD07CE00A7F408 /* CustomButtonCollectionViewCell.swift */,
				65D8877729DD07F100A7F408 /* CustomTextViewCollectionViewCell.swift */,
			);
			path = CreateLising;
			sourceTree = "<group>";
		};
		6543314829C22EFB008D7728 /* CustomAlert */ = {
			isa = PBXGroup;
			children = (
				6543314F29C230D3008D7728 /* DKCustomAlertViewController.swift */,
			);
			path = CustomAlert;
			sourceTree = "<group>";
		};
		654444BF29AD5FBC00E61F69 /* Coordinator */ = {
			isa = PBXGroup;
			children = (
				654444D029AF26C800E61F69 /* Storyboard */,
				654444C229AD60E300E61F69 /* MainCoordinator.swift */,
				654444C029AD5FD500E61F69 /* Coordinator.swift */,
			);
			path = Coordinator;
			sourceTree = "<group>";
		};
		654444D029AF26C800E61F69 /* Storyboard */ = {
			isa = PBXGroup;
			children = (
				654444CA29AF1F3E00E61F69 /* DashboardStoryboard.swift */,
				654444C429AD63C900E61F69 /* LoginStoryboard.swift */,
			);
			path = Storyboard;
			sourceTree = "<group>";
		};
		6549E06029E6658900FFE871 /* CheckoutTableViewCell */ = {
			isa = PBXGroup;
			children = (
				6549E06129E665A600FFE871 /* CheckoutTableViewCell.swift */,
				6549E06229E665A600FFE871 /* CheckoutTableViewCell.xib */,
			);
			path = CheckoutTableViewCell;
			sourceTree = "<group>";
		};
		6556049C29C4F16300B8B20A /* ListingViewTile */ = {
			isa = PBXGroup;
			children = (
				65629A4729CAC5E20056F748 /* ListingViewTableViewCell.swift */,
				65629A4829CAC5E20056F748 /* ListingViewTableViewCell.xib */,
			);
			path = ListingViewTile;
			sourceTree = "<group>";
		};
		6557135829C8EBDE00D60584 /* NotificationViewTile */ = {
			isa = PBXGroup;
			children = (
				6506DA7329CA54B300038AF8 /* NotificationTableViewCell.swift */,
				6506DA7429CA54B300038AF8 /* NotificationTableViewCell.xib */,
			);
			path = NotificationViewTile;
			sourceTree = "<group>";
		};
		6568E0F22988AACF001482AB = {
			isa = PBXGroup;
			children = (
				6568E0FD2988AACF001482AB /* MKTFY */,
				6568E0FC2988AACF001482AB /* Products */,
				65AB2A6229AB083B002B3D1B /* .gitignore */,
			);
			sourceTree = "<group>";
		};
		6568E0FC2988AACF001482AB /* Products */ = {
			isa = PBXGroup;
			children = (
				6568E0FB2988AACF001482AB /* MKTFY.app */,
			);
			name = Products;
			sourceTree = "<group>";
		};
		6568E0FD2988AACF001482AB /* MKTFY */ = {
			isa = PBXGroup;
			children = (
				654444BF29AD5FBC00E61F69 /* Coordinator */,
				6568E1122988AF44001482AB /* Helps */,
				6568E1152988B850001482AB /* Interface */,
				65C28FC52988BA0D00A3BBEE /* ViewControllers */,
				65F846E7299C88090056B675 /* Models */,
				65E90FE92988CD5F00ACDC0C /* Views */,
				65DE1B4C29BD893000C7D3E8 /* ViewModel */,
				6597D0BC2992C3AF00485932 /* OpenSans */,
				6568E0FE2988AACF001482AB /* AppDelegate.swift */,
				6568E1002988AACF001482AB /* SceneDelegate.swift */,
				6568E1072988AACF001482AB /* Assets.xcassets */,
				6568E1092988AACF001482AB /* LaunchScreen.storyboard */,
				6568E10C2988AACF001482AB /* Info.plist */,
				65A646FA299C85AC00262DB8 /* Auth0.plist */,
			);
			path = MKTFY;
			sourceTree = "<group>";
		};
		6568E1122988AF44001482AB /* Helps */ = {
			isa = PBXGroup;
			children = (
				65A646F5299C1E8000262DB8 /* CheckBox.swift */,
				654444C629AF07BD00E61F69 /* Constant.swift */,
				6534471629E516610056D67B /* DropDownHelper.swift */,
				65E8A0D3299EA523009D70A0 /* String+.swift */,
				6568E1132988AF50001482AB /* UIColor+.swift */,
				65F102BC29E7269D006295C1 /* UIView+.swift */,
				65C28FCB2988BB6500A3BBEE /* UIViewController+.swift */,
				653F2400298CBE7A0053C5E1 /* UIImage+.swift */,
				65A951D629E284BB0007B523 /* UIImageView+.swift */,
				65D25EBB29B28D00009AA27D /* UITapGestureRecognizer+.swift */,
				65D29D552992F1B300D14140 /* UITextField+.swift */,
				65E3220F29E778EB0044C3AE /* UIUtility.swift */,
			);
			path = Helps;
			sourceTree = "<group>";
		};
		6568E1152988B850001482AB /* Interface */ = {
			isa = PBXGroup;
			children = (
				658145B12992047100BC9067 /* Main.storyboard */,
				6568E1162988B860001482AB /* Login.storyboard */,
				65613B1029A5E04A0002B90F /* Dashboard.storyboard */,
			);
			path = Interface;
			sourceTree = "<group>";
		};
		658145A32991B12300BC9067 /* CustomTextField */ = {
			isa = PBXGroup;
			children = (
				658145A42991B13000BC9067 /* TextFieldWithError.swift */,
				658145A62991B13C00BC9067 /* TextFieldWithError.xib */,
				6547D4D52992E0F700701044 /* SecureTextField.swift */,
				6547D4D32992E0EB00701044 /* SecureTextField.xib */,
				65F9BF8229AD167800FADB2B /* SecureTextFieldWithLabel.swift */,
				6500C7EC29AD1963008EBA01 /* SecureTextFieldWithLabel.xib */,
			);
			path = CustomTextField;
			sourceTree = "<group>";
		};
		658145A82991B27300BC9067 /* Base */ = {
			isa = PBXGroup;
			children = (
				658145A92991B27B00BC9067 /* LPView.swift */,
			);
			path = Base;
			sourceTree = "<group>";
		};
		6584B28629C6AB2500E3AD7E /* FAQViewController */ = {
			isa = PBXGroup;
			children = (
				6584B28429C6A48B00E3AD7E /* FAQViewController.swift */,
				6584B28729C6AB4300E3AD7E /* FAQ1ViewController.swift */,
				65EFDFEC29C6C67A000F3E7E /* FAQ2ViewController.swift */,
				65EFDFEE29C6C694000F3E7E /* FAQ3ViewController.swift */,
				65EFDFF029C6C6A6000F3E7E /* FAQ4ViewController.swift */,
				65EFDFF229C6C6B5000F3E7E /* FAQ5ViewController.swift */,
			);
			path = FAQViewController;
			sourceTree = "<group>";
		};
		6586C6CE29CCCBED00C05117 /* Manager */ = {
			isa = PBXGroup;
			children = (
				65D9039529E86C1A009EB7A1 /* Endpoint */,
				65E7DE1E299D4ADE00926A1F /* Auth0Manager.swift */,
				654444C829AF18DC00E61F69 /* Auth0Error.swift */,
				65CCAFB729D76C200088338B /* NetworkManager.swift */,
				65CCAFB929D76CCF0088338B /* HttpMethod.swift */,
				65CCAFBB29D76CED0088338B /* Endpoint.swift */,
			);
			path = Manager;
			sourceTree = "<group>";
		};
		6587F35C298AFA9E00EF5100 /* MainController */ = {
			isa = PBXGroup;
			children = (
				658145AD299201C100BC9067 /* MainViewController.swift */,
			);
			path = MainController;
			sourceTree = "<group>";
		};
		6597D0BC2992C3AF00485932 /* OpenSans */ = {
			isa = PBXGroup;
			children = (
				6597D0BD2992C3AF00485932 /* OpenSans-SemiBold.ttf */,
				6597D0BE2992C3AF00485932 /* OpenSans-Light.ttf */,
				6597D0BF2992C3AF00485932 /* OpenSans-Italic.ttf */,
				6597D0C02992C3AF00485932 /* OpenSans-MediumItalic.ttf */,
				6597D0C12992C3AF00485932 /* OpenSans-ExtraBold.ttf */,
				6597D0C22992C3AF00485932 /* OpenSans-LightItalic.ttf */,
				6597D0C32992C3AF00485932 /* OpenSans-Bold.ttf */,
				6597D0C42992C3AF00485932 /* OpenSans-SemiBoldItalic.ttf */,
				6597D0C52992C3AF00485932 /* OpenSans-Medium.ttf */,
				6597D0C62992C3AF00485932 /* OpenSans-ExtraBoldItalic.ttf */,
				6597D0C72992C3AF00485932 /* OpenSans-Regular.ttf */,
				6597D0C82992C3AF00485932 /* OpenSans-BoldItalic.ttf */,
			);
			path = OpenSans;
			sourceTree = "<group>";
		};
		65B8B4FA29AFD78700CB67CE /* Login */ = {
			isa = PBXGroup;
			children = (
				6587F35A298AF37200EF5100 /* LoadingConfirmationViewController.swift */,
				65C28FC62988BA1D00A3BBEE /* LoginViewController.swift */,
				65EBA0BD298A1E5200202C02 /* ForgotPasswordViewController.swift */,
				651218BB298AE30D000CEE52 /* ForgotPasswordVerificationViewController.swift */,
				65CE01102991971F00772FCA /* CreateAccountViewController.swift */,
				65F41E0829BBA7D500C1C08A /* CreatePasswordViewController.swift */,
				65E0B3012996E48000A85CBB /* EmailVerificationSentViewController.swift */,
				654444D129AFBF5D00E61F69 /* TermsOfServiceViewController.swift */,
				654444D329AFBF7700E61F69 /* PrivacyPolicyViewController.swift */,
			);
			path = Login;
			sourceTree = "<group>";
		};
		65B8B4FB29AFD79900CB67CE /* Dashboard */ = {
			isa = PBXGroup;
			children = (
				6584B28629C6AB2500E3AD7E /* FAQViewController */,
				65613AEE29A56DD30002B90F /* DashboardViewController.swift */,
				65D1AF6429B45D3B00B4581D /* DashboardMenuViewController.swift */,
				659DF60C29B6FC1E00FEF0F3 /* AccountInformationViewController.swift */,
				655365C329DCAFAB00D7592D /* CreateListingViewController.swift */,
				656F3C4729C6CB6300DFAAEC /* ContactUsViewController.swift */,
				656F3C4929C8282400DFAAEC /* NotificationViewController.swift */,
				656F3C4B29C8298700DFAAEC /* ChangePasswordViewController.swift */,
				656F3C4D29C829B100DFAAEC /* MyPurchasesViewController.swift */,
				656F3C4F29C829CA00DFAAEC /* MyListingViewController.swift */,
				650D634629E471B200F2B0E1 /* ProductDetailsViewController.swift */,
				6549E05E29E6632100FFE871 /* CheckoutViewController.swift */,
				65EE2FE029E7C0A100F7EAB2 /* PickupInformationViewController.swift */,
			);
			path = Dashboard;
			sourceTree = "<group>";
		};
		65C28FC52988BA0D00A3BBEE /* ViewControllers */ = {
			isa = PBXGroup;
			children = (
				65B8B4FB29AFD79900CB67CE /* Dashboard */,
				65B8B4FA29AFD78700CB67CE /* Login */,
				6587F35C298AFA9E00EF5100 /* MainController */,
			);
			path = ViewControllers;
			sourceTree = "<group>";
		};
		65CCAFC029D76FE50088338B /* User */ = {
			isa = PBXGroup;
			children = (
				650F3E9E29D9267F00111E8F /* UserListingEndpoint.swift */,
				650F3EA129D9323B00111E8F /* UserPurchasesEndpoint.swift */,
				65CCAFC129D76FF00088338B /* RegisterUserEndpoint.swift */,
				65CCAFC329D770530088338B /* GetUserEndpoint.swift */,
				65CCAFC529D770F10088338B /* UpdateUserEndpoint.swift */,
			);
			path = User;
			sourceTree = "<group>";
		};
		65D9039529E86C1A009EB7A1 /* Endpoint */ = {
			isa = PBXGroup;
			children = (
				65D9039629E86E3F009EB7A1 /* Auth */,
				6502B4E329E1370E00CFA8C9 /* FAQ */,
				650F3E9D29D9266A00111E8F /* Product */,
				650F3EA329D9345100111E8F /* Upload */,
				65CCAFC029D76FE50088338B /* User */,
			);
			path = Endpoint;
			sourceTree = "<group>";
		};
		65D9039629E86E3F009EB7A1 /* Auth */ = {
			isa = PBXGroup;
			children = (
				65D9039729E86E4B009EB7A1 /* ChangePasswordEndpoint.swift */,
			);
			path = Auth;
			sourceTree = "<group>";
		};
		65DE1B4329BD862700C7D3E8 /* CollectionView */ = {
			isa = PBXGroup;
			children = (
				65385B5829DCBF070030B558 /* CreateLising */,
				65449AA729BFB63800E13CF8 /* LPCollectionViewLayout.swift */,
				65DE1B4F29BD97A900C7D3E8 /* ItemCollectionViewCell.swift */,
				65DE1B5029BD97A900C7D3E8 /* ItemCollectionViewCell.xib */,
				65DC4A3A29BFADF700DCD554 /* HeaderCollectionReusableView.swift */,
				65DC4A3B29BFADF700DCD554 /* HeaderCollectionReusableView.xib */,
			);
			path = CollectionView;
			sourceTree = "<group>";
		};
		65DE1B4C29BD893000C7D3E8 /* ViewModel */ = {
			isa = PBXGroup;
			children = (
				65DE1B4A29BD891200C7D3E8 /* FlowLayoutViewModel.swift */,
			);
			path = ViewModel;
			sourceTree = "<group>";
		};
		65E90FE92988CD5F00ACDC0C /* Views */ = {
			isa = PBXGroup;
			children = (
				6549E06029E6658900FFE871 /* CheckoutTableViewCell */,
				6534471829E5339E0056D67B /* ProductDetailsTableViewCell */,
				6557135829C8EBDE00D60584 /* NotificationViewTile */,
				6556049C29C4F16300B8B20A /* ListingViewTile */,
				6543314829C22EFB008D7728 /* CustomAlert */,
				6506DA6E29CA397400038AF8 /* CustomButton */,
				6512532029DF424400E592FC /* CustomDropDown */,
				658145A32991B12300BC9067 /* CustomTextField */,
				65DE1B4329BD862700C7D3E8 /* CollectionView */,
				658145A82991B27300BC9067 /* Base */,
				65E90FEA2988CD8000ACDC0C /* LPButton.swift */,
			);
			path = Views;
			sourceTree = "<group>";
		};
		65F846E7299C88090056B675 /* Models */ = {
			isa = PBXGroup;
			children = (
				6586C6CE29CCCBED00C05117 /* Manager */,
				6538FB7529E0C3390004A152 /* AuthModel.swift */,
				6538FB7929E0C3E70004A152 /* ProductModels.swift */,
				6584B28229C6595200E3AD7E /* UserModels.swift */,
				65DE1B4829BD887C00C7D3E8 /* CollectionViewItems.swift */,
				6506DA7129CA45F800038AF8 /* Notification.swift */,
				65629A4B29CB6A1E0056F748 /* Purchases.swift */,
				6502B4E829E1389900CFA8C9 /* FAQResponse.swift */,
				65D8878129DE109C00A7F408 /* ImageResponse.swift */,
				65E3220D29E774410044C3AE /* ListingsAndNotificationsCountResponse.swift */,
				6512531E29DE8D8800E592FC /* ListingResponse.swift */,
			);
			path = Models;
			sourceTree = "<group>";
		};
/* End PBXGroup section */

/* Begin PBXNativeTarget section */
		6568E0FA2988AACF001482AB /* MKTFY */ = {
			isa = PBXNativeTarget;
			buildConfigurationList = 6568E10F2988AACF001482AB /* Build configuration list for PBXNativeTarget "MKTFY" */;
			buildPhases = (
				6568E0F72988AACF001482AB /* Sources */,
				6568E0F82988AACF001482AB /* Frameworks */,
				6568E0F92988AACF001482AB /* Resources */,
			);
			buildRules = (
			);
			dependencies = (
			);
			name = MKTFY;
			packageProductDependencies = (
				65A646F8299C854D00262DB8 /* Auth0 */,
			);
			productName = MKTFY;
			productReference = 6568E0FB2988AACF001482AB /* MKTFY.app */;
			productType = "com.apple.product-type.application";
		};
/* End PBXNativeTarget section */

/* Begin PBXProject section */
		6568E0F32988AACF001482AB /* Project object */ = {
			isa = PBXProject;
			attributes = {
				BuildIndependentTargetsInParallel = 1;
				LastSwiftUpdateCheck = 1420;
				LastUpgradeCheck = 1420;
				TargetAttributes = {
					6568E0FA2988AACF001482AB = {
						CreatedOnToolsVersion = 14.2;
					};
				};
			};
			buildConfigurationList = 6568E0F62988AACF001482AB /* Build configuration list for PBXProject "MKTFY" */;
			compatibilityVersion = "Xcode 14.0";
			developmentRegion = en;
			hasScannedForEncodings = 0;
			knownRegions = (
				en,
				Base,
			);
			mainGroup = 6568E0F22988AACF001482AB;
			packageReferences = (
				65A646F7299C854D00262DB8 /* XCRemoteSwiftPackageReference "Auth0" */,
			);
			productRefGroup = 6568E0FC2988AACF001482AB /* Products */;
			projectDirPath = "";
			projectRoot = "";
			targets = (
				6568E0FA2988AACF001482AB /* MKTFY */,
			);
		};
/* End PBXProject section */

/* Begin PBXResourcesBuildPhase section */
		6568E0F92988AACF001482AB /* Resources */ = {
			isa = PBXResourcesBuildPhase;
			buildActionMask = 2147483647;
			files = (
				6597D0D12992C3AF00485932 /* OpenSans-Medium.ttf in Resources */,
				6547D4D42992E0EB00701044 /* SecureTextField.xib in Resources */,
				658145A72991B13C00BC9067 /* TextFieldWithError.xib in Resources */,
				6534472829E62FE50056D67B /* SellerProfileTableViewCell.xib in Resources */,
				6597D0CC2992C3AF00485932 /* OpenSans-MediumItalic.ttf in Resources */,
				65AB2A6329AB083B002B3D1B /* .gitignore in Resources */,
				6597D0CF2992C3AF00485932 /* OpenSans-Bold.ttf in Resources */,
				6597D0D02992C3AF00485932 /* OpenSans-SemiBoldItalic.ttf in Resources */,
				6597D0CB2992C3AF00485932 /* OpenSans-Italic.ttf in Resources */,
				65DC4A3D29BFADF800DCD554 /* HeaderCollectionReusableView.xib in Resources */,
				6597D0D32992C3AF00485932 /* OpenSans-Regular.ttf in Resources */,
				6597D0D42992C3AF00485932 /* OpenSans-BoldItalic.ttf in Resources */,
				65DE1B5229BD97A900C7D3E8 /* ItemCollectionViewCell.xib in Resources */,
				6500C7ED29AD1963008EBA01 /* SecureTextFieldWithLabel.xib in Resources */,
				658145B22992047100BC9067 /* Main.storyboard in Resources */,
				65629A4A29CAC5E20056F748 /* ListingViewTableViewCell.xib in Resources */,
				6597D0D22992C3AF00485932 /* OpenSans-ExtraBoldItalic.ttf in Resources */,
				65613B1129A5E04A0002B90F /* Dashboard.storyboard in Resources */,
				6506DA7629CA54B300038AF8 /* NotificationTableViewCell.xib in Resources */,
				6597D0CA2992C3AF00485932 /* OpenSans-Light.ttf in Resources */,
				6597D0CE2992C3AF00485932 /* OpenSans-LightItalic.ttf in Resources */,
				6568E10B2988AACF001482AB /* LaunchScreen.storyboard in Resources */,
				6568E1082988AACF001482AB /* Assets.xcassets in Resources */,
				6549E06429E665A600FFE871 /* CheckoutTableViewCell.xib in Resources */,
				65A646FB299C85AC00262DB8 /* Auth0.plist in Resources */,
				6597D0C92992C3AF00485932 /* OpenSans-SemiBold.ttf in Resources */,
				6568E1172988B860001482AB /* Login.storyboard in Resources */,
				6597D0CD2992C3AF00485932 /* OpenSans-ExtraBold.ttf in Resources */,
			);
			runOnlyForDeploymentPostprocessing = 0;
		};
/* End PBXResourcesBuildPhase section */

/* Begin PBXSourcesBuildPhase section */
		6568E0F72988AACF001482AB /* Sources */ = {
			isa = PBXSourcesBuildPhase;
			buildActionMask = 2147483647;
			files = (
				65613AEF29A56DD30002B90F /* DashboardViewController.swift in Sources */,
				654444C129AD5FD500E61F69 /* Coordinator.swift in Sources */,
				658145A52991B13000BC9067 /* TextFieldWithError.swift in Sources */,
				65D8877829DD07F100A7F408 /* CustomTextViewCollectionViewCell.swift in Sources */,
				65D25EBC29B28D00009AA27D /* UITapGestureRecognizer+.swift in Sources */,
				65D8878229DE109C00A7F408 /* ImageResponse.swift in Sources */,
				6534471329E47AE00056D67B /* ImageCollectionViewCell.swift in Sources */,
				65CCAFC429D770530088338B /* GetUserEndpoint.swift in Sources */,
				654444D229AFBF5D00E61F69 /* TermsOfServiceViewController.swift in Sources */,
				656F3C4829C6CB6300DFAAEC /* ContactUsViewController.swift in Sources */,
				65C28FCC2988BB6500A3BBEE /* UIViewController+.swift in Sources */,
				651218BC298AE30D000CEE52 /* ForgotPasswordVerificationViewController.swift in Sources */,
				65AB118929DB3323007E6D05 /* Auth0Manager.swift in Sources */,
				65DC4A3C29BFADF700DCD554 /* HeaderCollectionReusableView.swift in Sources */,
				659DF60D29B6FC1E00FEF0F3 /* AccountInformationViewController.swift in Sources */,
				65CCAFC229D76FF00088338B /* RegisterUserEndpoint.swift in Sources */,
				650D634729E471B200F2B0E1 /* ProductDetailsViewController.swift in Sources */,
				6534472429E628D30056D67B /* ConditionTableViewCell.swift in Sources */,
				6502B4ED29E13DA500CFA8C9 /* GetListingByCategoryEndpoint.swift in Sources */,
				6568E1142988AF50001482AB /* UIColor+.swift in Sources */,
				65D1AF6529B45D3B00B4581D /* DashboardMenuViewController.swift in Sources */,
				6512531F29DE8D8800E592FC /* ListingResponse.swift in Sources */,
				654444C729AF07BD00E61F69 /* Constant.swift in Sources */,
				65D8877029DCD96300A7F408 /* DKCustomUploadImageButton.swift in Sources */,
				6549E06929E6785E00FFE871 /* PurchaseListingEndpoint.swift in Sources */,
				6587F35B298AF37200EF5100 /* LoadingConfirmationViewController.swift in Sources */,
				65CE01112991971F00772FCA /* CreateAccountViewController.swift in Sources */,
				6506DA7029CA398400038AF8 /* DKFloatingButton.swift in Sources */,
				6502B4EB29E13BA000CFA8C9 /* GetAllListingEndpoint.swift in Sources */,
				65E3220C29E72DBB0044C3AE /* GetListingsAndNotificationsCountsEndpoint.swift in Sources */,
				65EE2FE129E7C0A100F7EAB2 /* PickupInformationViewController.swift in Sources */,
				654444C929AF18DC00E61F69 /* Auth0Error.swift in Sources */,
				6534471129E47A650056D67B /* ImageCarouselTableViewCell.swift in Sources */,
				655365C429DCAFAB00D7592D /* CreateListingViewController.swift in Sources */,
				654444D429AFBF7700E61F69 /* PrivacyPolicyViewController.swift in Sources */,
				6512531D29DE8CA900E592FC /* CreateListingEndpoint.swift in Sources */,
				65CCAFB829D76C200088338B /* NetworkManager.swift in Sources */,
				65E8A0D4299EA523009D70A0 /* String+.swift in Sources */,
				6538FB7629E0C3390004A152 /* AuthModel.swift in Sources */,
				65F41E0929BBA7D500C1C08A /* CreatePasswordViewController.swift in Sources */,
				6502B4E929E1389A00CFA8C9 /* FAQResponse.swift in Sources */,
				658145AE299201C100BC9067 /* MainViewController.swift in Sources */,
				6534471A29E533B90056D67B /* ProductNameTableViewCell.swift in Sources */,
				65629A4929CAC5E20056F748 /* ListingViewTableViewCell.swift in Sources */,
				6584B28329C6595200E3AD7E /* UserModels.swift in Sources */,
				6502B4E529E1372600CFA8C9 /* GetFAQEndpoint.swift in Sources */,
				654444CB29AF1F3E00E61F69 /* DashboardStoryboard.swift in Sources */,
				650F3EA229D9323B00111E8F /* UserPurchasesEndpoint.swift in Sources */,
				65E90FEB2988CD8000ACDC0C /* LPButton.swift in Sources */,
				650D634929E4722200F2B0E1 /* GetListingByIDEndpoint.swift in Sources */,
				6549E05F29E6632100FFE871 /* CheckoutViewController.swift in Sources */,
				65D8878029DE07E200A7F408 /* UploadImageEndpoint.swift in Sources */,
				65EFDFF329C6C6B5000F3E7E /* FAQ5ViewController.swift in Sources */,
				6568E0FF2988AACF001482AB /* AppDelegate.swift in Sources */,
				6512532229DF425A00E592FC /* DKCustomDropDown.swift in Sources */,
				65F102BD29E7269D006295C1 /* UIView+.swift in Sources */,
				656F3C4E29C829B100DFAAEC /* MyPurchasesViewController.swift in Sources */,
				65EFDFED29C6C67A000F3E7E /* FAQ2ViewController.swift in Sources */,
				65F9BF8329AD167800FADB2B /* SecureTextFieldWithLabel.swift in Sources */,
				65DE1B5129BD97A900C7D3E8 /* ItemCollectionViewCell.swift in Sources */,
				6543315129C230D3008D7728 /* DKCustomAlertViewController.swift in Sources */,
				6534472229E53DCF0056D67B /* DescriptionTableViewCell.swift in Sources */,
				65CCAFC629D770F10088338B /* UpdateUserEndpoint.swift in Sources */,
				6534471729E516610056D67B /* DropDownHelper.swift in Sources */,
				6506DA7529CA54B300038AF8 /* NotificationTableViewCell.swift in Sources */,
				65CCAFBA29D76CCF0088338B /* HttpMethod.swift in Sources */,
				65CCAFBC29D76CED0088338B /* Endpoint.swift in Sources */,
				6547D4D62992E0F700701044 /* SecureTextField.swift in Sources */,
				65DE1B4929BD887C00C7D3E8 /* CollectionViewItems.swift in Sources */,
				654444C529AD63C900E61F69 /* LoginStoryboard.swift in Sources */,
				65EFDFEF29C6C694000F3E7E /* FAQ3ViewController.swift in Sources */,
				654444C329AD60E300E61F69 /* MainCoordinator.swift in Sources */,
				65D8877629DD07CE00A7F408 /* CustomButtonCollectionViewCell.swift in Sources */,
				6534472029E539BD0056D67B /* DetailsLabelTableViewCell.swift in Sources */,
				656F3C4C29C8298700DFAAEC /* ChangePasswordViewController.swift in Sources */,
				65EBA0BE298A1E5200202C02 /* ForgotPasswordViewController.swift in Sources */,
				6549E06329E665A600FFE871 /* CheckoutTableViewCell.swift in Sources */,
				6584B28829C6AB4300E3AD7E /* FAQ1ViewController.swift in Sources */,
				65C28FC72988BA1D00A3BBEE /* LoginViewController.swift in Sources */,
				653F2401298CBE7A0053C5E1 /* UIImage+.swift in Sources */,
				6538FB7A29E0C3E70004A152 /* ProductModels.swift in Sources */,
				65DE1B4B29BD891200C7D3E8 /* FlowLayoutViewModel.swift in Sources */,
				65E0B3022996E48000A85CBB /* EmailVerificationSentViewController.swift in Sources */,
				656F3C5029C829CA00DFAAEC /* MyListingViewController.swift in Sources */,
				650F3E9F29D9267F00111E8F /* UserListingEndpoint.swift in Sources */,
				65385B5A29DCBF160030B558 /* PhotoCell.swift in Sources */,
				656F3C4A29C8282400DFAAEC /* NotificationViewController.swift in Sources */,
				6506DA7229CA45F800038AF8 /* Notification.swift in Sources */,
				6534471C29E535C20056D67B /* PriceTableViewCell.swift in Sources */,
				65D9039829E86E4B009EB7A1 /* ChangePasswordEndpoint.swift in Sources */,
				65E3221029E778EB0044C3AE /* UIUtility.swift in Sources */,
				65A646F6299C1E8000262DB8 /* CheckBox.swift in Sources */,
				65629A4C29CB6A1E0056F748 /* Purchases.swift in Sources */,
				6584B28529C6A48B00E3AD7E /* FAQViewController.swift in Sources */,
				658145AA2991B27B00BC9067 /* LPView.swift in Sources */,
				65A951D729E284BB0007B523 /* UIImageView+.swift in Sources */,
				6534471E29E537E80056D67B /* ButtonTableViewCell.swift in Sources */,
				6534472729E62FE50056D67B /* SellerProfileTableViewCell.swift in Sources */,
				65449AA829BFB63800E13CF8 /* LPCollectionViewLayout.swift in Sources */,
				65D29D562992F1B300D14140 /* UITextField+.swift in Sources */,
				6502B4E729E1372F00CFA8C9 /* GetSpecificFAQEndpoint.swift in Sources */,
				65E3220E29E774410044C3AE /* ListingsAndNotificationsCountResponse.swift in Sources */,
				65EFDFF129C6C6A6000F3E7E /* FAQ4ViewController.swift in Sources */,
				65D8877329DD072F00A7F408 /* CustomViewCollectionViewCell.swift in Sources */,
				6568E1012988AACF001482AB /* SceneDelegate.swift in Sources */,
				65D8877C29DDF8B100A7F408 /* SearchEndpoint.swift in Sources */,
			);
			runOnlyForDeploymentPostprocessing = 0;
		};
/* End PBXSourcesBuildPhase section */

/* Begin PBXVariantGroup section */
		6568E1092988AACF001482AB /* LaunchScreen.storyboard */ = {
			isa = PBXVariantGroup;
			children = (
				6568E10A2988AACF001482AB /* Base */,
			);
			name = LaunchScreen.storyboard;
			sourceTree = "<group>";
		};
/* End PBXVariantGroup section */

/* Begin XCBuildConfiguration section */
		6568E10D2988AACF001482AB /* Debug */ = {
			isa = XCBuildConfiguration;
			buildSettings = {
				ALWAYS_SEARCH_USER_PATHS = NO;
				CLANG_ANALYZER_NONNULL = YES;
				CLANG_ANALYZER_NUMBER_OBJECT_CONVERSION = YES_AGGRESSIVE;
				CLANG_CXX_LANGUAGE_STANDARD = "gnu++20";
				CLANG_ENABLE_MODULES = YES;
				CLANG_ENABLE_OBJC_ARC = YES;
				CLANG_ENABLE_OBJC_WEAK = YES;
				CLANG_WARN_BLOCK_CAPTURE_AUTORELEASING = YES;
				CLANG_WARN_BOOL_CONVERSION = YES;
				CLANG_WARN_COMMA = YES;
				CLANG_WARN_CONSTANT_CONVERSION = YES;
				CLANG_WARN_DEPRECATED_OBJC_IMPLEMENTATIONS = YES;
				CLANG_WARN_DIRECT_OBJC_ISA_USAGE = YES_ERROR;
				CLANG_WARN_DOCUMENTATION_COMMENTS = YES;
				CLANG_WARN_EMPTY_BODY = YES;
				CLANG_WARN_ENUM_CONVERSION = YES;
				CLANG_WARN_INFINITE_RECURSION = YES;
				CLANG_WARN_INT_CONVERSION = YES;
				CLANG_WARN_NON_LITERAL_NULL_CONVERSION = YES;
				CLANG_WARN_OBJC_IMPLICIT_RETAIN_SELF = YES;
				CLANG_WARN_OBJC_LITERAL_CONVERSION = YES;
				CLANG_WARN_OBJC_ROOT_CLASS = YES_ERROR;
				CLANG_WARN_QUOTED_INCLUDE_IN_FRAMEWORK_HEADER = YES;
				CLANG_WARN_RANGE_LOOP_ANALYSIS = YES;
				CLANG_WARN_STRICT_PROTOTYPES = YES;
				CLANG_WARN_SUSPICIOUS_MOVE = YES;
				CLANG_WARN_UNGUARDED_AVAILABILITY = YES_AGGRESSIVE;
				CLANG_WARN_UNREACHABLE_CODE = YES;
				CLANG_WARN__DUPLICATE_METHOD_MATCH = YES;
				COPY_PHASE_STRIP = NO;
				DEBUG_INFORMATION_FORMAT = dwarf;
				ENABLE_STRICT_OBJC_MSGSEND = YES;
				ENABLE_TESTABILITY = YES;
				GCC_C_LANGUAGE_STANDARD = gnu11;
				GCC_DYNAMIC_NO_PIC = NO;
				GCC_NO_COMMON_BLOCKS = YES;
				GCC_OPTIMIZATION_LEVEL = 0;
				GCC_PREPROCESSOR_DEFINITIONS = (
					"DEBUG=1",
					"$(inherited)",
				);
				GCC_WARN_64_TO_32_BIT_CONVERSION = YES;
				GCC_WARN_ABOUT_RETURN_TYPE = YES_ERROR;
				GCC_WARN_UNDECLARED_SELECTOR = YES;
				GCC_WARN_UNINITIALIZED_AUTOS = YES_AGGRESSIVE;
				GCC_WARN_UNUSED_FUNCTION = YES;
				GCC_WARN_UNUSED_VARIABLE = YES;
				IPHONEOS_DEPLOYMENT_TARGET = 16.2;
				MTL_ENABLE_DEBUG_INFO = INCLUDE_SOURCE;
				MTL_FAST_MATH = YES;
				ONLY_ACTIVE_ARCH = YES;
				SDKROOT = iphoneos;
				SWIFT_ACTIVE_COMPILATION_CONDITIONS = DEBUG;
				SWIFT_OPTIMIZATION_LEVEL = "-Onone";
			};
			name = Debug;
		};
		6568E10E2988AACF001482AB /* Release */ = {
			isa = XCBuildConfiguration;
			buildSettings = {
				ALWAYS_SEARCH_USER_PATHS = NO;
				CLANG_ANALYZER_NONNULL = YES;
				CLANG_ANALYZER_NUMBER_OBJECT_CONVERSION = YES_AGGRESSIVE;
				CLANG_CXX_LANGUAGE_STANDARD = "gnu++20";
				CLANG_ENABLE_MODULES = YES;
				CLANG_ENABLE_OBJC_ARC = YES;
				CLANG_ENABLE_OBJC_WEAK = YES;
				CLANG_WARN_BLOCK_CAPTURE_AUTORELEASING = YES;
				CLANG_WARN_BOOL_CONVERSION = YES;
				CLANG_WARN_COMMA = YES;
				CLANG_WARN_CONSTANT_CONVERSION = YES;
				CLANG_WARN_DEPRECATED_OBJC_IMPLEMENTATIONS = YES;
				CLANG_WARN_DIRECT_OBJC_ISA_USAGE = YES_ERROR;
				CLANG_WARN_DOCUMENTATION_COMMENTS = YES;
				CLANG_WARN_EMPTY_BODY = YES;
				CLANG_WARN_ENUM_CONVERSION = YES;
				CLANG_WARN_INFINITE_RECURSION = YES;
				CLANG_WARN_INT_CONVERSION = YES;
				CLANG_WARN_NON_LITERAL_NULL_CONVERSION = YES;
				CLANG_WARN_OBJC_IMPLICIT_RETAIN_SELF = YES;
				CLANG_WARN_OBJC_LITERAL_CONVERSION = YES;
				CLANG_WARN_OBJC_ROOT_CLASS = YES_ERROR;
				CLANG_WARN_QUOTED_INCLUDE_IN_FRAMEWORK_HEADER = YES;
				CLANG_WARN_RANGE_LOOP_ANALYSIS = YES;
				CLANG_WARN_STRICT_PROTOTYPES = YES;
				CLANG_WARN_SUSPICIOUS_MOVE = YES;
				CLANG_WARN_UNGUARDED_AVAILABILITY = YES_AGGRESSIVE;
				CLANG_WARN_UNREACHABLE_CODE = YES;
				CLANG_WARN__DUPLICATE_METHOD_MATCH = YES;
				COPY_PHASE_STRIP = NO;
				DEBUG_INFORMATION_FORMAT = "dwarf-with-dsym";
				ENABLE_NS_ASSERTIONS = NO;
				ENABLE_STRICT_OBJC_MSGSEND = YES;
				GCC_C_LANGUAGE_STANDARD = gnu11;
				GCC_NO_COMMON_BLOCKS = YES;
				GCC_WARN_64_TO_32_BIT_CONVERSION = YES;
				GCC_WARN_ABOUT_RETURN_TYPE = YES_ERROR;
				GCC_WARN_UNDECLARED_SELECTOR = YES;
				GCC_WARN_UNINITIALIZED_AUTOS = YES_AGGRESSIVE;
				GCC_WARN_UNUSED_FUNCTION = YES;
				GCC_WARN_UNUSED_VARIABLE = YES;
				IPHONEOS_DEPLOYMENT_TARGET = 16.2;
				MTL_ENABLE_DEBUG_INFO = NO;
				MTL_FAST_MATH = YES;
				SDKROOT = iphoneos;
				SWIFT_COMPILATION_MODE = wholemodule;
				SWIFT_OPTIMIZATION_LEVEL = "-O";
				VALIDATE_PRODUCT = YES;
			};
			name = Release;
		};
		6568E1102988AACF001482AB /* Debug */ = {
			isa = XCBuildConfiguration;
			buildSettings = {
				ASSETCATALOG_COMPILER_APPICON_NAME = AppIcon;
				ASSETCATALOG_COMPILER_GLOBAL_ACCENT_COLOR_NAME = AccentColor;
				CODE_SIGN_STYLE = Automatic;
				CURRENT_PROJECT_VERSION = 1;
				DEVELOPMENT_TEAM = U7J6A6CHGG;
				GENERATE_INFOPLIST_FILE = YES;
				INFOPLIST_FILE = MKTFY/Info.plist;
				INFOPLIST_KEY_UIApplicationSupportsIndirectInputEvents = YES;
				INFOPLIST_KEY_UILaunchStoryboardName = LaunchScreen;
				INFOPLIST_KEY_UIMainStoryboardFile = Main;
				INFOPLIST_KEY_UISupportedInterfaceOrientations_iPad = "UIInterfaceOrientationPortrait UIInterfaceOrientationPortraitUpsideDown UIInterfaceOrientationLandscapeLeft UIInterfaceOrientationLandscapeRight";
				INFOPLIST_KEY_UISupportedInterfaceOrientations_iPhone = "UIInterfaceOrientationPortrait UIInterfaceOrientationLandscapeLeft UIInterfaceOrientationLandscapeRight";
				LD_RUNPATH_SEARCH_PATHS = (
					"$(inherited)",
					"@executable_path/Frameworks",
				);
				MARKETING_VERSION = 1.0;
				PRODUCT_BUNDLE_IDENTIFIER = derekkim.MKTFY;
				PRODUCT_NAME = "$(TARGET_NAME)";
				SWIFT_EMIT_LOC_STRINGS = YES;
				SWIFT_VERSION = 5.0;
				TARGETED_DEVICE_FAMILY = "1,2";
			};
			name = Debug;
		};
		6568E1112988AACF001482AB /* Release */ = {
			isa = XCBuildConfiguration;
			buildSettings = {
				ASSETCATALOG_COMPILER_APPICON_NAME = AppIcon;
				ASSETCATALOG_COMPILER_GLOBAL_ACCENT_COLOR_NAME = AccentColor;
				CODE_SIGN_STYLE = Automatic;
				CURRENT_PROJECT_VERSION = 1;
				DEVELOPMENT_TEAM = U7J6A6CHGG;
				GENERATE_INFOPLIST_FILE = YES;
				INFOPLIST_FILE = MKTFY/Info.plist;
				INFOPLIST_KEY_UIApplicationSupportsIndirectInputEvents = YES;
				INFOPLIST_KEY_UILaunchStoryboardName = LaunchScreen;
				INFOPLIST_KEY_UIMainStoryboardFile = Main;
				INFOPLIST_KEY_UISupportedInterfaceOrientations_iPad = "UIInterfaceOrientationPortrait UIInterfaceOrientationPortraitUpsideDown UIInterfaceOrientationLandscapeLeft UIInterfaceOrientationLandscapeRight";
				INFOPLIST_KEY_UISupportedInterfaceOrientations_iPhone = "UIInterfaceOrientationPortrait UIInterfaceOrientationLandscapeLeft UIInterfaceOrientationLandscapeRight";
				LD_RUNPATH_SEARCH_PATHS = (
					"$(inherited)",
					"@executable_path/Frameworks",
				);
				MARKETING_VERSION = 1.0;
				PRODUCT_BUNDLE_IDENTIFIER = derekkim.MKTFY;
				PRODUCT_NAME = "$(TARGET_NAME)";
				SWIFT_EMIT_LOC_STRINGS = YES;
				SWIFT_VERSION = 5.0;
				TARGETED_DEVICE_FAMILY = "1,2";
			};
			name = Release;
		};
/* End XCBuildConfiguration section */

/* Begin XCConfigurationList section */
		6568E0F62988AACF001482AB /* Build configuration list for PBXProject "MKTFY" */ = {
			isa = XCConfigurationList;
			buildConfigurations = (
				6568E10D2988AACF001482AB /* Debug */,
				6568E10E2988AACF001482AB /* Release */,
			);
			defaultConfigurationIsVisible = 0;
			defaultConfigurationName = Release;
		};
		6568E10F2988AACF001482AB /* Build configuration list for PBXNativeTarget "MKTFY" */ = {
			isa = XCConfigurationList;
			buildConfigurations = (
				6568E1102988AACF001482AB /* Debug */,
				6568E1112988AACF001482AB /* Release */,
			);
			defaultConfigurationIsVisible = 0;
			defaultConfigurationName = Release;
		};
/* End XCConfigurationList section */

/* Begin XCRemoteSwiftPackageReference section */
		65A646F7299C854D00262DB8 /* XCRemoteSwiftPackageReference "Auth0" */ = {
			isa = XCRemoteSwiftPackageReference;
			repositoryURL = "https://github.com/auth0/Auth0.swift";
			requirement = {
				kind = upToNextMajorVersion;
				minimumVersion = 2.0.0;
			};
		};
/* End XCRemoteSwiftPackageReference section */

/* Begin XCSwiftPackageProductDependency section */
		65A646F8299C854D00262DB8 /* Auth0 */ = {
			isa = XCSwiftPackageProductDependency;
			package = 65A646F7299C854D00262DB8 /* XCRemoteSwiftPackageReference "Auth0" */;
			productName = Auth0;
		};
/* End XCSwiftPackageProductDependency section */
	};
	rootObject = 6568E0F32988AACF001482AB /* Project object */;
}
