// !$*UTF8*$!
{
	archiveVersion = 1;
	classes = {
	};
	objectVersion = 56;
	objects = {

/* Begin PBXBuildFile section */
		6500C7ED29AD1963008EBA01 /* SecureTextFieldWithLabel.xib in Resources */ = {isa = PBXBuildFile; fileRef = 6500C7EC29AD1963008EBA01 /* SecureTextFieldWithLabel.xib */; };
		6506DA7029CA398400038AF8 /* FloatingButton.swift in Sources */ = {isa = PBXBuildFile; fileRef = 6506DA6F29CA398400038AF8 /* FloatingButton.swift */; };
		651218BC298AE30D000CEE52 /* ForgotPasswordVerificationViewController.swift in Sources */ = {isa = PBXBuildFile; fileRef = 651218BB298AE30D000CEE52 /* ForgotPasswordVerificationViewController.swift */; };
		653F2401298CBE7A0053C5E1 /* UIImage+.swift in Sources */ = {isa = PBXBuildFile; fileRef = 653F2400298CBE7A0053C5E1 /* UIImage+.swift */; };
		6543314729C226E4008D7728 /* CreateListingViewController.swift in Sources */ = {isa = PBXBuildFile; fileRef = 6543314629C226E4008D7728 /* CreateListingViewController.swift */; };
		6543315129C230D3008D7728 /* CustomAlertViewController.swift in Sources */ = {isa = PBXBuildFile; fileRef = 6543314F29C230D3008D7728 /* CustomAlertViewController.swift */; };
		654444C129AD5FD500E61F69 /* Coordinator.swift in Sources */ = {isa = PBXBuildFile; fileRef = 654444C029AD5FD500E61F69 /* Coordinator.swift */; };
		654444C329AD60E300E61F69 /* MainCoordinator.swift in Sources */ = {isa = PBXBuildFile; fileRef = 654444C229AD60E300E61F69 /* MainCoordinator.swift */; };
		654444C529AD63C900E61F69 /* LoginStoryboard.swift in Sources */ = {isa = PBXBuildFile; fileRef = 654444C429AD63C900E61F69 /* LoginStoryboard.swift */; };
		654444C729AF07BD00E61F69 /* Constant.swift in Sources */ = {isa = PBXBuildFile; fileRef = 654444C629AF07BD00E61F69 /* Constant.swift */; };
		654444C929AF18DC00E61F69 /* Auth0Error.swift in Sources */ = {isa = PBXBuildFile; fileRef = 654444C829AF18DC00E61F69 /* Auth0Error.swift */; };
		654444CB29AF1F3E00E61F69 /* DashboardStoryboard.swift in Sources */ = {isa = PBXBuildFile; fileRef = 654444CA29AF1F3E00E61F69 /* DashboardStoryboard.swift */; };
		654444D229AFBF5D00E61F69 /* TermsOfServiceViewController.swift in Sources */ = {isa = PBXBuildFile; fileRef = 654444D129AFBF5D00E61F69 /* TermsOfServiceViewController.swift */; };
		654444D429AFBF7700E61F69 /* PrivacyPolicyViewController.swift in Sources */ = {isa = PBXBuildFile; fileRef = 654444D329AFBF7700E61F69 /* PrivacyPolicyViewController.swift */; };
		65449AA829BFB63800E13CF8 /* LPCollectionViewLayout.swift in Sources */ = {isa = PBXBuildFile; fileRef = 65449AA729BFB63800E13CF8 /* LPCollectionViewLayout.swift */; };
		6547D4D42992E0EB00701044 /* SecureTextField.xib in Resources */ = {isa = PBXBuildFile; fileRef = 6547D4D32992E0EB00701044 /* SecureTextField.xib */; };
		6547D4D62992E0F700701044 /* SecureTextField.swift in Sources */ = {isa = PBXBuildFile; fileRef = 6547D4D52992E0F700701044 /* SecureTextField.swift */; };
		655604A029C4F2F000B8B20A /* ListingViewTile.swift in Sources */ = {isa = PBXBuildFile; fileRef = 6556049F29C4F2F000B8B20A /* ListingViewTile.swift */; };
		655604A229C4F2FC00B8B20A /* ListingViewTile.xib in Resources */ = {isa = PBXBuildFile; fileRef = 655604A129C4F2FC00B8B20A /* ListingViewTile.xib */; };
		6557135A29C8EBF300D60584 /* NotificationViewTile.swift in Sources */ = {isa = PBXBuildFile; fileRef = 6557135929C8EBF300D60584 /* NotificationViewTile.swift */; };
		6557135C29C8EC0800D60584 /* NotificationViewTile.xib in Resources */ = {isa = PBXBuildFile; fileRef = 6557135B29C8EC0800D60584 /* NotificationViewTile.xib */; };
		65613AEF29A56DD30002B90F /* DashboardViewController.swift in Sources */ = {isa = PBXBuildFile; fileRef = 65613AEE29A56DD30002B90F /* DashboardViewController.swift */; };
		65613B1129A5E04A0002B90F /* Dashboard.storyboard in Resources */ = {isa = PBXBuildFile; fileRef = 65613B1029A5E04A0002B90F /* Dashboard.storyboard */; };
		6568E0FF2988AACF001482AB /* AppDelegate.swift in Sources */ = {isa = PBXBuildFile; fileRef = 6568E0FE2988AACF001482AB /* AppDelegate.swift */; };
		6568E1012988AACF001482AB /* SceneDelegate.swift in Sources */ = {isa = PBXBuildFile; fileRef = 6568E1002988AACF001482AB /* SceneDelegate.swift */; };
		6568E1082988AACF001482AB /* Assets.xcassets in Resources */ = {isa = PBXBuildFile; fileRef = 6568E1072988AACF001482AB /* Assets.xcassets */; };
		6568E10B2988AACF001482AB /* LaunchScreen.storyboard in Resources */ = {isa = PBXBuildFile; fileRef = 6568E1092988AACF001482AB /* LaunchScreen.storyboard */; };
		6568E1142988AF50001482AB /* UIColor+.swift in Sources */ = {isa = PBXBuildFile; fileRef = 6568E1132988AF50001482AB /* UIColor+.swift */; };
		6568E1172988B860001482AB /* Login.storyboard in Resources */ = {isa = PBXBuildFile; fileRef = 6568E1162988B860001482AB /* Login.storyboard */; };
		656F3C4829C6CB6300DFAAEC /* ContactUsViewController.swift in Sources */ = {isa = PBXBuildFile; fileRef = 656F3C4729C6CB6300DFAAEC /* ContactUsViewController.swift */; };
		656F3C4A29C8282400DFAAEC /* NotificationViewController.swift in Sources */ = {isa = PBXBuildFile; fileRef = 656F3C4929C8282400DFAAEC /* NotificationViewController.swift */; };
		656F3C4C29C8298700DFAAEC /* ChangePasswordViewController.swift in Sources */ = {isa = PBXBuildFile; fileRef = 656F3C4B29C8298700DFAAEC /* ChangePasswordViewController.swift */; };
		656F3C4E29C829B100DFAAEC /* MyPurchasesViewController.swift in Sources */ = {isa = PBXBuildFile; fileRef = 656F3C4D29C829B100DFAAEC /* MyPurchasesViewController.swift */; };
		656F3C5029C829CA00DFAAEC /* MyListingViewController.swift in Sources */ = {isa = PBXBuildFile; fileRef = 656F3C4F29C829CA00DFAAEC /* MyListingViewController.swift */; };
		658145A52991B13000BC9067 /* TextFieldWithError.swift in Sources */ = {isa = PBXBuildFile; fileRef = 658145A42991B13000BC9067 /* TextFieldWithError.swift */; };
		658145A72991B13C00BC9067 /* TextFieldWithError.xib in Resources */ = {isa = PBXBuildFile; fileRef = 658145A62991B13C00BC9067 /* TextFieldWithError.xib */; };
		658145AA2991B27B00BC9067 /* LPView.swift in Sources */ = {isa = PBXBuildFile; fileRef = 658145A92991B27B00BC9067 /* LPView.swift */; };
		658145AE299201C100BC9067 /* MainViewController.swift in Sources */ = {isa = PBXBuildFile; fileRef = 658145AD299201C100BC9067 /* MainViewController.swift */; };
		658145B22992047100BC9067 /* Main.storyboard in Resources */ = {isa = PBXBuildFile; fileRef = 658145B12992047100BC9067 /* Main.storyboard */; };
		6584B28329C6595200E3AD7E /* User.swift in Sources */ = {isa = PBXBuildFile; fileRef = 6584B28229C6595200E3AD7E /* User.swift */; };
		6584B28529C6A48B00E3AD7E /* FAQViewController.swift in Sources */ = {isa = PBXBuildFile; fileRef = 6584B28429C6A48B00E3AD7E /* FAQViewController.swift */; };
		6584B28829C6AB4300E3AD7E /* FAQ1ViewController.swift in Sources */ = {isa = PBXBuildFile; fileRef = 6584B28729C6AB4300E3AD7E /* FAQ1ViewController.swift */; };
		6587F35B298AF37200EF5100 /* LoadingConfirmationViewController.swift in Sources */ = {isa = PBXBuildFile; fileRef = 6587F35A298AF37200EF5100 /* LoadingConfirmationViewController.swift */; };
		6587F35E298AFAB500EF5100 /* MainNavigationController.swift in Sources */ = {isa = PBXBuildFile; fileRef = 6587F35D298AFAB500EF5100 /* MainNavigationController.swift */; };
		6597D0C92992C3AF00485932 /* OpenSans-SemiBold.ttf in Resources */ = {isa = PBXBuildFile; fileRef = 6597D0BD2992C3AF00485932 /* OpenSans-SemiBold.ttf */; };
		6597D0CA2992C3AF00485932 /* OpenSans-Light.ttf in Resources */ = {isa = PBXBuildFile; fileRef = 6597D0BE2992C3AF00485932 /* OpenSans-Light.ttf */; };
		6597D0CB2992C3AF00485932 /* OpenSans-Italic.ttf in Resources */ = {isa = PBXBuildFile; fileRef = 6597D0BF2992C3AF00485932 /* OpenSans-Italic.ttf */; };
		6597D0CC2992C3AF00485932 /* OpenSans-MediumItalic.ttf in Resources */ = {isa = PBXBuildFile; fileRef = 6597D0C02992C3AF00485932 /* OpenSans-MediumItalic.ttf */; };
		6597D0CD2992C3AF00485932 /* OpenSans-ExtraBold.ttf in Resources */ = {isa = PBXBuildFile; fileRef = 6597D0C12992C3AF00485932 /* OpenSans-ExtraBold.ttf */; };
		6597D0CE2992C3AF00485932 /* OpenSans-LightItalic.ttf in Resources */ = {isa = PBXBuildFile; fileRef = 6597D0C22992C3AF00485932 /* OpenSans-LightItalic.ttf */; };
		6597D0CF2992C3AF00485932 /* OpenSans-Bold.ttf in Resources */ = {isa = PBXBuildFile; fileRef = 6597D0C32992C3AF00485932 /* OpenSans-Bold.ttf */; };
		6597D0D02992C3AF00485932 /* OpenSans-SemiBoldItalic.ttf in Resources */ = {isa = PBXBuildFile; fileRef = 6597D0C42992C3AF00485932 /* OpenSans-SemiBoldItalic.ttf */; };
		6597D0D12992C3AF00485932 /* OpenSans-Medium.ttf in Resources */ = {isa = PBXBuildFile; fileRef = 6597D0C52992C3AF00485932 /* OpenSans-Medium.ttf */; };
		6597D0D22992C3AF00485932 /* OpenSans-ExtraBoldItalic.ttf in Resources */ = {isa = PBXBuildFile; fileRef = 6597D0C62992C3AF00485932 /* OpenSans-ExtraBoldItalic.ttf */; };
		6597D0D32992C3AF00485932 /* OpenSans-Regular.ttf in Resources */ = {isa = PBXBuildFile; fileRef = 6597D0C72992C3AF00485932 /* OpenSans-Regular.ttf */; };
		6597D0D42992C3AF00485932 /* OpenSans-BoldItalic.ttf in Resources */ = {isa = PBXBuildFile; fileRef = 6597D0C82992C3AF00485932 /* OpenSans-BoldItalic.ttf */; };
		659DF60D29B6FC1E00FEF0F3 /* AccountInformationViewController.swift in Sources */ = {isa = PBXBuildFile; fileRef = 659DF60C29B6FC1E00FEF0F3 /* AccountInformationViewController.swift */; };
		65A646F6299C1E8000262DB8 /* CheckBox.swift in Sources */ = {isa = PBXBuildFile; fileRef = 65A646F5299C1E8000262DB8 /* CheckBox.swift */; };
		65A646F9299C854D00262DB8 /* Auth0 in Frameworks */ = {isa = PBXBuildFile; productRef = 65A646F8299C854D00262DB8 /* Auth0 */; };
		65A646FB299C85AC00262DB8 /* Auth0.plist in Resources */ = {isa = PBXBuildFile; fileRef = 65A646FA299C85AC00262DB8 /* Auth0.plist */; };
		65AB2A6329AB083B002B3D1B /* .gitignore in Resources */ = {isa = PBXBuildFile; fileRef = 65AB2A6229AB083B002B3D1B /* .gitignore */; };
		65C28FC72988BA1D00A3BBEE /* LoginViewController.swift in Sources */ = {isa = PBXBuildFile; fileRef = 65C28FC62988BA1D00A3BBEE /* LoginViewController.swift */; };
		65C28FCC2988BB6500A3BBEE /* UIViewController+.swift in Sources */ = {isa = PBXBuildFile; fileRef = 65C28FCB2988BB6500A3BBEE /* UIViewController+.swift */; };
		65CE01112991971F00772FCA /* CreateAccountViewController.swift in Sources */ = {isa = PBXBuildFile; fileRef = 65CE01102991971F00772FCA /* CreateAccountViewController.swift */; };
		65D1AF6529B45D3B00B4581D /* DashboardMenuViewController.swift in Sources */ = {isa = PBXBuildFile; fileRef = 65D1AF6429B45D3B00B4581D /* DashboardMenuViewController.swift */; };
		65D25EBC29B28D00009AA27D /* UITapGestureRecognizer+.swift in Sources */ = {isa = PBXBuildFile; fileRef = 65D25EBB29B28D00009AA27D /* UITapGestureRecognizer+.swift */; };
		65D29D562992F1B300D14140 /* UITextField+.swift in Sources */ = {isa = PBXBuildFile; fileRef = 65D29D552992F1B300D14140 /* UITextField+.swift */; };
		65DC4A3C29BFADF700DCD554 /* HeaderCollectionReusableView.swift in Sources */ = {isa = PBXBuildFile; fileRef = 65DC4A3A29BFADF700DCD554 /* HeaderCollectionReusableView.swift */; };
		65DC4A3D29BFADF800DCD554 /* HeaderCollectionReusableView.xib in Resources */ = {isa = PBXBuildFile; fileRef = 65DC4A3B29BFADF700DCD554 /* HeaderCollectionReusableView.xib */; };
		65DE1B4929BD887C00C7D3E8 /* Items.swift in Sources */ = {isa = PBXBuildFile; fileRef = 65DE1B4829BD887C00C7D3E8 /* Items.swift */; };
		65DE1B4B29BD891200C7D3E8 /* FlowLayoutViewModel.swift in Sources */ = {isa = PBXBuildFile; fileRef = 65DE1B4A29BD891200C7D3E8 /* FlowLayoutViewModel.swift */; };
		65DE1B5129BD97A900C7D3E8 /* ItemCollectionViewCell.swift in Sources */ = {isa = PBXBuildFile; fileRef = 65DE1B4F29BD97A900C7D3E8 /* ItemCollectionViewCell.swift */; };
		65DE1B5229BD97A900C7D3E8 /* ItemCollectionViewCell.xib in Resources */ = {isa = PBXBuildFile; fileRef = 65DE1B5029BD97A900C7D3E8 /* ItemCollectionViewCell.xib */; };
		65E0B3022996E48000A85CBB /* EmailVerificationSentViewController.swift in Sources */ = {isa = PBXBuildFile; fileRef = 65E0B3012996E48000A85CBB /* EmailVerificationSentViewController.swift */; };
		65E7DE1F299D4ADE00926A1F /* Auth0Manager.swift in Sources */ = {isa = PBXBuildFile; fileRef = 65E7DE1E299D4ADE00926A1F /* Auth0Manager.swift */; };
		65E7DE23299D722B00926A1F /* Users.swift in Sources */ = {isa = PBXBuildFile; fileRef = 65E7DE22299D722B00926A1F /* Users.swift */; };
		65E8A0D4299EA523009D70A0 /* String+.swift in Sources */ = {isa = PBXBuildFile; fileRef = 65E8A0D3299EA523009D70A0 /* String+.swift */; };
		65E90FEB2988CD8000ACDC0C /* Button.swift in Sources */ = {isa = PBXBuildFile; fileRef = 65E90FEA2988CD8000ACDC0C /* Button.swift */; };
		65EBA0BE298A1E5200202C02 /* ForgotPasswordViewController.swift in Sources */ = {isa = PBXBuildFile; fileRef = 65EBA0BD298A1E5200202C02 /* ForgotPasswordViewController.swift */; };
		65EFDFED29C6C67A000F3E7E /* FAQ2ViewController.swift in Sources */ = {isa = PBXBuildFile; fileRef = 65EFDFEC29C6C67A000F3E7E /* FAQ2ViewController.swift */; };
		65EFDFEF29C6C694000F3E7E /* FAQ3ViewController.swift in Sources */ = {isa = PBXBuildFile; fileRef = 65EFDFEE29C6C694000F3E7E /* FAQ3ViewController.swift */; };
		65EFDFF129C6C6A6000F3E7E /* FAQ4ViewController.swift in Sources */ = {isa = PBXBuildFile; fileRef = 65EFDFF029C6C6A6000F3E7E /* FAQ4ViewController.swift */; };
		65EFDFF329C6C6B5000F3E7E /* FAQ5ViewController.swift in Sources */ = {isa = PBXBuildFile; fileRef = 65EFDFF229C6C6B5000F3E7E /* FAQ5ViewController.swift */; };
		65F41E0929BBA7D500C1C08A /* CreatePasswordViewController.swift in Sources */ = {isa = PBXBuildFile; fileRef = 65F41E0829BBA7D500C1C08A /* CreatePasswordViewController.swift */; };
		65F9BF8329AD167800FADB2B /* SecureTextFieldWithLabel.swift in Sources */ = {isa = PBXBuildFile; fileRef = 65F9BF8229AD167800FADB2B /* SecureTextFieldWithLabel.swift */; };
/* End PBXBuildFile section */

/* Begin PBXFileReference section */
		6500C7EC29AD1963008EBA01 /* SecureTextFieldWithLabel.xib */ = {isa = PBXFileReference; lastKnownFileType = file.xib; path = SecureTextFieldWithLabel.xib; sourceTree = "<group>"; };
		6506DA6F29CA398400038AF8 /* FloatingButton.swift */ = {isa = PBXFileReference; lastKnownFileType = sourcecode.swift; path = FloatingButton.swift; sourceTree = "<group>"; };
		651218BB298AE30D000CEE52 /* ForgotPasswordVerificationViewController.swift */ = {isa = PBXFileReference; lastKnownFileType = sourcecode.swift; path = ForgotPasswordVerificationViewController.swift; sourceTree = "<group>"; };
		653F2400298CBE7A0053C5E1 /* UIImage+.swift */ = {isa = PBXFileReference; lastKnownFileType = sourcecode.swift; path = "UIImage+.swift"; sourceTree = "<group>"; };
		6543314629C226E4008D7728 /* CreateListingViewController.swift */ = {isa = PBXFileReference; lastKnownFileType = sourcecode.swift; path = CreateListingViewController.swift; sourceTree = "<group>"; };
		6543314F29C230D3008D7728 /* CustomAlertViewController.swift */ = {isa = PBXFileReference; lastKnownFileType = sourcecode.swift; path = CustomAlertViewController.swift; sourceTree = "<group>"; };
		654444C029AD5FD500E61F69 /* Coordinator.swift */ = {isa = PBXFileReference; lastKnownFileType = sourcecode.swift; path = Coordinator.swift; sourceTree = "<group>"; };
		654444C229AD60E300E61F69 /* MainCoordinator.swift */ = {isa = PBXFileReference; lastKnownFileType = sourcecode.swift; path = MainCoordinator.swift; sourceTree = "<group>"; };
		654444C429AD63C900E61F69 /* LoginStoryboard.swift */ = {isa = PBXFileReference; lastKnownFileType = sourcecode.swift; path = LoginStoryboard.swift; sourceTree = "<group>"; };
		654444C629AF07BD00E61F69 /* Constant.swift */ = {isa = PBXFileReference; lastKnownFileType = sourcecode.swift; path = Constant.swift; sourceTree = "<group>"; };
		654444C829AF18DC00E61F69 /* Auth0Error.swift */ = {isa = PBXFileReference; lastKnownFileType = sourcecode.swift; path = Auth0Error.swift; sourceTree = "<group>"; };
		654444CA29AF1F3E00E61F69 /* DashboardStoryboard.swift */ = {isa = PBXFileReference; lastKnownFileType = sourcecode.swift; path = DashboardStoryboard.swift; sourceTree = "<group>"; };
		654444D129AFBF5D00E61F69 /* TermsOfServiceViewController.swift */ = {isa = PBXFileReference; lastKnownFileType = sourcecode.swift; path = TermsOfServiceViewController.swift; sourceTree = "<group>"; };
		654444D329AFBF7700E61F69 /* PrivacyPolicyViewController.swift */ = {isa = PBXFileReference; lastKnownFileType = sourcecode.swift; path = PrivacyPolicyViewController.swift; sourceTree = "<group>"; };
		65449AA729BFB63800E13CF8 /* LPCollectionViewLayout.swift */ = {isa = PBXFileReference; lastKnownFileType = sourcecode.swift; path = LPCollectionViewLayout.swift; sourceTree = "<group>"; };
		6547D4D32992E0EB00701044 /* SecureTextField.xib */ = {isa = PBXFileReference; lastKnownFileType = file.xib; path = SecureTextField.xib; sourceTree = "<group>"; };
		6547D4D52992E0F700701044 /* SecureTextField.swift */ = {isa = PBXFileReference; lastKnownFileType = sourcecode.swift; path = SecureTextField.swift; sourceTree = "<group>"; };
		6556049F29C4F2F000B8B20A /* ListingViewTile.swift */ = {isa = PBXFileReference; lastKnownFileType = sourcecode.swift; path = ListingViewTile.swift; sourceTree = "<group>"; };
		655604A129C4F2FC00B8B20A /* ListingViewTile.xib */ = {isa = PBXFileReference; lastKnownFileType = file.xib; path = ListingViewTile.xib; sourceTree = "<group>"; };
		6557135929C8EBF300D60584 /* NotificationViewTile.swift */ = {isa = PBXFileReference; lastKnownFileType = sourcecode.swift; path = NotificationViewTile.swift; sourceTree = "<group>"; };
		6557135B29C8EC0800D60584 /* NotificationViewTile.xib */ = {isa = PBXFileReference; lastKnownFileType = file.xib; path = NotificationViewTile.xib; sourceTree = "<group>"; };
		65613AEE29A56DD30002B90F /* DashboardViewController.swift */ = {isa = PBXFileReference; lastKnownFileType = sourcecode.swift; path = DashboardViewController.swift; sourceTree = "<group>"; };
		65613B1029A5E04A0002B90F /* Dashboard.storyboard */ = {isa = PBXFileReference; lastKnownFileType = file.storyboard; path = Dashboard.storyboard; sourceTree = "<group>"; };
		6568E0FB2988AACF001482AB /* MKTFY.app */ = {isa = PBXFileReference; explicitFileType = wrapper.application; includeInIndex = 0; path = MKTFY.app; sourceTree = BUILT_PRODUCTS_DIR; };
		6568E0FE2988AACF001482AB /* AppDelegate.swift */ = {isa = PBXFileReference; lastKnownFileType = sourcecode.swift; path = AppDelegate.swift; sourceTree = "<group>"; };
		6568E1002988AACF001482AB /* SceneDelegate.swift */ = {isa = PBXFileReference; lastKnownFileType = sourcecode.swift; path = SceneDelegate.swift; sourceTree = "<group>"; };
		6568E1072988AACF001482AB /* Assets.xcassets */ = {isa = PBXFileReference; lastKnownFileType = folder.assetcatalog; path = Assets.xcassets; sourceTree = "<group>"; };
		6568E10A2988AACF001482AB /* Base */ = {isa = PBXFileReference; lastKnownFileType = file.storyboard; name = Base; path = Base.lproj/LaunchScreen.storyboard; sourceTree = "<group>"; };
		6568E10C2988AACF001482AB /* Info.plist */ = {isa = PBXFileReference; lastKnownFileType = text.plist.xml; path = Info.plist; sourceTree = "<group>"; };
		6568E1132988AF50001482AB /* UIColor+.swift */ = {isa = PBXFileReference; lastKnownFileType = sourcecode.swift; path = "UIColor+.swift"; sourceTree = "<group>"; };
		6568E1162988B860001482AB /* Login.storyboard */ = {isa = PBXFileReference; lastKnownFileType = file.storyboard; path = Login.storyboard; sourceTree = "<group>"; };
		656F3C4729C6CB6300DFAAEC /* ContactUsViewController.swift */ = {isa = PBXFileReference; lastKnownFileType = sourcecode.swift; path = ContactUsViewController.swift; sourceTree = "<group>"; };
		656F3C4929C8282400DFAAEC /* NotificationViewController.swift */ = {isa = PBXFileReference; lastKnownFileType = sourcecode.swift; path = NotificationViewController.swift; sourceTree = "<group>"; };
		656F3C4B29C8298700DFAAEC /* ChangePasswordViewController.swift */ = {isa = PBXFileReference; lastKnownFileType = sourcecode.swift; path = ChangePasswordViewController.swift; sourceTree = "<group>"; };
		656F3C4D29C829B100DFAAEC /* MyPurchasesViewController.swift */ = {isa = PBXFileReference; lastKnownFileType = sourcecode.swift; path = MyPurchasesViewController.swift; sourceTree = "<group>"; };
		656F3C4F29C829CA00DFAAEC /* MyListingViewController.swift */ = {isa = PBXFileReference; lastKnownFileType = sourcecode.swift; path = MyListingViewController.swift; sourceTree = "<group>"; };
		658145A42991B13000BC9067 /* TextFieldWithError.swift */ = {isa = PBXFileReference; lastKnownFileType = sourcecode.swift; path = TextFieldWithError.swift; sourceTree = "<group>"; };
		658145A62991B13C00BC9067 /* TextFieldWithError.xib */ = {isa = PBXFileReference; lastKnownFileType = file.xib; path = TextFieldWithError.xib; sourceTree = "<group>"; };
		658145A92991B27B00BC9067 /* LPView.swift */ = {isa = PBXFileReference; lastKnownFileType = sourcecode.swift; path = LPView.swift; sourceTree = "<group>"; };
		658145AD299201C100BC9067 /* MainViewController.swift */ = {isa = PBXFileReference; lastKnownFileType = sourcecode.swift; path = MainViewController.swift; sourceTree = "<group>"; };
		658145B12992047100BC9067 /* Main.storyboard */ = {isa = PBXFileReference; lastKnownFileType = file.storyboard; path = Main.storyboard; sourceTree = "<group>"; };
		6584B28229C6595200E3AD7E /* User.swift */ = {isa = PBXFileReference; lastKnownFileType = sourcecode.swift; path = User.swift; sourceTree = "<group>"; };
		6584B28429C6A48B00E3AD7E /* FAQViewController.swift */ = {isa = PBXFileReference; lastKnownFileType = sourcecode.swift; path = FAQViewController.swift; sourceTree = "<group>"; };
		6584B28729C6AB4300E3AD7E /* FAQ1ViewController.swift */ = {isa = PBXFileReference; lastKnownFileType = sourcecode.swift; path = FAQ1ViewController.swift; sourceTree = "<group>"; };
		6587F35A298AF37200EF5100 /* LoadingConfirmationViewController.swift */ = {isa = PBXFileReference; lastKnownFileType = sourcecode.swift; path = LoadingConfirmationViewController.swift; sourceTree = "<group>"; };
		6587F35D298AFAB500EF5100 /* MainNavigationController.swift */ = {isa = PBXFileReference; lastKnownFileType = sourcecode.swift; path = MainNavigationController.swift; sourceTree = "<group>"; };
		6597D0BD2992C3AF00485932 /* OpenSans-SemiBold.ttf */ = {isa = PBXFileReference; lastKnownFileType = file; path = "OpenSans-SemiBold.ttf"; sourceTree = "<group>"; };
		6597D0BE2992C3AF00485932 /* OpenSans-Light.ttf */ = {isa = PBXFileReference; lastKnownFileType = file; path = "OpenSans-Light.ttf"; sourceTree = "<group>"; };
		6597D0BF2992C3AF00485932 /* OpenSans-Italic.ttf */ = {isa = PBXFileReference; lastKnownFileType = file; path = "OpenSans-Italic.ttf"; sourceTree = "<group>"; };
		6597D0C02992C3AF00485932 /* OpenSans-MediumItalic.ttf */ = {isa = PBXFileReference; lastKnownFileType = file; path = "OpenSans-MediumItalic.ttf"; sourceTree = "<group>"; };
		6597D0C12992C3AF00485932 /* OpenSans-ExtraBold.ttf */ = {isa = PBXFileReference; lastKnownFileType = file; path = "OpenSans-ExtraBold.ttf"; sourceTree = "<group>"; };
		6597D0C22992C3AF00485932 /* OpenSans-LightItalic.ttf */ = {isa = PBXFileReference; lastKnownFileType = file; path = "OpenSans-LightItalic.ttf"; sourceTree = "<group>"; };
		6597D0C32992C3AF00485932 /* OpenSans-Bold.ttf */ = {isa = PBXFileReference; lastKnownFileType = file; path = "OpenSans-Bold.ttf"; sourceTree = "<group>"; };
		6597D0C42992C3AF00485932 /* OpenSans-SemiBoldItalic.ttf */ = {isa = PBXFileReference; lastKnownFileType = file; path = "OpenSans-SemiBoldItalic.ttf"; sourceTree = "<group>"; };
		6597D0C52992C3AF00485932 /* OpenSans-Medium.ttf */ = {isa = PBXFileReference; lastKnownFileType = file; path = "OpenSans-Medium.ttf"; sourceTree = "<group>"; };
		6597D0C62992C3AF00485932 /* OpenSans-ExtraBoldItalic.ttf */ = {isa = PBXFileReference; lastKnownFileType = file; path = "OpenSans-ExtraBoldItalic.ttf"; sourceTree = "<group>"; };
		6597D0C72992C3AF00485932 /* OpenSans-Regular.ttf */ = {isa = PBXFileReference; lastKnownFileType = file; path = "OpenSans-Regular.ttf"; sourceTree = "<group>"; };
		6597D0C82992C3AF00485932 /* OpenSans-BoldItalic.ttf */ = {isa = PBXFileReference; lastKnownFileType = file; path = "OpenSans-BoldItalic.ttf"; sourceTree = "<group>"; };
		659DF60C29B6FC1E00FEF0F3 /* AccountInformationViewController.swift */ = {isa = PBXFileReference; lastKnownFileType = sourcecode.swift; path = AccountInformationViewController.swift; sourceTree = "<group>"; };
		65A646F5299C1E8000262DB8 /* CheckBox.swift */ = {isa = PBXFileReference; lastKnownFileType = sourcecode.swift; path = CheckBox.swift; sourceTree = "<group>"; };
		65A646FA299C85AC00262DB8 /* Auth0.plist */ = {isa = PBXFileReference; lastKnownFileType = text.plist.xml; path = Auth0.plist; sourceTree = "<group>"; };
		65AB2A6229AB083B002B3D1B /* .gitignore */ = {isa = PBXFileReference; fileEncoding = 4; lastKnownFileType = text; path = .gitignore; sourceTree = "<group>"; };
		65C28FC62988BA1D00A3BBEE /* LoginViewController.swift */ = {isa = PBXFileReference; lastKnownFileType = sourcecode.swift; path = LoginViewController.swift; sourceTree = "<group>"; };
		65C28FCB2988BB6500A3BBEE /* UIViewController+.swift */ = {isa = PBXFileReference; lastKnownFileType = sourcecode.swift; path = "UIViewController+.swift"; sourceTree = "<group>"; };
		65CE01102991971F00772FCA /* CreateAccountViewController.swift */ = {isa = PBXFileReference; lastKnownFileType = sourcecode.swift; path = CreateAccountViewController.swift; sourceTree = "<group>"; };
		65D1AF6429B45D3B00B4581D /* DashboardMenuViewController.swift */ = {isa = PBXFileReference; lastKnownFileType = sourcecode.swift; path = DashboardMenuViewController.swift; sourceTree = "<group>"; };
		65D25EBB29B28D00009AA27D /* UITapGestureRecognizer+.swift */ = {isa = PBXFileReference; lastKnownFileType = sourcecode.swift; path = "UITapGestureRecognizer+.swift"; sourceTree = "<group>"; };
		65D29D552992F1B300D14140 /* UITextField+.swift */ = {isa = PBXFileReference; lastKnownFileType = sourcecode.swift; path = "UITextField+.swift"; sourceTree = "<group>"; };
		65DC4A3A29BFADF700DCD554 /* HeaderCollectionReusableView.swift */ = {isa = PBXFileReference; lastKnownFileType = sourcecode.swift; path = HeaderCollectionReusableView.swift; sourceTree = "<group>"; };
		65DC4A3B29BFADF700DCD554 /* HeaderCollectionReusableView.xib */ = {isa = PBXFileReference; lastKnownFileType = file.xib; path = HeaderCollectionReusableView.xib; sourceTree = "<group>"; };
		65DE1B4829BD887C00C7D3E8 /* Items.swift */ = {isa = PBXFileReference; lastKnownFileType = sourcecode.swift; path = Items.swift; sourceTree = "<group>"; };
		65DE1B4A29BD891200C7D3E8 /* FlowLayoutViewModel.swift */ = {isa = PBXFileReference; lastKnownFileType = sourcecode.swift; path = FlowLayoutViewModel.swift; sourceTree = "<group>"; };
		65DE1B4F29BD97A900C7D3E8 /* ItemCollectionViewCell.swift */ = {isa = PBXFileReference; lastKnownFileType = sourcecode.swift; path = ItemCollectionViewCell.swift; sourceTree = "<group>"; };
		65DE1B5029BD97A900C7D3E8 /* ItemCollectionViewCell.xib */ = {isa = PBXFileReference; lastKnownFileType = file.xib; path = ItemCollectionViewCell.xib; sourceTree = "<group>"; };
		65E0B3012996E48000A85CBB /* EmailVerificationSentViewController.swift */ = {isa = PBXFileReference; lastKnownFileType = sourcecode.swift; path = EmailVerificationSentViewController.swift; sourceTree = "<group>"; };
		65E7DE1E299D4ADE00926A1F /* Auth0Manager.swift */ = {isa = PBXFileReference; lastKnownFileType = sourcecode.swift; path = Auth0Manager.swift; sourceTree = "<group>"; };
		65E7DE22299D722B00926A1F /* Users.swift */ = {isa = PBXFileReference; lastKnownFileType = sourcecode.swift; path = Users.swift; sourceTree = "<group>"; };
		65E8A0D3299EA523009D70A0 /* String+.swift */ = {isa = PBXFileReference; lastKnownFileType = sourcecode.swift; path = "String+.swift"; sourceTree = "<group>"; };
		65E90FEA2988CD8000ACDC0C /* Button.swift */ = {isa = PBXFileReference; lastKnownFileType = sourcecode.swift; path = Button.swift; sourceTree = "<group>"; };
		65EBA0BD298A1E5200202C02 /* ForgotPasswordViewController.swift */ = {isa = PBXFileReference; lastKnownFileType = sourcecode.swift; path = ForgotPasswordViewController.swift; sourceTree = "<group>"; };
		65EFDFEC29C6C67A000F3E7E /* FAQ2ViewController.swift */ = {isa = PBXFileReference; lastKnownFileType = sourcecode.swift; path = FAQ2ViewController.swift; sourceTree = "<group>"; };
		65EFDFEE29C6C694000F3E7E /* FAQ3ViewController.swift */ = {isa = PBXFileReference; lastKnownFileType = sourcecode.swift; path = FAQ3ViewController.swift; sourceTree = "<group>"; };
		65EFDFF029C6C6A6000F3E7E /* FAQ4ViewController.swift */ = {isa = PBXFileReference; lastKnownFileType = sourcecode.swift; path = FAQ4ViewController.swift; sourceTree = "<group>"; };
		65EFDFF229C6C6B5000F3E7E /* FAQ5ViewController.swift */ = {isa = PBXFileReference; lastKnownFileType = sourcecode.swift; path = FAQ5ViewController.swift; sourceTree = "<group>"; };
		65F41E0829BBA7D500C1C08A /* CreatePasswordViewController.swift */ = {isa = PBXFileReference; lastKnownFileType = sourcecode.swift; path = CreatePasswordViewController.swift; sourceTree = "<group>"; };
		65F9BF8229AD167800FADB2B /* SecureTextFieldWithLabel.swift */ = {isa = PBXFileReference; lastKnownFileType = sourcecode.swift; path = SecureTextFieldWithLabel.swift; sourceTree = "<group>"; };
/* End PBXFileReference section */

/* Begin PBXFrameworksBuildPhase section */
		6568E0F82988AACF001482AB /* Frameworks */ = {
			isa = PBXFrameworksBuildPhase;
			buildActionMask = 2147483647;
			files = (
				65A646F9299C854D00262DB8 /* Auth0 in Frameworks */,
			);
			runOnlyForDeploymentPostprocessing = 0;
		};
/* End PBXFrameworksBuildPhase section */

/* Begin PBXGroup section */
		6506DA6E29CA397400038AF8 /* CustomButton */ = {
			isa = PBXGroup;
			children = (
				6506DA6F29CA398400038AF8 /* FloatingButton.swift */,
			);
			path = CustomButton;
			sourceTree = "<group>";
		};
		6543314829C22EFB008D7728 /* CustomAlert */ = {
			isa = PBXGroup;
			children = (
				6543314F29C230D3008D7728 /* CustomAlertViewController.swift */,
			);
			path = CustomAlert;
			sourceTree = "<group>";
		};
		654444BF29AD5FBC00E61F69 /* Coordinator */ = {
			isa = PBXGroup;
			children = (
				654444D029AF26C800E61F69 /* Storyboard */,
				654444C229AD60E300E61F69 /* MainCoordinator.swift */,
				654444C029AD5FD500E61F69 /* Coordinator.swift */,
			);
			path = Coordinator;
			sourceTree = "<group>";
		};
		654444D029AF26C800E61F69 /* Storyboard */ = {
			isa = PBXGroup;
			children = (
				654444CA29AF1F3E00E61F69 /* DashboardStoryboard.swift */,
				654444C429AD63C900E61F69 /* LoginStoryboard.swift */,
			);
			path = Storyboard;
			sourceTree = "<group>";
		};
		6556049C29C4F16300B8B20A /* ListingViewTile */ = {
			isa = PBXGroup;
			children = (
				6556049F29C4F2F000B8B20A /* ListingViewTile.swift */,
				655604A129C4F2FC00B8B20A /* ListingViewTile.xib */,
			);
			path = ListingViewTile;
			sourceTree = "<group>";
		};
		6557135829C8EBDE00D60584 /* NotificationViewTile */ = {
			isa = PBXGroup;
			children = (
				6557135929C8EBF300D60584 /* NotificationViewTile.swift */,
				6557135B29C8EC0800D60584 /* NotificationViewTile.xib */,
			);
			path = NotificationViewTile;
			sourceTree = "<group>";
		};
		6568E0F22988AACF001482AB = {
			isa = PBXGroup;
			children = (
				6568E0FD2988AACF001482AB /* MKTFY */,
				6568E0FC2988AACF001482AB /* Products */,
				65AB2A6229AB083B002B3D1B /* .gitignore */,
			);
			sourceTree = "<group>";
		};
		6568E0FC2988AACF001482AB /* Products */ = {
			isa = PBXGroup;
			children = (
				6568E0FB2988AACF001482AB /* MKTFY.app */,
			);
			name = Products;
			sourceTree = "<group>";
		};
		6568E0FD2988AACF001482AB /* MKTFY */ = {
			isa = PBXGroup;
			children = (
				654444BF29AD5FBC00E61F69 /* Coordinator */,
				6568E1122988AF44001482AB /* Helps */,
				6568E1152988B850001482AB /* Interface */,
				65F846E7299C88090056B675 /* Models */,
				65C28FC52988BA0D00A3BBEE /* ViewControllers */,
				65DE1B4C29BD893000C7D3E8 /* ViewModel */,
				65E90FE92988CD5F00ACDC0C /* Views */,
				6597D0BC2992C3AF00485932 /* OpenSans */,
				6568E0FE2988AACF001482AB /* AppDelegate.swift */,
				6568E1002988AACF001482AB /* SceneDelegate.swift */,
				6568E1072988AACF001482AB /* Assets.xcassets */,
				6568E1092988AACF001482AB /* LaunchScreen.storyboard */,
				6568E10C2988AACF001482AB /* Info.plist */,
				65A646FA299C85AC00262DB8 /* Auth0.plist */,
			);
			path = MKTFY;
			sourceTree = "<group>";
		};
		6568E1122988AF44001482AB /* Helps */ = {
			isa = PBXGroup;
			children = (
				6568E1132988AF50001482AB /* UIColor+.swift */,
				65C28FCB2988BB6500A3BBEE /* UIViewController+.swift */,
				653F2400298CBE7A0053C5E1 /* UIImage+.swift */,
				65D29D552992F1B300D14140 /* UITextField+.swift */,
				65D25EBB29B28D00009AA27D /* UITapGestureRecognizer+.swift */,
				65E8A0D3299EA523009D70A0 /* String+.swift */,
				65A646F5299C1E8000262DB8 /* CheckBox.swift */,
			);
			path = Helps;
			sourceTree = "<group>";
		};
		6568E1152988B850001482AB /* Interface */ = {
			isa = PBXGroup;
			children = (
				658145B12992047100BC9067 /* Main.storyboard */,
				6568E1162988B860001482AB /* Login.storyboard */,
				65613B1029A5E04A0002B90F /* Dashboard.storyboard */,
			);
			path = Interface;
			sourceTree = "<group>";
		};
		658145A32991B12300BC9067 /* CustomTextField */ = {
			isa = PBXGroup;
			children = (
				658145A42991B13000BC9067 /* TextFieldWithError.swift */,
				658145A62991B13C00BC9067 /* TextFieldWithError.xib */,
				6547D4D52992E0F700701044 /* SecureTextField.swift */,
				6547D4D32992E0EB00701044 /* SecureTextField.xib */,
				65F9BF8229AD167800FADB2B /* SecureTextFieldWithLabel.swift */,
				6500C7EC29AD1963008EBA01 /* SecureTextFieldWithLabel.xib */,
			);
			path = CustomTextField;
			sourceTree = "<group>";
		};
		658145A82991B27300BC9067 /* Base */ = {
			isa = PBXGroup;
			children = (
				658145A92991B27B00BC9067 /* LPView.swift */,
			);
			path = Base;
			sourceTree = "<group>";
		};
		6584B28629C6AB2500E3AD7E /* FAQViewController */ = {
			isa = PBXGroup;
			children = (
				6584B28429C6A48B00E3AD7E /* FAQViewController.swift */,
				6584B28729C6AB4300E3AD7E /* FAQ1ViewController.swift */,
				65EFDFEC29C6C67A000F3E7E /* FAQ2ViewController.swift */,
				65EFDFEE29C6C694000F3E7E /* FAQ3ViewController.swift */,
				65EFDFF029C6C6A6000F3E7E /* FAQ4ViewController.swift */,
				65EFDFF229C6C6B5000F3E7E /* FAQ5ViewController.swift */,
			);
			path = FAQViewController;
			sourceTree = "<group>";
		};
		6587F35C298AFA9E00EF5100 /* MainController */ = {
			isa = PBXGroup;
			children = (
				6587F35D298AFAB500EF5100 /* MainNavigationController.swift */,
				658145AD299201C100BC9067 /* MainViewController.swift */,
			);
			path = MainController;
			sourceTree = "<group>";
		};
		6597D0BC2992C3AF00485932 /* OpenSans */ = {
			isa = PBXGroup;
			children = (
				6597D0BD2992C3AF00485932 /* OpenSans-SemiBold.ttf */,
				6597D0BE2992C3AF00485932 /* OpenSans-Light.ttf */,
				6597D0BF2992C3AF00485932 /* OpenSans-Italic.ttf */,
				6597D0C02992C3AF00485932 /* OpenSans-MediumItalic.ttf */,
				6597D0C12992C3AF00485932 /* OpenSans-ExtraBold.ttf */,
				6597D0C22992C3AF00485932 /* OpenSans-LightItalic.ttf */,
				6597D0C32992C3AF00485932 /* OpenSans-Bold.ttf */,
				6597D0C42992C3AF00485932 /* OpenSans-SemiBoldItalic.ttf */,
				6597D0C52992C3AF00485932 /* OpenSans-Medium.ttf */,
				6597D0C62992C3AF00485932 /* OpenSans-ExtraBoldItalic.ttf */,
				6597D0C72992C3AF00485932 /* OpenSans-Regular.ttf */,
				6597D0C82992C3AF00485932 /* OpenSans-BoldItalic.ttf */,
			);
			path = OpenSans;
			sourceTree = "<group>";
		};
		65B8B4FA29AFD78700CB67CE /* Login */ = {
			isa = PBXGroup;
			children = (
				6587F35A298AF37200EF5100 /* LoadingConfirmationViewController.swift */,
				65C28FC62988BA1D00A3BBEE /* LoginViewController.swift */,
				65EBA0BD298A1E5200202C02 /* ForgotPasswordViewController.swift */,
				651218BB298AE30D000CEE52 /* ForgotPasswordVerificationViewController.swift */,
				65CE01102991971F00772FCA /* CreateAccountViewController.swift */,
				65F41E0829BBA7D500C1C08A /* CreatePasswordViewController.swift */,
				65E0B3012996E48000A85CBB /* EmailVerificationSentViewController.swift */,
				654444D129AFBF5D00E61F69 /* TermsOfServiceViewController.swift */,
				654444D329AFBF7700E61F69 /* PrivacyPolicyViewController.swift */,
			);
			path = Login;
			sourceTree = "<group>";
		};
		65B8B4FB29AFD79900CB67CE /* Dashboard */ = {
			isa = PBXGroup;
			children = (
				6584B28629C6AB2500E3AD7E /* FAQViewController */,
				65613AEE29A56DD30002B90F /* DashboardViewController.swift */,
				65D1AF6429B45D3B00B4581D /* DashboardMenuViewController.swift */,
				659DF60C29B6FC1E00FEF0F3 /* AccountInformationViewController.swift */,
				6543314629C226E4008D7728 /* CreateListingViewController.swift */,
				656F3C4729C6CB6300DFAAEC /* ContactUsViewController.swift */,
				656F3C4929C8282400DFAAEC /* NotificationViewController.swift */,
				656F3C4B29C8298700DFAAEC /* ChangePasswordViewController.swift */,
				656F3C4D29C829B100DFAAEC /* MyPurchasesViewController.swift */,
				656F3C4F29C829CA00DFAAEC /* MyListingViewController.swift */,
			);
			path = Dashboard;
			sourceTree = "<group>";
		};
		65C28FC52988BA0D00A3BBEE /* ViewControllers */ = {
			isa = PBXGroup;
			children = (
				65B8B4FB29AFD79900CB67CE /* Dashboard */,
				65B8B4FA29AFD78700CB67CE /* Login */,
				6587F35C298AFA9E00EF5100 /* MainController */,
			);
			path = ViewControllers;
			sourceTree = "<group>";
		};
		65DE1B4329BD862700C7D3E8 /* CollectionView */ = {
			isa = PBXGroup;
			children = (
				65449AA729BFB63800E13CF8 /* LPCollectionViewLayout.swift */,
				65DE1B4F29BD97A900C7D3E8 /* ItemCollectionViewCell.swift */,
				65DE1B5029BD97A900C7D3E8 /* ItemCollectionViewCell.xib */,
				65DC4A3A29BFADF700DCD554 /* HeaderCollectionReusableView.swift */,
				65DC4A3B29BFADF700DCD554 /* HeaderCollectionReusableView.xib */,
			);
			path = CollectionView;
			sourceTree = "<group>";
		};
		65DE1B4C29BD893000C7D3E8 /* ViewModel */ = {
			isa = PBXGroup;
			children = (
				65DE1B4A29BD891200C7D3E8 /* FlowLayoutViewModel.swift */,
			);
			path = ViewModel;
			sourceTree = "<group>";
		};
		65E90FE92988CD5F00ACDC0C /* Views */ = {
			isa = PBXGroup;
			children = (
				6557135829C8EBDE00D60584 /* NotificationViewTile */,
				6556049C29C4F16300B8B20A /* ListingViewTile */,
				6543314829C22EFB008D7728 /* CustomAlert */,
				6506DA6E29CA397400038AF8 /* CustomButton */,
				658145A32991B12300BC9067 /* CustomTextField */,
				65DE1B4329BD862700C7D3E8 /* CollectionView */,
				658145A82991B27300BC9067 /* Base */,
				65E90FEA2988CD8000ACDC0C /* Button.swift */,
			);
			path = Views;
			sourceTree = "<group>";
		};
		65F846E7299C88090056B675 /* Models */ = {
			isa = PBXGroup;
			children = (
				65E7DE1E299D4ADE00926A1F /* Auth0Manager.swift */,
				65E7DE22299D722B00926A1F /* Users.swift */,
				654444C629AF07BD00E61F69 /* Constant.swift */,
				654444C829AF18DC00E61F69 /* Auth0Error.swift */,
				65DE1B4829BD887C00C7D3E8 /* Items.swift */,
				6584B28229C6595200E3AD7E /* User.swift */,
			);
			path = Models;
			sourceTree = "<group>";
		};
/* End PBXGroup section */

/* Begin PBXNativeTarget section */
		6568E0FA2988AACF001482AB /* MKTFY */ = {
			isa = PBXNativeTarget;
			buildConfigurationList = 6568E10F2988AACF001482AB /* Build configuration list for PBXNativeTarget "MKTFY" */;
			buildPhases = (
				6568E0F72988AACF001482AB /* Sources */,
				6568E0F82988AACF001482AB /* Frameworks */,
				6568E0F92988AACF001482AB /* Resources */,
			);
			buildRules = (
			);
			dependencies = (
			);
			name = MKTFY;
			packageProductDependencies = (
				65A646F8299C854D00262DB8 /* Auth0 */,
			);
			productName = MKTFY;
			productReference = 6568E0FB2988AACF001482AB /* MKTFY.app */;
			productType = "com.apple.product-type.application";
		};
/* End PBXNativeTarget section */

/* Begin PBXProject section */
		6568E0F32988AACF001482AB /* Project object */ = {
			isa = PBXProject;
			attributes = {
				BuildIndependentTargetsInParallel = 1;
				LastSwiftUpdateCheck = 1420;
				LastUpgradeCheck = 1420;
				TargetAttributes = {
					6568E0FA2988AACF001482AB = {
						CreatedOnToolsVersion = 14.2;
					};
				};
			};
			buildConfigurationList = 6568E0F62988AACF001482AB /* Build configuration list for PBXProject "MKTFY" */;
			compatibilityVersion = "Xcode 14.0";
			developmentRegion = en;
			hasScannedForEncodings = 0;
			knownRegions = (
				en,
				Base,
			);
			mainGroup = 6568E0F22988AACF001482AB;
			packageReferences = (
				65A646F7299C854D00262DB8 /* XCRemoteSwiftPackageReference "Auth0" */,
			);
			productRefGroup = 6568E0FC2988AACF001482AB /* Products */;
			projectDirPath = "";
			projectRoot = "";
			targets = (
				6568E0FA2988AACF001482AB /* MKTFY */,
			);
		};
/* End PBXProject section */

/* Begin PBXResourcesBuildPhase section */
		6568E0F92988AACF001482AB /* Resources */ = {
			isa = PBXResourcesBuildPhase;
			buildActionMask = 2147483647;
			files = (
				6597D0D12992C3AF00485932 /* OpenSans-Medium.ttf in Resources */,
				6547D4D42992E0EB00701044 /* SecureTextField.xib in Resources */,
				658145A72991B13C00BC9067 /* TextFieldWithError.xib in Resources */,
				6557135C29C8EC0800D60584 /* NotificationViewTile.xib in Resources */,
				6597D0CC2992C3AF00485932 /* OpenSans-MediumItalic.ttf in Resources */,
				65AB2A6329AB083B002B3D1B /* .gitignore in Resources */,
				6597D0CF2992C3AF00485932 /* OpenSans-Bold.ttf in Resources */,
				6597D0D02992C3AF00485932 /* OpenSans-SemiBoldItalic.ttf in Resources */,
				6597D0CB2992C3AF00485932 /* OpenSans-Italic.ttf in Resources */,
				65DC4A3D29BFADF800DCD554 /* HeaderCollectionReusableView.xib in Resources */,
				6597D0D32992C3AF00485932 /* OpenSans-Regular.ttf in Resources */,
				6597D0D42992C3AF00485932 /* OpenSans-BoldItalic.ttf in Resources */,
				65DE1B5229BD97A900C7D3E8 /* ItemCollectionViewCell.xib in Resources */,
				6500C7ED29AD1963008EBA01 /* SecureTextFieldWithLabel.xib in Resources */,
				658145B22992047100BC9067 /* Main.storyboard in Resources */,
				6597D0D22992C3AF00485932 /* OpenSans-ExtraBoldItalic.ttf in Resources */,
				65613B1129A5E04A0002B90F /* Dashboard.storyboard in Resources */,
				6597D0CA2992C3AF00485932 /* OpenSans-Light.ttf in Resources */,
				655604A229C4F2FC00B8B20A /* ListingViewTile.xib in Resources */,
				6597D0CE2992C3AF00485932 /* OpenSans-LightItalic.ttf in Resources */,
				6568E10B2988AACF001482AB /* LaunchScreen.storyboard in Resources */,
				6568E1082988AACF001482AB /* Assets.xcassets in Resources */,
				65A646FB299C85AC00262DB8 /* Auth0.plist in Resources */,
				6597D0C92992C3AF00485932 /* OpenSans-SemiBold.ttf in Resources */,
				6568E1172988B860001482AB /* Login.storyboard in Resources */,
				6597D0CD2992C3AF00485932 /* OpenSans-ExtraBold.ttf in Resources */,
			);
			runOnlyForDeploymentPostprocessing = 0;
		};
/* End PBXResourcesBuildPhase section */

/* Begin PBXSourcesBuildPhase section */
		6568E0F72988AACF001482AB /* Sources */ = {
			isa = PBXSourcesBuildPhase;
			buildActionMask = 2147483647;
			files = (
				65613AEF29A56DD30002B90F /* DashboardViewController.swift in Sources */,
				654444C129AD5FD500E61F69 /* Coordinator.swift in Sources */,
				658145A52991B13000BC9067 /* TextFieldWithError.swift in Sources */,
				655604A029C4F2F000B8B20A /* ListingViewTile.swift in Sources */,
				65D25EBC29B28D00009AA27D /* UITapGestureRecognizer+.swift in Sources */,
				654444D229AFBF5D00E61F69 /* TermsOfServiceViewController.swift in Sources */,
				6587F35E298AFAB500EF5100 /* MainNavigationController.swift in Sources */,
				656F3C4829C6CB6300DFAAEC /* ContactUsViewController.swift in Sources */,
				65C28FCC2988BB6500A3BBEE /* UIViewController+.swift in Sources */,
				651218BC298AE30D000CEE52 /* ForgotPasswordVerificationViewController.swift in Sources */,
				65DC4A3C29BFADF700DCD554 /* HeaderCollectionReusableView.swift in Sources */,
				6543314729C226E4008D7728 /* CreateListingViewController.swift in Sources */,
				659DF60D29B6FC1E00FEF0F3 /* AccountInformationViewController.swift in Sources */,
				6568E1142988AF50001482AB /* UIColor+.swift in Sources */,
				65D1AF6529B45D3B00B4581D /* DashboardMenuViewController.swift in Sources */,
				654444C729AF07BD00E61F69 /* Constant.swift in Sources */,
				6587F35B298AF37200EF5100 /* LoadingConfirmationViewController.swift in Sources */,
				65E7DE23299D722B00926A1F /* Users.swift in Sources */,
				65CE01112991971F00772FCA /* CreateAccountViewController.swift in Sources */,
				6506DA7029CA398400038AF8 /* FloatingButton.swift in Sources */,
				654444C929AF18DC00E61F69 /* Auth0Error.swift in Sources */,
				654444D429AFBF7700E61F69 /* PrivacyPolicyViewController.swift in Sources */,
				65E8A0D4299EA523009D70A0 /* String+.swift in Sources */,
				65F41E0929BBA7D500C1C08A /* CreatePasswordViewController.swift in Sources */,
				658145AE299201C100BC9067 /* MainViewController.swift in Sources */,
				6584B28329C6595200E3AD7E /* User.swift in Sources */,
				65E7DE1F299D4ADE00926A1F /* Auth0Manager.swift in Sources */,
				654444CB29AF1F3E00E61F69 /* DashboardStoryboard.swift in Sources */,
				65E90FEB2988CD8000ACDC0C /* Button.swift in Sources */,
				65EFDFF329C6C6B5000F3E7E /* FAQ5ViewController.swift in Sources */,
				6568E0FF2988AACF001482AB /* AppDelegate.swift in Sources */,
				656F3C4E29C829B100DFAAEC /* MyPurchasesViewController.swift in Sources */,
				65EFDFED29C6C67A000F3E7E /* FAQ2ViewController.swift in Sources */,
				65F9BF8329AD167800FADB2B /* SecureTextFieldWithLabel.swift in Sources */,
				65DE1B5129BD97A900C7D3E8 /* ItemCollectionViewCell.swift in Sources */,
				6543315129C230D3008D7728 /* CustomAlertViewController.swift in Sources */,
				6547D4D62992E0F700701044 /* SecureTextField.swift in Sources */,
				65DE1B4929BD887C00C7D3E8 /* Items.swift in Sources */,
				654444C529AD63C900E61F69 /* LoginStoryboard.swift in Sources */,
				65EFDFEF29C6C694000F3E7E /* FAQ3ViewController.swift in Sources */,
				654444C329AD60E300E61F69 /* MainCoordinator.swift in Sources */,
				656F3C4C29C8298700DFAAEC /* ChangePasswordViewController.swift in Sources */,
				65EBA0BE298A1E5200202C02 /* ForgotPasswordViewController.swift in Sources */,
				6584B28829C6AB4300E3AD7E /* FAQ1ViewController.swift in Sources */,
				65C28FC72988BA1D00A3BBEE /* LoginViewController.swift in Sources */,
				653F2401298CBE7A0053C5E1 /* UIImage+.swift in Sources */,
				65DE1B4B29BD891200C7D3E8 /* FlowLayoutViewModel.swift in Sources */,
				65E0B3022996E48000A85CBB /* EmailVerificationSentViewController.swift in Sources */,
				656F3C5029C829CA00DFAAEC /* MyListingViewController.swift in Sources */,
				656F3C4A29C8282400DFAAEC /* NotificationViewController.swift in Sources */,
				65A646F6299C1E8000262DB8 /* CheckBox.swift in Sources */,
				6584B28529C6A48B00E3AD7E /* FAQViewController.swift in Sources */,
				658145AA2991B27B00BC9067 /* LPView.swift in Sources */,
				65449AA829BFB63800E13CF8 /* LPCollectionViewLayout.swift in Sources */,
				65D29D562992F1B300D14140 /* UITextField+.swift in Sources */,
				65EFDFF129C6C6A6000F3E7E /* FAQ4ViewController.swift in Sources */,
				6568E1012988AACF001482AB /* SceneDelegate.swift in Sources */,
				6557135A29C8EBF300D60584 /* NotificationViewTile.swift in Sources */,
			);
			runOnlyForDeploymentPostprocessing = 0;
		};
/* End PBXSourcesBuildPhase section */

/* Begin PBXVariantGroup section */
		6568E1092988AACF001482AB /* LaunchScreen.storyboard */ = {
			isa = PBXVariantGroup;
			children = (
				6568E10A2988AACF001482AB /* Base */,
			);
			name = LaunchScreen.storyboard;
			sourceTree = "<group>";
		};
/* End PBXVariantGroup section */

/* Begin XCBuildConfiguration section */
		6568E10D2988AACF001482AB /* Debug */ = {
			isa = XCBuildConfiguration;
			buildSettings = {
				ALWAYS_SEARCH_USER_PATHS = NO;
				CLANG_ANALYZER_NONNULL = YES;
				CLANG_ANALYZER_NUMBER_OBJECT_CONVERSION = YES_AGGRESSIVE;
				CLANG_CXX_LANGUAGE_STANDARD = "gnu++20";
				CLANG_ENABLE_MODULES = YES;
				CLANG_ENABLE_OBJC_ARC = YES;
				CLANG_ENABLE_OBJC_WEAK = YES;
				CLANG_WARN_BLOCK_CAPTURE_AUTORELEASING = YES;
				CLANG_WARN_BOOL_CONVERSION = YES;
				CLANG_WARN_COMMA = YES;
				CLANG_WARN_CONSTANT_CONVERSION = YES;
				CLANG_WARN_DEPRECATED_OBJC_IMPLEMENTATIONS = YES;
				CLANG_WARN_DIRECT_OBJC_ISA_USAGE = YES_ERROR;
				CLANG_WARN_DOCUMENTATION_COMMENTS = YES;
				CLANG_WARN_EMPTY_BODY = YES;
				CLANG_WARN_ENUM_CONVERSION = YES;
				CLANG_WARN_INFINITE_RECURSION = YES;
				CLANG_WARN_INT_CONVERSION = YES;
				CLANG_WARN_NON_LITERAL_NULL_CONVERSION = YES;
				CLANG_WARN_OBJC_IMPLICIT_RETAIN_SELF = YES;
				CLANG_WARN_OBJC_LITERAL_CONVERSION = YES;
				CLANG_WARN_OBJC_ROOT_CLASS = YES_ERROR;
				CLANG_WARN_QUOTED_INCLUDE_IN_FRAMEWORK_HEADER = YES;
				CLANG_WARN_RANGE_LOOP_ANALYSIS = YES;
				CLANG_WARN_STRICT_PROTOTYPES = YES;
				CLANG_WARN_SUSPICIOUS_MOVE = YES;
				CLANG_WARN_UNGUARDED_AVAILABILITY = YES_AGGRESSIVE;
				CLANG_WARN_UNREACHABLE_CODE = YES;
				CLANG_WARN__DUPLICATE_METHOD_MATCH = YES;
				COPY_PHASE_STRIP = NO;
				DEBUG_INFORMATION_FORMAT = dwarf;
				ENABLE_STRICT_OBJC_MSGSEND = YES;
				ENABLE_TESTABILITY = YES;
				GCC_C_LANGUAGE_STANDARD = gnu11;
				GCC_DYNAMIC_NO_PIC = NO;
				GCC_NO_COMMON_BLOCKS = YES;
				GCC_OPTIMIZATION_LEVEL = 0;
				GCC_PREPROCESSOR_DEFINITIONS = (
					"DEBUG=1",
					"$(inherited)",
				);
				GCC_WARN_64_TO_32_BIT_CONVERSION = YES;
				GCC_WARN_ABOUT_RETURN_TYPE = YES_ERROR;
				GCC_WARN_UNDECLARED_SELECTOR = YES;
				GCC_WARN_UNINITIALIZED_AUTOS = YES_AGGRESSIVE;
				GCC_WARN_UNUSED_FUNCTION = YES;
				GCC_WARN_UNUSED_VARIABLE = YES;
				IPHONEOS_DEPLOYMENT_TARGET = 16.2;
				MTL_ENABLE_DEBUG_INFO = INCLUDE_SOURCE;
				MTL_FAST_MATH = YES;
				ONLY_ACTIVE_ARCH = YES;
				SDKROOT = iphoneos;
				SWIFT_ACTIVE_COMPILATION_CONDITIONS = DEBUG;
				SWIFT_OPTIMIZATION_LEVEL = "-Onone";
			};
			name = Debug;
		};
		6568E10E2988AACF001482AB /* Release */ = {
			isa = XCBuildConfiguration;
			buildSettings = {
				ALWAYS_SEARCH_USER_PATHS = NO;
				CLANG_ANALYZER_NONNULL = YES;
				CLANG_ANALYZER_NUMBER_OBJECT_CONVERSION = YES_AGGRESSIVE;
				CLANG_CXX_LANGUAGE_STANDARD = "gnu++20";
				CLANG_ENABLE_MODULES = YES;
				CLANG_ENABLE_OBJC_ARC = YES;
				CLANG_ENABLE_OBJC_WEAK = YES;
				CLANG_WARN_BLOCK_CAPTURE_AUTORELEASING = YES;
				CLANG_WARN_BOOL_CONVERSION = YES;
				CLANG_WARN_COMMA = YES;
				CLANG_WARN_CONSTANT_CONVERSION = YES;
				CLANG_WARN_DEPRECATED_OBJC_IMPLEMENTATIONS = YES;
				CLANG_WARN_DIRECT_OBJC_ISA_USAGE = YES_ERROR;
				CLANG_WARN_DOCUMENTATION_COMMENTS = YES;
				CLANG_WARN_EMPTY_BODY = YES;
				CLANG_WARN_ENUM_CONVERSION = YES;
				CLANG_WARN_INFINITE_RECURSION = YES;
				CLANG_WARN_INT_CONVERSION = YES;
				CLANG_WARN_NON_LITERAL_NULL_CONVERSION = YES;
				CLANG_WARN_OBJC_IMPLICIT_RETAIN_SELF = YES;
				CLANG_WARN_OBJC_LITERAL_CONVERSION = YES;
				CLANG_WARN_OBJC_ROOT_CLASS = YES_ERROR;
				CLANG_WARN_QUOTED_INCLUDE_IN_FRAMEWORK_HEADER = YES;
				CLANG_WARN_RANGE_LOOP_ANALYSIS = YES;
				CLANG_WARN_STRICT_PROTOTYPES = YES;
				CLANG_WARN_SUSPICIOUS_MOVE = YES;
				CLANG_WARN_UNGUARDED_AVAILABILITY = YES_AGGRESSIVE;
				CLANG_WARN_UNREACHABLE_CODE = YES;
				CLANG_WARN__DUPLICATE_METHOD_MATCH = YES;
				COPY_PHASE_STRIP = NO;
				DEBUG_INFORMATION_FORMAT = "dwarf-with-dsym";
				ENABLE_NS_ASSERTIONS = NO;
				ENABLE_STRICT_OBJC_MSGSEND = YES;
				GCC_C_LANGUAGE_STANDARD = gnu11;
				GCC_NO_COMMON_BLOCKS = YES;
				GCC_WARN_64_TO_32_BIT_CONVERSION = YES;
				GCC_WARN_ABOUT_RETURN_TYPE = YES_ERROR;
				GCC_WARN_UNDECLARED_SELECTOR = YES;
				GCC_WARN_UNINITIALIZED_AUTOS = YES_AGGRESSIVE;
				GCC_WARN_UNUSED_FUNCTION = YES;
				GCC_WARN_UNUSED_VARIABLE = YES;
				IPHONEOS_DEPLOYMENT_TARGET = 16.2;
				MTL_ENABLE_DEBUG_INFO = NO;
				MTL_FAST_MATH = YES;
				SDKROOT = iphoneos;
				SWIFT_COMPILATION_MODE = wholemodule;
				SWIFT_OPTIMIZATION_LEVEL = "-O";
				VALIDATE_PRODUCT = YES;
			};
			name = Release;
		};
		6568E1102988AACF001482AB /* Debug */ = {
			isa = XCBuildConfiguration;
			buildSettings = {
				ASSETCATALOG_COMPILER_APPICON_NAME = AppIcon;
				ASSETCATALOG_COMPILER_GLOBAL_ACCENT_COLOR_NAME = AccentColor;
				CODE_SIGN_STYLE = Automatic;
				CURRENT_PROJECT_VERSION = 1;
				DEVELOPMENT_TEAM = U7J6A6CHGG;
				GENERATE_INFOPLIST_FILE = YES;
				INFOPLIST_FILE = MKTFY/Info.plist;
				INFOPLIST_KEY_UIApplicationSupportsIndirectInputEvents = YES;
				INFOPLIST_KEY_UILaunchStoryboardName = LaunchScreen;
				INFOPLIST_KEY_UIMainStoryboardFile = Main;
				INFOPLIST_KEY_UISupportedInterfaceOrientations_iPad = "UIInterfaceOrientationPortrait UIInterfaceOrientationPortraitUpsideDown UIInterfaceOrientationLandscapeLeft UIInterfaceOrientationLandscapeRight";
				INFOPLIST_KEY_UISupportedInterfaceOrientations_iPhone = "UIInterfaceOrientationPortrait UIInterfaceOrientationLandscapeLeft UIInterfaceOrientationLandscapeRight";
				LD_RUNPATH_SEARCH_PATHS = (
					"$(inherited)",
					"@executable_path/Frameworks",
				);
				MARKETING_VERSION = 1.0;
				PRODUCT_BUNDLE_IDENTIFIER = derekkim.MKTFY;
				PRODUCT_NAME = "$(TARGET_NAME)";
				SWIFT_EMIT_LOC_STRINGS = YES;
				SWIFT_VERSION = 5.0;
				TARGETED_DEVICE_FAMILY = "1,2";
			};
			name = Debug;
		};
		6568E1112988AACF001482AB /* Release */ = {
			isa = XCBuildConfiguration;
			buildSettings = {
				ASSETCATALOG_COMPILER_APPICON_NAME = AppIcon;
				ASSETCATALOG_COMPILER_GLOBAL_ACCENT_COLOR_NAME = AccentColor;
				CODE_SIGN_STYLE = Automatic;
				CURRENT_PROJECT_VERSION = 1;
				DEVELOPMENT_TEAM = U7J6A6CHGG;
				GENERATE_INFOPLIST_FILE = YES;
				INFOPLIST_FILE = MKTFY/Info.plist;
				INFOPLIST_KEY_UIApplicationSupportsIndirectInputEvents = YES;
				INFOPLIST_KEY_UILaunchStoryboardName = LaunchScreen;
				INFOPLIST_KEY_UIMainStoryboardFile = Main;
				INFOPLIST_KEY_UISupportedInterfaceOrientations_iPad = "UIInterfaceOrientationPortrait UIInterfaceOrientationPortraitUpsideDown UIInterfaceOrientationLandscapeLeft UIInterfaceOrientationLandscapeRight";
				INFOPLIST_KEY_UISupportedInterfaceOrientations_iPhone = "UIInterfaceOrientationPortrait UIInterfaceOrientationLandscapeLeft UIInterfaceOrientationLandscapeRight";
				LD_RUNPATH_SEARCH_PATHS = (
					"$(inherited)",
					"@executable_path/Frameworks",
				);
				MARKETING_VERSION = 1.0;
				PRODUCT_BUNDLE_IDENTIFIER = derekkim.MKTFY;
				PRODUCT_NAME = "$(TARGET_NAME)";
				SWIFT_EMIT_LOC_STRINGS = YES;
				SWIFT_VERSION = 5.0;
				TARGETED_DEVICE_FAMILY = "1,2";
			};
			name = Release;
		};
/* End XCBuildConfiguration section */

/* Begin XCConfigurationList section */
		6568E0F62988AACF001482AB /* Build configuration list for PBXProject "MKTFY" */ = {
			isa = XCConfigurationList;
			buildConfigurations = (
				6568E10D2988AACF001482AB /* Debug */,
				6568E10E2988AACF001482AB /* Release */,
			);
			defaultConfigurationIsVisible = 0;
			defaultConfigurationName = Release;
		};
		6568E10F2988AACF001482AB /* Build configuration list for PBXNativeTarget "MKTFY" */ = {
			isa = XCConfigurationList;
			buildConfigurations = (
				6568E1102988AACF001482AB /* Debug */,
				6568E1112988AACF001482AB /* Release */,
			);
			defaultConfigurationIsVisible = 0;
			defaultConfigurationName = Release;
		};
/* End XCConfigurationList section */

/* Begin XCRemoteSwiftPackageReference section */
		65A646F7299C854D00262DB8 /* XCRemoteSwiftPackageReference "Auth0" */ = {
			isa = XCRemoteSwiftPackageReference;
			repositoryURL = "https://github.com/auth0/Auth0.swift";
			requirement = {
				kind = upToNextMajorVersion;
				minimumVersion = 2.0.0;
			};
		};
/* End XCRemoteSwiftPackageReference section */

/* Begin XCSwiftPackageProductDependency section */
		65A646F8299C854D00262DB8 /* Auth0 */ = {
			isa = XCSwiftPackageProductDependency;
			package = 65A646F7299C854D00262DB8 /* XCRemoteSwiftPackageReference "Auth0" */;
			productName = Auth0;
		};
/* End XCSwiftPackageProductDependency section */
	};
	rootObject = 6568E0F32988AACF001482AB /* Project object */;
}
